<?xml version="1.0" encoding="utf-8"?>
<Project ToolsVersion="4.0" xmlns="http://schemas.microsoft.com/developer/msbuild/2003">
  <ItemGroup>
    <Filter Include="Source files">
      <UniqueIdentifier>{80D8AE61-0C5E-08BE-0C51-887B335057B2}</UniqueIdentifier>
    </Filter>
    <Filter Include="Header files">
      <UniqueIdentifier>{AD925CC6-18D9-14C8-0C30-142E1FE02787}</UniqueIdentifier>
    </Filter>
    <Filter Include="Source files\OpenGlTest">
      <UniqueIdentifier>{431DD9E5-0990-0A4F-0631-D4508FF4E881}</UniqueIdentifier>
    </Filter>
    <Filter Include="Header files\OpenGlTest">
      <UniqueIdentifier>{CCA8A0A5-1070-0BFC-010A-BD4751953EB6}</UniqueIdentifier>
    </Filter>
  </ItemGroup>
  <ItemGroup>
    <ClCompile Include="..\..\..\src\OpenGlTest\OpenGlTest.cxx">
      <Filter>Source files\OpenGlTest</Filter>
    </ClCompile>
    <ClCompile Include="..\..\..\src\OpenGlTest\OpenGlTest_Commands.cxx">
      <Filter>Source files\OpenGlTest</Filter>
    </ClCompile>
  </ItemGroup>
  <ItemGroup>
    <ClInclude Include="..\..\..\src\OpenGlTest\OpenGlTest.hxx">
      <Filter>Header files\OpenGlTest</Filter>
    </ClInclude>
  </ItemGroup>
  <ItemGroup>
    <ResourceCompile Include="TKOpenGlTest.rc" />
  </ItemGroup>
</Project>
