<?xml version="1.0" encoding="utf-8"?>
<Project ToolsVersion="4.0" xmlns="http://schemas.microsoft.com/developer/msbuild/2003">
  <ItemGroup>
    <Filter Include="Source files">
      <UniqueIdentifier>{5BB97ECE-1061-13A1-1809-B232A71B8B6E}</UniqueIdentifier>
    </Filter>
    <Filter Include="Header files">
      <UniqueIdentifier>{5EF85AE0-0C2F-0398-03BB-0CE1B3B5C76A}</UniqueIdentifier>
    </Filter>
    <Filter Include="Source files\RWGltf">
      <UniqueIdentifier>{370F631D-0766-12F4-18F2-D169BC74DD0A}</UniqueIdentifier>
    </Filter>
    <Filter Include="Source files\RWMesh">
      <UniqueIdentifier>{5BE0AFEF-0BF0-155C-1633-A0A57CD0AC39}</UniqueIdentifier>
    </Filter>
    <Filter Include="Source files\RWObj">
      <UniqueIdentifier>{DAD52A8E-12C3-070D-0239-4B0BEDFBF6CE}</UniqueIdentifier>
    </Filter>
    <Filter Include="Source files\RWPly">
      <UniqueIdentifier>{087D0CA4-0A62-0748-0728-C43A40CC44C2}</UniqueIdentifier>
    </Filter>
    <Filter Include="Header files\RWGltf">
      <UniqueIdentifier>{B63618B9-10AF-12E2-0DE8-96454B9F5C76}</UniqueIdentifier>
    </Filter>
    <Filter Include="Header files\RWMesh">
      <UniqueIdentifier>{6F6404C0-08B8-1670-13BE-669CAAB7654F}</UniqueIdentifier>
    </Filter>
    <Filter Include="Header files\RWObj">
      <UniqueIdentifier>{5C46BA92-16DF-0992-03D6-92011785B4CA}</UniqueIdentifier>
    </Filter>
    <Filter Include="Header files\RWPly">
      <UniqueIdentifier>{20509BF8-158E-109F-0D37-E4E3BA22C9D2}</UniqueIdentifier>
    </Filter>
  </ItemGroup>
  <ItemGroup>
    <ClCompile Include="..\..\..\src\RWGltf\RWGltf_CafReader.cxx">
      <Filter>Source files\RWGltf</Filter>
    </ClCompile>
    <ClCompile Include="..\..\..\src\RWGltf\RWGltf_CafWriter.cxx">
      <Filter>Source files\RWGltf</Filter>
    </ClCompile>
    <ClCompile Include="..\..\..\src\RWGltf\RWGltf_ConfigurationNode.cxx">
      <Filter>Source files\RWGltf</Filter>
    </ClCompile>
    <ClCompile Include="..\..\..\src\RWGltf\RWGltf_GltfJsonParser.cxx">
      <Filter>Source files\RWGltf</Filter>
    </ClCompile>
    <ClCompile Include="..\..\..\src\RWGltf\RWGltf_GltfLatePrimitiveArray.cxx">
      <Filter>Source files\RWGltf</Filter>
    </ClCompile>
    <ClCompile Include="..\..\..\src\RWGltf\RWGltf_GltfMaterialMap.cxx">
      <Filter>Source files\RWGltf</Filter>
    </ClCompile>
    <ClCompile Include="..\..\..\src\RWGltf\RWGltf_Provider.cxx">
      <Filter>Source files\RWGltf</Filter>
    </ClCompile>
    <ClCompile Include="..\..\..\src\RWGltf\RWGltf_TriangulationReader.cxx">
      <Filter>Source files\RWGltf</Filter>
    </ClCompile>
    <ClCompile Include="..\..\..\src\RWMesh\RWMesh.cxx">
      <Filter>Source files\RWMesh</Filter>
    </ClCompile>
    <ClCompile Include="..\..\..\src\RWMesh\RWMesh_CafReader.cxx">
      <Filter>Source files\RWMesh</Filter>
    </ClCompile>
    <ClCompile Include="..\..\..\src\RWMesh\RWMesh_CoordinateSystemConverter.cxx">
      <Filter>Source files\RWMesh</Filter>
    </ClCompile>
    <ClCompile Include="..\..\..\src\RWMesh\RWMesh_FaceIterator.cxx">
      <Filter>Source files\RWMesh</Filter>
    </ClCompile>
    <ClCompile Include="..\..\..\src\RWMesh\RWMesh_MaterialMap.cxx">
      <Filter>Source files\RWMesh</Filter>
    </ClCompile>
    <ClCompile Include="..\..\..\src\RWMesh\RWMesh_TriangulationReader.cxx">
      <Filter>Source files\RWMesh</Filter>
    </ClCompile>
    <ClCompile Include="..\..\..\src\RWMesh\RWMesh_TriangulationSource.cxx">
      <Filter>Source files\RWMesh</Filter>
    </ClCompile>
    <ClCompile Include="..\..\..\src\RWObj\RWObj.cxx">
      <Filter>Source files\RWObj</Filter>
    </ClCompile>
    <ClCompile Include="..\..\..\src\RWObj\RWObj_CafReader.cxx">
      <Filter>Source files\RWObj</Filter>
    </ClCompile>
    <ClCompile Include="..\..\..\src\RWObj\RWObj_CafWriter.cxx">
      <Filter>Source files\RWObj</Filter>
    </ClCompile>
    <ClCompile Include="..\..\..\src\RWObj\RWObj_ConfigurationNode.cxx">
      <Filter>Source files\RWObj</Filter>
    </ClCompile>
    <ClCompile Include="..\..\..\src\RWObj\RWObj_MtlReader.cxx">
      <Filter>Source files\RWObj</Filter>
    </ClCompile>
    <ClCompile Include="..\..\..\src\RWObj\RWObj_ObjMaterialMap.cxx">
      <Filter>Source files\RWObj</Filter>
    </ClCompile>
    <ClCompile Include="..\..\..\src\RWObj\RWObj_ObjWriterContext.cxx">
      <Filter>Source files\RWObj</Filter>
    </ClCompile>
    <ClCompile Include="..\..\..\src\RWObj\RWObj_Provider.cxx">
      <Filter>Source files\RWObj</Filter>
    </ClCompile>
    <ClCompile Include="..\..\..\src\RWObj\RWObj_Reader.cxx">
      <Filter>Source files\RWObj</Filter>
    </ClCompile>
    <ClCompile Include="..\..\..\src\RWObj\RWObj_TriangulationReader.cxx">
      <Filter>Source files\RWObj</Filter>
    </ClCompile>
    <ClCompile Include="..\..\..\src\RWPly\RWPly_CafWriter.cxx">
      <Filter>Source files\RWPly</Filter>
    </ClCompile>
    <ClCompile Include="..\..\..\src\RWPly\RWPly_ConfigurationNode.cxx">
      <Filter>Source files\RWPly</Filter>
    </ClCompile>
    <ClCompile Include="..\..\..\src\RWPly\RWPly_PlyWriterContext.cxx">
      <Filter>Source files\RWPly</Filter>
    </ClCompile>
    <ClCompile Include="..\..\..\src\RWPly\RWPly_Provider.cxx">
      <Filter>Source files\RWPly</Filter>
    </ClCompile>
  </ItemGroup>
  <ItemGroup>
    <ClInclude Include="..\..\..\src\RWGltf\RWGltf_CafReader.hxx">
      <Filter>Header files\RWGltf</Filter>
    </ClInclude>
    <ClInclude Include="..\..\..\src\RWGltf\RWGltf_CafWriter.hxx">
      <Filter>Header files\RWGltf</Filter>
    </ClInclude>
    <ClInclude Include="..\..\..\src\RWGltf\RWGltf_ConfigurationNode.hxx">
      <Filter>Header files\RWGltf</Filter>
    </ClInclude>
    <ClInclude Include="..\..\..\src\RWGltf\RWGltf_DracoParameters.hxx">
      <Filter>Header files\RWGltf</Filter>
    </ClInclude>
    <ClInclude Include="..\..\..\src\RWGltf\RWGltf_GltfAccessor.hxx">
      <Filter>Header files\RWGltf</Filter>
    </ClInclude>
    <ClInclude Include="..\..\..\src\RWGltf\RWGltf_GltfAccessorCompType.hxx">
      <Filter>Header files\RWGltf</Filter>
    </ClInclude>
    <ClInclude Include="..\..\..\src\RWGltf\RWGltf_GltfAccessorLayout.hxx">
      <Filter>Header files\RWGltf</Filter>
    </ClInclude>
    <ClInclude Include="..\..\..\src\RWGltf\RWGltf_GltfAlphaMode.hxx">
      <Filter>Header files\RWGltf</Filter>
    </ClInclude>
    <ClInclude Include="..\..\..\src\RWGltf\RWGltf_GltfArrayType.hxx">
      <Filter>Header files\RWGltf</Filter>
    </ClInclude>
    <ClInclude Include="..\..\..\src\RWGltf\RWGltf_GltfBufferView.hxx">
      <Filter>Header files\RWGltf</Filter>
    </ClInclude>
    <ClInclude Include="..\..\..\src\RWGltf\RWGltf_GltfBufferViewTarget.hxx">
      <Filter>Header files\RWGltf</Filter>
    </ClInclude>
    <ClInclude Include="..\..\..\src\RWGltf\RWGltf_GltfFace.hxx">
      <Filter>Header files\RWGltf</Filter>
    </ClInclude>
    <ClInclude Include="..\..\..\src\RWGltf\RWGltf_GltfJsonParser.hxx">
      <Filter>Header files\RWGltf</Filter>
    </ClInclude>
    <ClInclude Include="..\..\..\src\RWGltf\RWGltf_GltfLatePrimitiveArray.hxx">
      <Filter>Header files\RWGltf</Filter>
    </ClInclude>
    <ClInclude Include="..\..\..\src\RWGltf\RWGltf_GltfMaterialMap.hxx">
      <Filter>Header files\RWGltf</Filter>
    </ClInclude>
    <ClInclude Include="..\..\..\src\RWGltf\RWGltf_GltfOStreamWriter.hxx">
      <Filter>Header files\RWGltf</Filter>
    </ClInclude>
    <ClInclude Include="..\..\..\src\RWGltf\RWGltf_GltfPrimArrayData.hxx">
      <Filter>Header files\RWGltf</Filter>
    </ClInclude>
    <ClInclude Include="..\..\..\src\RWGltf\RWGltf_GltfPrimitiveMode.hxx">
      <Filter>Header files\RWGltf</Filter>
    </ClInclude>
    <ClInclude Include="..\..\..\src\RWGltf\RWGltf_GltfRootElement.hxx">
      <Filter>Header files\RWGltf</Filter>
    </ClInclude>
    <ClInclude Include="..\..\..\src\RWGltf\RWGltf_GltfSceneNodeMap.hxx">
      <Filter>Header files\RWGltf</Filter>
    </ClInclude>
    <ClInclude Include="..\..\..\src\RWGltf\RWGltf_MaterialCommon.hxx">
      <Filter>Header files\RWGltf</Filter>
    </ClInclude>
    <ClInclude Include="..\..\..\src\RWGltf\RWGltf_MaterialMetallicRoughness.hxx">
      <Filter>Header files\RWGltf</Filter>
    </ClInclude>
    <ClInclude Include="..\..\..\src\RWGltf\RWGltf_Provider.hxx">
      <Filter>Header files\RWGltf</Filter>
    </ClInclude>
    <ClInclude Include="..\..\..\src\RWGltf\RWGltf_TriangulationReader.hxx">
      <Filter>Header files\RWGltf</Filter>
    </ClInclude>
    <ClInclude Include="..\..\..\src\RWGltf\RWGltf_WriterTrsfFormat.hxx">
      <Filter>Header files\RWGltf</Filter>
    </ClInclude>
    <ClInclude Include="..\..\..\src\RWMesh\RWMesh.hxx">
      <Filter>Header files\RWMesh</Filter>
    </ClInclude>
    <ClInclude Include="..\..\..\src\RWMesh\RWMesh_CafReader.hxx">
      <Filter>Header files\RWMesh</Filter>
    </ClInclude>
    <ClInclude Include="..\..\..\src\RWMesh\RWMesh_CoordinateSystem.hxx">
      <Filter>Header files\RWMesh</Filter>
    </ClInclude>
    <ClInclude Include="..\..\..\src\RWMesh\RWMesh_CoordinateSystemConverter.hxx">
      <Filter>Header files\RWMesh</Filter>
    </ClInclude>
    <ClInclude Include="..\..\..\src\RWMesh\RWMesh_FaceIterator.hxx">
      <Filter>Header files\RWMesh</Filter>
    </ClInclude>
    <ClInclude Include="..\..\..\src\RWMesh\RWMesh_MaterialMap.hxx">
      <Filter>Header files\RWMesh</Filter>
    </ClInclude>
    <ClInclude Include="..\..\..\src\RWMesh\RWMesh_NameFormat.hxx">
      <Filter>Header files\RWMesh</Filter>
    </ClInclude>
    <ClInclude Include="..\..\..\src\RWMesh\RWMesh_NodeAttributes.hxx">
      <Filter>Header files\RWMesh</Filter>
    </ClInclude>
    <ClInclude Include="..\..\..\src\RWMesh\RWMesh_TriangulationReader.hxx">
      <Filter>Header files\RWMesh</Filter>
    </ClInclude>
    <ClInclude Include="..\..\..\src\RWMesh\RWMesh_TriangulationSource.hxx">
      <Filter>Header files\RWMesh</Filter>
    </ClInclude>
    <ClInclude Include="..\..\..\src\RWObj\RWObj.hxx">
      <Filter>Header files\RWObj</Filter>
    </ClInclude>
    <ClInclude Include="..\..\..\src\RWObj\RWObj_CafReader.hxx">
      <Filter>Header files\RWObj</Filter>
    </ClInclude>
    <ClInclude Include="..\..\..\src\RWObj\RWObj_CafWriter.hxx">
      <Filter>Header files\RWObj</Filter>
    </ClInclude>
    <ClInclude Include="..\..\..\src\RWObj\RWObj_ConfigurationNode.hxx">
      <Filter>Header files\RWObj</Filter>
    </ClInclude>
    <ClInclude Include="..\..\..\src\RWObj\RWObj_Material.hxx">
      <Filter>Header files\RWObj</Filter>
    </ClInclude>
    <ClInclude Include="..\..\..\src\RWObj\RWObj_MtlReader.hxx">
      <Filter>Header files\RWObj</Filter>
    </ClInclude>
    <ClInclude Include="..\..\..\src\RWObj\RWObj_ObjMaterialMap.hxx">
      <Filter>Header files\RWObj</Filter>
    </ClInclude>
    <ClInclude Include="..\..\..\src\RWObj\RWObj_ObjWriterContext.hxx">
      <Filter>Header files\RWObj</Filter>
    </ClInclude>
    <ClInclude Include="..\..\..\src\RWObj\RWObj_Provider.hxx">
      <Filter>Header files\RWObj</Filter>
    </ClInclude>
    <ClInclude Include="..\..\..\src\RWObj\RWObj_Reader.hxx">
      <Filter>Header files\RWObj</Filter>
    </ClInclude>
    <ClInclude Include="..\..\..\src\RWObj\RWObj_SubMesh.hxx">
      <Filter>Header files\RWObj</Filter>
    </ClInclude>
    <ClInclude Include="..\..\..\src\RWObj\RWObj_SubMeshReason.hxx">
      <Filter>Header files\RWObj</Filter>
    </ClInclude>
    <ClInclude Include="..\..\..\src\RWObj\RWObj_Tools.hxx">
      <Filter>Header files\RWObj</Filter>
    </ClInclude>
    <ClInclude Include="..\..\..\src\RWObj\RWObj_TriangulationReader.hxx">
      <Filter>Header files\RWObj</Filter>
    </ClInclude>
    <ClInclude Include="..\..\..\src\RWPly\RWPly_CafWriter.hxx">
      <Filter>Header files\RWPly</Filter>
    </ClInclude>
    <ClInclude Include="..\..\..\src\RWPly\RWPly_ConfigurationNode.hxx">
      <Filter>Header files\RWPly</Filter>
    </ClInclude>
    <ClInclude Include="..\..\..\src\RWPly\RWPly_PlyWriterContext.hxx">
      <Filter>Header files\RWPly</Filter>
    </ClInclude>
    <ClInclude Include="..\..\..\src\RWPly\RWPly_Provider.hxx">
      <Filter>Header files\RWPly</Filter>
    </ClInclude>
  </ItemGroup>
  <ItemGroup>
    <ResourceCompile Include="TKRWMesh.rc" />
  </ItemGroup>
</Project>
