<?xml version="1.0" encoding="utf-8"?>
<Project ToolsVersion="4.0" xmlns="http://schemas.microsoft.com/developer/msbuild/2003">
  <ItemGroup>
    <Filter Include="Source files">
      <UniqueIdentifier>{55CEDE08-06EA-1130-16B5-1F75F6797348}</UniqueIdentifier>
    </Filter>
    <Filter Include="Header files">
      <UniqueIdentifier>{7FB8BC33-09FD-0EA6-1916-AE49A9660B1C}</UniqueIdentifier>
    </Filter>
    <Filter Include="Source files\DEBRepCascade">
      <UniqueIdentifier>{63816CEC-04F0-04A5-1353-20D4404EEB28}</UniqueIdentifier>
    </Filter>
    <Filter Include="Source files\DEXCAFCascade">
      <UniqueIdentifier>{30B19DED-08C6-0322-11A9-94A56FF938F8}</UniqueIdentifier>
    </Filter>
    <Filter Include="Header files\DEBRepCascade">
      <UniqueIdentifier>{0B302108-183B-12B2-10B3-27B5B50A86DF}</UniqueIdentifier>
    </Filter>
    <Filter Include="Header files\DEXCAFCascade">
      <UniqueIdentifier>{1CBE65B1-164B-157B-1351-A351EE58070D}</UniqueIdentifier>
    </Filter>
  </ItemGroup>
  <ItemGroup>
    <ClCompile Include="..\..\..\src\DEBRepCascade\DEBRepCascade_ConfigurationNode.cxx">
      <Filter>Source files\DEBRepCascade</Filter>
    </ClCompile>
    <ClCompile Include="..\..\..\src\DEBRepCascade\DEBRepCascade_Provider.cxx">
      <Filter>Source files\DEBRepCascade</Filter>
    </ClCompile>
    <ClCompile Include="..\..\..\src\DEXCAFCascade\DEXCAFCascade_ConfigurationNode.cxx">
      <Filter>Source files\DEXCAFCascade</Filter>
    </ClCompile>
    <ClCompile Include="..\..\..\src\DEXCAFCascade\DEXCAFCascade_Provider.cxx">
      <Filter>Source files\DEXCAFCascade</Filter>
    </ClCompile>
  </ItemGroup>
  <ItemGroup>
    <ClInclude Include="..\..\..\src\DEBRepCascade\DEBRepCascade_ConfigurationNode.hxx">
      <Filter>Header files\DEBRepCascade</Filter>
    </ClInclude>
    <ClInclude Include="..\..\..\src\DEBRepCascade\DEBRepCascade_Provider.hxx">
      <Filter>Header files\DEBRepCascade</Filter>
    </ClInclude>
    <ClInclude Include="..\..\..\src\DEXCAFCascade\DEXCAFCascade_ConfigurationNode.hxx">
      <Filter>Header files\DEXCAFCascade</Filter>
    </ClInclude>
    <ClInclude Include="..\..\..\src\DEXCAFCascade\DEXCAFCascade_Provider.hxx">
      <Filter>Header files\DEXCAFCascade</Filter>
    </ClInclude>
  </ItemGroup>
  <ItemGroup>
    <ResourceCompile Include="TKXDECascade.rc" />
  </ItemGroup>
</Project>
