Microsoft Visual Studio Solution File, Format Version 12.00
# Visual Studio 2013
Project("{8BC9CEB8-8B4A-11D0-8D11-00A0C91BC942}") = "TKCDF", "TKCDF.vcxproj", "{0049C66E-01FF-0358-0AFE-6B9388A2FC4D}"
EndProject
Project("{8BC9CEB8-8B4A-11D0-8D11-00A0C91BC942}") = "TKLCAF", "TKLCAF.vcxproj", "{624254EF-0D8C-14E7-0438-4394A1D2DCD4}"
	ProjectSection(ProjectDependencies) = postProject
		{0049C66E-01FF-0358-0AFE-6B9388A2FC4D} = {0049C66E-01FF-0358-0AFE-6B9388A2FC4D}
	EndProjectSection
EndProject
Project("{8BC9CEB8-8B4A-11D0-8D11-00A0C91BC942}") = "TKCAF", "TKCAF.vcxproj", "{A00B3D34-18C3-0B6E-0111-3B74404D448B}"
	ProjectSection(ProjectDependencies) = postProject
		{0049C66E-01FF-0358-0AFE-6B9388A2FC4D} = {0049C66E-01FF-0358-0AFE-6B9388A2FC4D}
		{624254EF-0D8C-14E7-0438-4394A1D2DCD4} = {624254EF-0D8C-14E7-0438-4394A1D2DCD4}
	EndProjectSection
EndProject
Project("{8BC9CEB8-8B4A-11D0-8D11-00A0C91BC942}") = "TKBinL", "TKBinL.vcxproj", "{CF103123-0795-03C5-1775-30559542C918}"
	ProjectSection(ProjectDependencies) = postProject
		{0049C66E-01FF-0358-0AFE-6B9388A2FC4D} = {0049C66E-01FF-0358-0AFE-6B9388A2FC4D}
		{624254EF-0D8C-14E7-0438-4394A1D2DCD4} = {624254EF-0D8C-14E7-0438-4394A1D2DCD4}
	EndProjectSection
EndProject
Project("{8BC9CEB8-8B4A-11D0-8D11-00A0C91BC942}") = "TKXmlL", "TKXmlL.vcxproj", "{A07369CF-14BB-098D-131C-16D30477E7AA}"
	ProjectSection(ProjectDependencies) = postProject
		{0049C66E-01FF-0358-0AFE-6B9388A2FC4D} = {0049C66E-01FF-0358-0AFE-6B9388A2FC4D}
		{624254EF-0D8C-14E7-0438-4394A1D2DCD4} = {624254EF-0D8C-14E7-0438-4394A1D2DCD4}
	EndProjectSection
EndProject
Project("{8BC9CEB8-8B4A-11D0-8D11-00A0C91BC942}") = "TKStdL", "TKStdL.vcxproj", "{0A613837-0443-0ED2-0688-E46AD3215BB8}"
	ProjectSection(ProjectDependencies) = postProject
		{0049C66E-01FF-0358-0AFE-6B9388A2FC4D} = {0049C66E-01FF-0358-0AFE-6B9388A2FC4D}
		{624254EF-0D8C-14E7-0438-4394A1D2DCD4} = {624254EF-0D8C-14E7-0438-4394A1D2DCD4}
	EndProjectSection
EndProject
Project("{8BC9CEB8-8B4A-11D0-8D11-00A0C91BC942}") = "TKTObj", "TKTObj.vcxproj", "{0CC06392-024D-142F-01C4-670085535C98}"
	ProjectSection(ProjectDependencies) = postProject
		{0049C66E-01FF-0358-0AFE-6B9388A2FC4D} = {0049C66E-01FF-0358-0AFE-6B9388A2FC4D}
		{624254EF-0D8C-14E7-0438-4394A1D2DCD4} = {624254EF-0D8C-14E7-0438-4394A1D2DCD4}
	EndProjectSection
EndProject
Project("{8BC9CEB8-8B4A-11D0-8D11-00A0C91BC942}") = "TKVCAF", "TKVCAF.vcxproj", "{E40DAF43-17D0-0C2E-120C-BD8753FF9375}"
	ProjectSection(ProjectDependencies) = postProject
		{0049C66E-01FF-0358-0AFE-6B9388A2FC4D} = {0049C66E-01FF-0358-0AFE-6B9388A2FC4D}
		{624254EF-0D8C-14E7-0438-4394A1D2DCD4} = {624254EF-0D8C-14E7-0438-4394A1D2DCD4}
		{A00B3D34-18C3-0B6E-0111-3B74404D448B} = {A00B3D34-18C3-0B6E-0111-3B74404D448B}
	EndProjectSection
EndProject
Project("{8BC9CEB8-8B4A-11D0-8D11-00A0C91BC942}") = "TKBin", "TKBin.vcxproj", "{29E86005-097A-0A2F-1255-DAF47AE87813}"
	ProjectSection(ProjectDependencies) = postProject
		{A00B3D34-18C3-0B6E-0111-3B74404D448B} = {A00B3D34-18C3-0B6E-0111-3B74404D448B}
		{0049C66E-01FF-0358-0AFE-6B9388A2FC4D} = {0049C66E-01FF-0358-0AFE-6B9388A2FC4D}
		{624254EF-0D8C-14E7-0438-4394A1D2DCD4} = {624254EF-0D8C-14E7-0438-4394A1D2DCD4}
		{CF103123-0795-03C5-1775-30559542C918} = {CF103123-0795-03C5-1775-30559542C918}
	EndProjectSection
EndProject
Project("{8BC9CEB8-8B4A-11D0-8D11-00A0C91BC942}") = "TKXml", "TKXml.vcxproj", "{2349B65B-1621-16B2-044A-F66C5E44A768}"
	ProjectSection(ProjectDependencies) = postProject
		{0049C66E-01FF-0358-0AFE-6B9388A2FC4D} = {0049C66E-01FF-0358-0AFE-6B9388A2FC4D}
		{624254EF-0D8C-14E7-0438-4394A1D2DCD4} = {624254EF-0D8C-14E7-0438-4394A1D2DCD4}
		{A00B3D34-18C3-0B6E-0111-3B74404D448B} = {A00B3D34-18C3-0B6E-0111-3B74404D448B}
		{A07369CF-14BB-098D-131C-16D30477E7AA} = {A07369CF-14BB-098D-131C-16D30477E7AA}
	EndProjectSection
EndProject
Project("{8BC9CEB8-8B4A-11D0-8D11-00A0C91BC942}") = "TKStd", "TKStd.vcxproj", "{4AB7A705-0CFD-0FB2-074B-132A6D466C9B}"
	ProjectSection(ProjectDependencies) = postProject
		{0049C66E-01FF-0358-0AFE-6B9388A2FC4D} = {0049C66E-01FF-0358-0AFE-6B9388A2FC4D}
		{A00B3D34-18C3-0B6E-0111-3B74404D448B} = {A00B3D34-18C3-0B6E-0111-3B74404D448B}
		{624254EF-0D8C-14E7-0438-4394A1D2DCD4} = {624254EF-0D8C-14E7-0438-4394A1D2DCD4}
		{0A613837-0443-0ED2-0688-E46AD3215BB8} = {0A613837-0443-0ED2-0688-E46AD3215BB8}
	EndProjectSection
EndProject
Project("{8BC9CEB8-8B4A-11D0-8D11-00A0C91BC942}") = "TKBinTObj", "TKBinTObj.vcxproj", "{8468923E-1306-03A7-0E2B-87B8F6805AC2}"
	ProjectSection(ProjectDependencies) = postProject
		{0049C66E-01FF-0358-0AFE-6B9388A2FC4D} = {0049C66E-01FF-0358-0AFE-6B9388A2FC4D}
		{0CC06392-024D-142F-01C4-670085535C98} = {0CC06392-024D-142F-01C4-670085535C98}
		{624254EF-0D8C-14E7-0438-4394A1D2DCD4} = {624254EF-0D8C-14E7-0438-4394A1D2DCD4}
		{CF103123-0795-03C5-1775-30559542C918} = {CF103123-0795-03C5-1775-30559542C918}
	EndProjectSection
EndProject
Project("{8BC9CEB8-8B4A-11D0-8D11-00A0C91BC942}") = "TKXmlTObj", "TKXmlTObj.vcxproj", "{C687BCEF-13B5-157E-00FE-71FAB101A857}"
	ProjectSection(ProjectDependencies) = postProject
		{0049C66E-01FF-0358-0AFE-6B9388A2FC4D} = {0049C66E-01FF-0358-0AFE-6B9388A2FC4D}
		{0CC06392-024D-142F-01C4-670085535C98} = {0CC06392-024D-142F-01C4-670085535C98}
		{624254EF-0D8C-14E7-0438-4394A1D2DCD4} = {624254EF-0D8C-14E7-0438-4394A1D2DCD4}
		{A07369CF-14BB-098D-131C-16D30477E7AA} = {A07369CF-14BB-098D-131C-16D30477E7AA}
	EndProjectSection
EndProject
Global
	GlobalSection(SolutionConfigurationPlatforms) = preSolution
		Debug|Win32 = Debug|Win32
		Release|Win32 = Release|Win32
		Debug|x64 = Debug|x64
		Release|x64 = Release|x64
	EndGlobalSection
	GlobalSection(ProjectConfigurationPlatforms) = postSolution
		{0049C66E-01FF-0358-0AFE-6B9388A2FC4D}.Debug|Win32.ActiveCfg = Debug|Win32
		{0049C66E-01FF-0358-0AFE-6B9388A2FC4D}.Debug|Win32.Build.0 = Debug|Win32
		{0049C66E-01FF-0358-0AFE-6B9388A2FC4D}.Release|Win32.ActiveCfg = Release|Win32
		{0049C66E-01FF-0358-0AFE-6B9388A2FC4D}.Release|Win32.Build.0 = Release|Win32
		{0049C66E-01FF-0358-0AFE-6B9388A2FC4D}.Debug|x64.ActiveCfg = Debug|x64
		{0049C66E-01FF-0358-0AFE-6B9388A2FC4D}.Debug|x64.Build.0 = Debug|x64
		{0049C66E-01FF-0358-0AFE-6B9388A2FC4D}.Release|x64.ActiveCfg = Release|x64
		{0049C66E-01FF-0358-0AFE-6B9388A2FC4D}.Release|x64.Build.0 = Release|x64
		{624254EF-0D8C-14E7-0438-4394A1D2DCD4}.Debug|Win32.ActiveCfg = Debug|Win32
		{624254EF-0D8C-14E7-0438-4394A1D2DCD4}.Debug|Win32.Build.0 = Debug|Win32
		{624254EF-0D8C-14E7-0438-4394A1D2DCD4}.Release|Win32.ActiveCfg = Release|Win32
		{624254EF-0D8C-14E7-0438-4394A1D2DCD4}.Release|Win32.Build.0 = Release|Win32
		{624254EF-0D8C-14E7-0438-4394A1D2DCD4}.Debug|x64.ActiveCfg = Debug|x64
		{624254EF-0D8C-14E7-0438-4394A1D2DCD4}.Debug|x64.Build.0 = Debug|x64
		{624254EF-0D8C-14E7-0438-4394A1D2DCD4}.Release|x64.ActiveCfg = Release|x64
		{624254EF-0D8C-14E7-0438-4394A1D2DCD4}.Release|x64.Build.0 = Release|x64
		{A00B3D34-18C3-0B6E-0111-3B74404D448B}.Debug|Win32.ActiveCfg = Debug|Win32
		{A00B3D34-18C3-0B6E-0111-3B74404D448B}.Debug|Win32.Build.0 = Debug|Win32
		{A00B3D34-18C3-0B6E-0111-3B74404D448B}.Release|Win32.ActiveCfg = Release|Win32
		{A00B3D34-18C3-0B6E-0111-3B74404D448B}.Release|Win32.Build.0 = Release|Win32
		{A00B3D34-18C3-0B6E-0111-3B74404D448B}.Debug|x64.ActiveCfg = Debug|x64
		{A00B3D34-18C3-0B6E-0111-3B74404D448B}.Debug|x64.Build.0 = Debug|x64
		{A00B3D34-18C3-0B6E-0111-3B74404D448B}.Release|x64.ActiveCfg = Release|x64
		{A00B3D34-18C3-0B6E-0111-3B74404D448B}.Release|x64.Build.0 = Release|x64
		{CF103123-0795-03C5-1775-30559542C918}.Debug|Win32.ActiveCfg = Debug|Win32
		{CF103123-0795-03C5-1775-30559542C918}.Debug|Win32.Build.0 = Debug|Win32
		{CF103123-0795-03C5-1775-30559542C918}.Release|Win32.ActiveCfg = Release|Win32
		{CF103123-0795-03C5-1775-30559542C918}.Release|Win32.Build.0 = Release|Win32
		{CF103123-0795-03C5-1775-30559542C918}.Debug|x64.ActiveCfg = Debug|x64
		{CF103123-0795-03C5-1775-30559542C918}.Debug|x64.Build.0 = Debug|x64
		{CF103123-0795-03C5-1775-30559542C918}.Release|x64.ActiveCfg = Release|x64
		{CF103123-0795-03C5-1775-30559542C918}.Release|x64.Build.0 = Release|x64
		{A07369CF-14BB-098D-131C-16D30477E7AA}.Debug|Win32.ActiveCfg = Debug|Win32
		{A07369CF-14BB-098D-131C-16D30477E7AA}.Debug|Win32.Build.0 = Debug|Win32
		{A07369CF-14BB-098D-131C-16D30477E7AA}.Release|Win32.ActiveCfg = Release|Win32
		{A07369CF-14BB-098D-131C-16D30477E7AA}.Release|Win32.Build.0 = Release|Win32
		{A07369CF-14BB-098D-131C-16D30477E7AA}.Debug|x64.ActiveCfg = Debug|x64
		{A07369CF-14BB-098D-131C-16D30477E7AA}.Debug|x64.Build.0 = Debug|x64
		{A07369CF-14BB-098D-131C-16D30477E7AA}.Release|x64.ActiveCfg = Release|x64
		{A07369CF-14BB-098D-131C-16D30477E7AA}.Release|x64.Build.0 = Release|x64
		{0A613837-0443-0ED2-0688-E46AD3215BB8}.Debug|Win32.ActiveCfg = Debug|Win32
		{0A613837-0443-0ED2-0688-E46AD3215BB8}.Debug|Win32.Build.0 = Debug|Win32
		{0A613837-0443-0ED2-0688-E46AD3215BB8}.Release|Win32.ActiveCfg = Release|Win32
		{0A613837-0443-0ED2-0688-E46AD3215BB8}.Release|Win32.Build.0 = Release|Win32
		{0A613837-0443-0ED2-0688-E46AD3215BB8}.Debug|x64.ActiveCfg = Debug|x64
		{0A613837-0443-0ED2-0688-E46AD3215BB8}.Debug|x64.Build.0 = Debug|x64
		{0A613837-0443-0ED2-0688-E46AD3215BB8}.Release|x64.ActiveCfg = Release|x64
		{0A613837-0443-0ED2-0688-E46AD3215BB8}.Release|x64.Build.0 = Release|x64
		{0CC06392-024D-142F-01C4-670085535C98}.Debug|Win32.ActiveCfg = Debug|Win32
		{0CC06392-024D-142F-01C4-670085535C98}.Debug|Win32.Build.0 = Debug|Win32
		{0CC06392-024D-142F-01C4-670085535C98}.Release|Win32.ActiveCfg = Release|Win32
		{0CC06392-024D-142F-01C4-670085535C98}.Release|Win32.Build.0 = Release|Win32
		{0CC06392-024D-142F-01C4-670085535C98}.Debug|x64.ActiveCfg = Debug|x64
		{0CC06392-024D-142F-01C4-670085535C98}.Debug|x64.Build.0 = Debug|x64
		{0CC06392-024D-142F-01C4-670085535C98}.Release|x64.ActiveCfg = Release|x64
		{0CC06392-024D-142F-01C4-670085535C98}.Release|x64.Build.0 = Release|x64
		{E40DAF43-17D0-0C2E-120C-BD8753FF9375}.Debug|Win32.ActiveCfg = Debug|Win32
		{E40DAF43-17D0-0C2E-120C-BD8753FF9375}.Debug|Win32.Build.0 = Debug|Win32
		{E40DAF43-17D0-0C2E-120C-BD8753FF9375}.Release|Win32.ActiveCfg = Release|Win32
		{E40DAF43-17D0-0C2E-120C-BD8753FF9375}.Release|Win32.Build.0 = Release|Win32
		{E40DAF43-17D0-0C2E-120C-BD8753FF9375}.Debug|x64.ActiveCfg = Debug|x64
		{E40DAF43-17D0-0C2E-120C-BD8753FF9375}.Debug|x64.Build.0 = Debug|x64
		{E40DAF43-17D0-0C2E-120C-BD8753FF9375}.Release|x64.ActiveCfg = Release|x64
		{E40DAF43-17D0-0C2E-120C-BD8753FF9375}.Release|x64.Build.0 = Release|x64
		{29E86005-097A-0A2F-1255-DAF47AE87813}.Debug|Win32.ActiveCfg = Debug|Win32
		{29E86005-097A-0A2F-1255-DAF47AE87813}.Debug|Win32.Build.0 = Debug|Win32
		{29E86005-097A-0A2F-1255-DAF47AE87813}.Release|Win32.ActiveCfg = Release|Win32
		{29E86005-097A-0A2F-1255-DAF47AE87813}.Release|Win32.Build.0 = Release|Win32
		{29E86005-097A-0A2F-1255-DAF47AE87813}.Debug|x64.ActiveCfg = Debug|x64
		{29E86005-097A-0A2F-1255-DAF47AE87813}.Debug|x64.Build.0 = Debug|x64
		{29E86005-097A-0A2F-1255-DAF47AE87813}.Release|x64.ActiveCfg = Release|x64
		{29E86005-097A-0A2F-1255-DAF47AE87813}.Release|x64.Build.0 = Release|x64
		{2349B65B-1621-16B2-044A-F66C5E44A768}.Debug|Win32.ActiveCfg = Debug|Win32
		{2349B65B-1621-16B2-044A-F66C5E44A768}.Debug|Win32.Build.0 = Debug|Win32
		{2349B65B-1621-16B2-044A-F66C5E44A768}.Release|Win32.ActiveCfg = Release|Win32
		{2349B65B-1621-16B2-044A-F66C5E44A768}.Release|Win32.Build.0 = Release|Win32
		{2349B65B-1621-16B2-044A-F66C5E44A768}.Debug|x64.ActiveCfg = Debug|x64
		{2349B65B-1621-16B2-044A-F66C5E44A768}.Debug|x64.Build.0 = Debug|x64
		{2349B65B-1621-16B2-044A-F66C5E44A768}.Release|x64.ActiveCfg = Release|x64
		{2349B65B-1621-16B2-044A-F66C5E44A768}.Release|x64.Build.0 = Release|x64
		{4AB7A705-0CFD-0FB2-074B-132A6D466C9B}.Debug|Win32.ActiveCfg = Debug|Win32
		{4AB7A705-0CFD-0FB2-074B-132A6D466C9B}.Debug|Win32.Build.0 = Debug|Win32
		{4AB7A705-0CFD-0FB2-074B-132A6D466C9B}.Release|Win32.ActiveCfg = Release|Win32
		{4AB7A705-0CFD-0FB2-074B-132A6D466C9B}.Release|Win32.Build.0 = Release|Win32
		{4AB7A705-0CFD-0FB2-074B-132A6D466C9B}.Debug|x64.ActiveCfg = Debug|x64
		{4AB7A705-0CFD-0FB2-074B-132A6D466C9B}.Debug|x64.Build.0 = Debug|x64
		{4AB7A705-0CFD-0FB2-074B-132A6D466C9B}.Release|x64.ActiveCfg = Release|x64
		{4AB7A705-0CFD-0FB2-074B-132A6D466C9B}.Release|x64.Build.0 = Release|x64
		{8468923E-1306-03A7-0E2B-87B8F6805AC2}.Debug|Win32.ActiveCfg = Debug|Win32
		{8468923E-1306-03A7-0E2B-87B8F6805AC2}.Debug|Win32.Build.0 = Debug|Win32
		{8468923E-1306-03A7-0E2B-87B8F6805AC2}.Release|Win32.ActiveCfg = Release|Win32
		{8468923E-1306-03A7-0E2B-87B8F6805AC2}.Release|Win32.Build.0 = Release|Win32
		{8468923E-1306-03A7-0E2B-87B8F6805AC2}.Debug|x64.ActiveCfg = Debug|x64
		{8468923E-1306-03A7-0E2B-87B8F6805AC2}.Debug|x64.Build.0 = Debug|x64
		{8468923E-1306-03A7-0E2B-87B8F6805AC2}.Release|x64.ActiveCfg = Release|x64
		{8468923E-1306-03A7-0E2B-87B8F6805AC2}.Release|x64.Build.0 = Release|x64
		{C687BCEF-13B5-157E-00FE-71FAB101A857}.Debug|Win32.ActiveCfg = Debug|Win32
		{C687BCEF-13B5-157E-00FE-71FAB101A857}.Debug|Win32.Build.0 = Debug|Win32
		{C687BCEF-13B5-157E-00FE-71FAB101A857}.Release|Win32.ActiveCfg = Release|Win32
		{C687BCEF-13B5-157E-00FE-71FAB101A857}.Release|Win32.Build.0 = Release|Win32
		{C687BCEF-13B5-157E-00FE-71FAB101A857}.Debug|x64.ActiveCfg = Debug|x64
		{C687BCEF-13B5-157E-00FE-71FAB101A857}.Debug|x64.Build.0 = Debug|x64
		{C687BCEF-13B5-157E-00FE-71FAB101A857}.Release|x64.ActiveCfg = Release|x64
		{C687BCEF-13B5-157E-00FE-71FAB101A857}.Release|x64.Build.0 = Release|x64
	EndGlobalSection
	GlobalSection(SolutionProperties) = preSolution
		HideSolutionNode = FALSE
	EndGlobalSection
EndGlobal
