<?xml version="1.0" encoding="utf-8"?>
<Project ToolsVersion="4.0" xmlns="http://schemas.microsoft.com/developer/msbuild/2003">
  <ItemGroup>
    <Filter Include="Source files">
      <UniqueIdentifier>{D49ECC50-0E7E-0FE7-0320-6AD59EEEB0B4}</UniqueIdentifier>
    </Filter>
    <Filter Include="Header files">
      <UniqueIdentifier>{930DE747-16D7-009A-0674-E9AEB8CDDC0B}</UniqueIdentifier>
    </Filter>
    <Filter Include="Source files\DRAWEXE">
      <UniqueIdentifier>{2979774E-04E3-0ACA-0F3A-87FDFA33666B}</UniqueIdentifier>
    </Filter>
  </ItemGroup>
  <ItemGroup>
    <ClCompile Include="..\..\..\src\DRAWEXE\DRAWEXE.cxx">
      <Filter>Source files\DRAWEXE</Filter>
    </ClCompile>
  </ItemGroup>
  <ItemGroup>
  </ItemGroup>
  <ItemGroup>
    <ResourceCompile Include="DRAWEXE.rc" />
  </ItemGroup>
</Project>
