Microsoft Visual Studio Solution File, Format Version 12.00
# Visual Studio 2013
Project("{8BC9CEB8-8B4A-11D0-8D11-00A0C91BC942}") = "TKGeomAlgo", "TKGeomAlgo.vcxproj", "{52D001ED-1881-0136-0C35-D7BD9DE19791}"
EndProject
Project("{8BC9CEB8-8B4A-11D0-8D11-00A0C91BC942}") = "TKTopAlgo", "TKTopAlgo.vcxproj", "{A5E7690F-0C03-10C2-0F5B-1CF5B2468789}"
	ProjectSection(ProjectDependencies) = postProject
		{52D001ED-1881-0136-0C35-D7BD9DE19791} = {52D001ED-1881-0136-0C35-D7BD9DE19791}
	EndProjectSection
EndProject
Project("{8BC9CEB8-8B4A-11D0-8D11-00A0C91BC942}") = "TKPrim", "TKPrim.vcxproj", "{6C4CA511-005A-09E7-0486-849E35AECBB1}"
	ProjectSection(ProjectDependencies) = postProject
		{A5E7690F-0C03-10C2-0F5B-1CF5B2468789} = {A5E7690F-0C03-10C2-0F5B-1CF5B2468789}
	EndProjectSection
EndProject
Project("{8BC9CEB8-8B4A-11D0-8D11-00A0C91BC942}") = "TKHLR", "TKHLR.vcxproj", "{BEDA058D-03F3-008C-0385-D0FD8CB5F656}"
	ProjectSection(ProjectDependencies) = postProject
		{52D001ED-1881-0136-0C35-D7BD9DE19791} = {52D001ED-1881-0136-0C35-D7BD9DE19791}
		{A5E7690F-0C03-10C2-0F5B-1CF5B2468789} = {A5E7690F-0C03-10C2-0F5B-1CF5B2468789}
	EndProjectSection
EndProject
Project("{8BC9CEB8-8B4A-11D0-8D11-00A0C91BC942}") = "TKShHealing", "TKShHealing.vcxproj", "{3F9D7ED7-12F0-0890-0488-13B8E5CFE3C3}"
	ProjectSection(ProjectDependencies) = postProject
		{A5E7690F-0C03-10C2-0F5B-1CF5B2468789} = {A5E7690F-0C03-10C2-0F5B-1CF5B2468789}
		{52D001ED-1881-0136-0C35-D7BD9DE19791} = {52D001ED-1881-0136-0C35-D7BD9DE19791}
	EndProjectSection
EndProject
Project("{8BC9CEB8-8B4A-11D0-8D11-00A0C91BC942}") = "TKBO", "TKBO.vcxproj", "{7253A24D-10DC-1196-0C17-BBC7471832CD}"
	ProjectSection(ProjectDependencies) = postProject
		{A5E7690F-0C03-10C2-0F5B-1CF5B2468789} = {A5E7690F-0C03-10C2-0F5B-1CF5B2468789}
		{52D001ED-1881-0136-0C35-D7BD9DE19791} = {52D001ED-1881-0136-0C35-D7BD9DE19791}
		{6C4CA511-005A-09E7-0486-849E35AECBB1} = {6C4CA511-005A-09E7-0486-849E35AECBB1}
		{3F9D7ED7-12F0-0890-0488-13B8E5CFE3C3} = {3F9D7ED7-12F0-0890-0488-13B8E5CFE3C3}
	EndProjectSection
EndProject
Project("{8BC9CEB8-8B4A-11D0-8D11-00A0C91BC942}") = "TKMesh", "TKMesh.vcxproj", "{AF52A185-0345-0F7F-0162-71175FB5940D}"
	ProjectSection(ProjectDependencies) = postProject
		{A5E7690F-0C03-10C2-0F5B-1CF5B2468789} = {A5E7690F-0C03-10C2-0F5B-1CF5B2468789}
		{3F9D7ED7-12F0-0890-0488-13B8E5CFE3C3} = {3F9D7ED7-12F0-0890-0488-13B8E5CFE3C3}
	EndProjectSection
EndProject
Project("{8BC9CEB8-8B4A-11D0-8D11-00A0C91BC942}") = "TKBool", "TKBool.vcxproj", "{0B22FBD2-048E-0CA5-0E83-334B56972F85}"
	ProjectSection(ProjectDependencies) = postProject
		{A5E7690F-0C03-10C2-0F5B-1CF5B2468789} = {A5E7690F-0C03-10C2-0F5B-1CF5B2468789}
		{6C4CA511-005A-09E7-0486-849E35AECBB1} = {6C4CA511-005A-09E7-0486-849E35AECBB1}
		{3F9D7ED7-12F0-0890-0488-13B8E5CFE3C3} = {3F9D7ED7-12F0-0890-0488-13B8E5CFE3C3}
		{52D001ED-1881-0136-0C35-D7BD9DE19791} = {52D001ED-1881-0136-0C35-D7BD9DE19791}
		{7253A24D-10DC-1196-0C17-BBC7471832CD} = {7253A24D-10DC-1196-0C17-BBC7471832CD}
	EndProjectSection
EndProject
Project("{8BC9CEB8-8B4A-11D0-8D11-00A0C91BC942}") = "TKXMesh", "TKXMesh.vcxproj", "{B0DE327C-0FF9-14B6-0FD5-8E1C26DA1BB1}"
	ProjectSection(ProjectDependencies) = postProject
		{AF52A185-0345-0F7F-0162-71175FB5940D} = {AF52A185-0345-0F7F-0162-71175FB5940D}
	EndProjectSection
EndProject
Project("{8BC9CEB8-8B4A-11D0-8D11-00A0C91BC942}") = "TKFillet", "TKFillet.vcxproj", "{50233DA3-13B1-0AF3-0D2B-8B991EF1A0A6}"
	ProjectSection(ProjectDependencies) = postProject
		{52D001ED-1881-0136-0C35-D7BD9DE19791} = {52D001ED-1881-0136-0C35-D7BD9DE19791}
		{A5E7690F-0C03-10C2-0F5B-1CF5B2468789} = {A5E7690F-0C03-10C2-0F5B-1CF5B2468789}
		{0B22FBD2-048E-0CA5-0E83-334B56972F85} = {0B22FBD2-048E-0CA5-0E83-334B56972F85}
		{3F9D7ED7-12F0-0890-0488-13B8E5CFE3C3} = {3F9D7ED7-12F0-0890-0488-13B8E5CFE3C3}
		{7253A24D-10DC-1196-0C17-BBC7471832CD} = {7253A24D-10DC-1196-0C17-BBC7471832CD}
	EndProjectSection
EndProject
Project("{8BC9CEB8-8B4A-11D0-8D11-00A0C91BC942}") = "TKFeat", "TKFeat.vcxproj", "{6A1292DE-18F5-0A6F-15A5-3F17BD2FAF46}"
	ProjectSection(ProjectDependencies) = postProject
		{A5E7690F-0C03-10C2-0F5B-1CF5B2468789} = {A5E7690F-0C03-10C2-0F5B-1CF5B2468789}
		{52D001ED-1881-0136-0C35-D7BD9DE19791} = {52D001ED-1881-0136-0C35-D7BD9DE19791}
		{6C4CA511-005A-09E7-0486-849E35AECBB1} = {6C4CA511-005A-09E7-0486-849E35AECBB1}
		{7253A24D-10DC-1196-0C17-BBC7471832CD} = {7253A24D-10DC-1196-0C17-BBC7471832CD}
		{0B22FBD2-048E-0CA5-0E83-334B56972F85} = {0B22FBD2-048E-0CA5-0E83-334B56972F85}
		{3F9D7ED7-12F0-0890-0488-13B8E5CFE3C3} = {3F9D7ED7-12F0-0890-0488-13B8E5CFE3C3}
	EndProjectSection
EndProject
Project("{8BC9CEB8-8B4A-11D0-8D11-00A0C91BC942}") = "TKOffset", "TKOffset.vcxproj", "{9C33D720-094B-0689-1906-0B647FF2E991}"
	ProjectSection(ProjectDependencies) = postProject
		{50233DA3-13B1-0AF3-0D2B-8B991EF1A0A6} = {50233DA3-13B1-0AF3-0D2B-8B991EF1A0A6}
		{A5E7690F-0C03-10C2-0F5B-1CF5B2468789} = {A5E7690F-0C03-10C2-0F5B-1CF5B2468789}
		{52D001ED-1881-0136-0C35-D7BD9DE19791} = {52D001ED-1881-0136-0C35-D7BD9DE19791}
		{3F9D7ED7-12F0-0890-0488-13B8E5CFE3C3} = {3F9D7ED7-12F0-0890-0488-13B8E5CFE3C3}
		{7253A24D-10DC-1196-0C17-BBC7471832CD} = {7253A24D-10DC-1196-0C17-BBC7471832CD}
		{6C4CA511-005A-09E7-0486-849E35AECBB1} = {6C4CA511-005A-09E7-0486-849E35AECBB1}
		{0B22FBD2-048E-0CA5-0E83-334B56972F85} = {0B22FBD2-048E-0CA5-0E83-334B56972F85}
	EndProjectSection
EndProject
Global
	GlobalSection(SolutionConfigurationPlatforms) = preSolution
		Debug|Win32 = Debug|Win32
		Release|Win32 = Release|Win32
		Debug|x64 = Debug|x64
		Release|x64 = Release|x64
	EndGlobalSection
	GlobalSection(ProjectConfigurationPlatforms) = postSolution
		{52D001ED-1881-0136-0C35-D7BD9DE19791}.Debug|Win32.ActiveCfg = Debug|Win32
		{52D001ED-1881-0136-0C35-D7BD9DE19791}.Debug|Win32.Build.0 = Debug|Win32
		{52D001ED-1881-0136-0C35-D7BD9DE19791}.Release|Win32.ActiveCfg = Release|Win32
		{52D001ED-1881-0136-0C35-D7BD9DE19791}.Release|Win32.Build.0 = Release|Win32
		{52D001ED-1881-0136-0C35-D7BD9DE19791}.Debug|x64.ActiveCfg = Debug|x64
		{52D001ED-1881-0136-0C35-D7BD9DE19791}.Debug|x64.Build.0 = Debug|x64
		{52D001ED-1881-0136-0C35-D7BD9DE19791}.Release|x64.ActiveCfg = Release|x64
		{52D001ED-1881-0136-0C35-D7BD9DE19791}.Release|x64.Build.0 = Release|x64
		{A5E7690F-0C03-10C2-0F5B-1CF5B2468789}.Debug|Win32.ActiveCfg = Debug|Win32
		{A5E7690F-0C03-10C2-0F5B-1CF5B2468789}.Debug|Win32.Build.0 = Debug|Win32
		{A5E7690F-0C03-10C2-0F5B-1CF5B2468789}.Release|Win32.ActiveCfg = Release|Win32
		{A5E7690F-0C03-10C2-0F5B-1CF5B2468789}.Release|Win32.Build.0 = Release|Win32
		{A5E7690F-0C03-10C2-0F5B-1CF5B2468789}.Debug|x64.ActiveCfg = Debug|x64
		{A5E7690F-0C03-10C2-0F5B-1CF5B2468789}.Debug|x64.Build.0 = Debug|x64
		{A5E7690F-0C03-10C2-0F5B-1CF5B2468789}.Release|x64.ActiveCfg = Release|x64
		{A5E7690F-0C03-10C2-0F5B-1CF5B2468789}.Release|x64.Build.0 = Release|x64
		{6C4CA511-005A-09E7-0486-849E35AECBB1}.Debug|Win32.ActiveCfg = Debug|Win32
		{6C4CA511-005A-09E7-0486-849E35AECBB1}.Debug|Win32.Build.0 = Debug|Win32
		{6C4CA511-005A-09E7-0486-849E35AECBB1}.Release|Win32.ActiveCfg = Release|Win32
		{6C4CA511-005A-09E7-0486-849E35AECBB1}.Release|Win32.Build.0 = Release|Win32
		{6C4CA511-005A-09E7-0486-849E35AECBB1}.Debug|x64.ActiveCfg = Debug|x64
		{6C4CA511-005A-09E7-0486-849E35AECBB1}.Debug|x64.Build.0 = Debug|x64
		{6C4CA511-005A-09E7-0486-849E35AECBB1}.Release|x64.ActiveCfg = Release|x64
		{6C4CA511-005A-09E7-0486-849E35AECBB1}.Release|x64.Build.0 = Release|x64
		{BEDA058D-03F3-008C-0385-D0FD8CB5F656}.Debug|Win32.ActiveCfg = Debug|Win32
		{BEDA058D-03F3-008C-0385-D0FD8CB5F656}.Debug|Win32.Build.0 = Debug|Win32
		{BEDA058D-03F3-008C-0385-D0FD8CB5F656}.Release|Win32.ActiveCfg = Release|Win32
		{BEDA058D-03F3-008C-0385-D0FD8CB5F656}.Release|Win32.Build.0 = Release|Win32
		{BEDA058D-03F3-008C-0385-D0FD8CB5F656}.Debug|x64.ActiveCfg = Debug|x64
		{BEDA058D-03F3-008C-0385-D0FD8CB5F656}.Debug|x64.Build.0 = Debug|x64
		{BEDA058D-03F3-008C-0385-D0FD8CB5F656}.Release|x64.ActiveCfg = Release|x64
		{BEDA058D-03F3-008C-0385-D0FD8CB5F656}.Release|x64.Build.0 = Release|x64
		{3F9D7ED7-12F0-0890-0488-13B8E5CFE3C3}.Debug|Win32.ActiveCfg = Debug|Win32
		{3F9D7ED7-12F0-0890-0488-13B8E5CFE3C3}.Debug|Win32.Build.0 = Debug|Win32
		{3F9D7ED7-12F0-0890-0488-13B8E5CFE3C3}.Release|Win32.ActiveCfg = Release|Win32
		{3F9D7ED7-12F0-0890-0488-13B8E5CFE3C3}.Release|Win32.Build.0 = Release|Win32
		{3F9D7ED7-12F0-0890-0488-13B8E5CFE3C3}.Debug|x64.ActiveCfg = Debug|x64
		{3F9D7ED7-12F0-0890-0488-13B8E5CFE3C3}.Debug|x64.Build.0 = Debug|x64
		{3F9D7ED7-12F0-0890-0488-13B8E5CFE3C3}.Release|x64.ActiveCfg = Release|x64
		{3F9D7ED7-12F0-0890-0488-13B8E5CFE3C3}.Release|x64.Build.0 = Release|x64
		{7253A24D-10DC-1196-0C17-BBC7471832CD}.Debug|Win32.ActiveCfg = Debug|Win32
		{7253A24D-10DC-1196-0C17-BBC7471832CD}.Debug|Win32.Build.0 = Debug|Win32
		{7253A24D-10DC-1196-0C17-BBC7471832CD}.Release|Win32.ActiveCfg = Release|Win32
		{7253A24D-10DC-1196-0C17-BBC7471832CD}.Release|Win32.Build.0 = Release|Win32
		{7253A24D-10DC-1196-0C17-BBC7471832CD}.Debug|x64.ActiveCfg = Debug|x64
		{7253A24D-10DC-1196-0C17-BBC7471832CD}.Debug|x64.Build.0 = Debug|x64
		{7253A24D-10DC-1196-0C17-BBC7471832CD}.Release|x64.ActiveCfg = Release|x64
		{7253A24D-10DC-1196-0C17-BBC7471832CD}.Release|x64.Build.0 = Release|x64
		{AF52A185-0345-0F7F-0162-71175FB5940D}.Debug|Win32.ActiveCfg = Debug|Win32
		{AF52A185-0345-0F7F-0162-71175FB5940D}.Debug|Win32.Build.0 = Debug|Win32
		{AF52A185-0345-0F7F-0162-71175FB5940D}.Release|Win32.ActiveCfg = Release|Win32
		{AF52A185-0345-0F7F-0162-71175FB5940D}.Release|Win32.Build.0 = Release|Win32
		{AF52A185-0345-0F7F-0162-71175FB5940D}.Debug|x64.ActiveCfg = Debug|x64
		{AF52A185-0345-0F7F-0162-71175FB5940D}.Debug|x64.Build.0 = Debug|x64
		{AF52A185-0345-0F7F-0162-71175FB5940D}.Release|x64.ActiveCfg = Release|x64
		{AF52A185-0345-0F7F-0162-71175FB5940D}.Release|x64.Build.0 = Release|x64
		{0B22FBD2-048E-0CA5-0E83-334B56972F85}.Debug|Win32.ActiveCfg = Debug|Win32
		{0B22FBD2-048E-0CA5-0E83-334B56972F85}.Debug|Win32.Build.0 = Debug|Win32
		{0B22FBD2-048E-0CA5-0E83-334B56972F85}.Release|Win32.ActiveCfg = Release|Win32
		{0B22FBD2-048E-0CA5-0E83-334B56972F85}.Release|Win32.Build.0 = Release|Win32
		{0B22FBD2-048E-0CA5-0E83-334B56972F85}.Debug|x64.ActiveCfg = Debug|x64
		{0B22FBD2-048E-0CA5-0E83-334B56972F85}.Debug|x64.Build.0 = Debug|x64
		{0B22FBD2-048E-0CA5-0E83-334B56972F85}.Release|x64.ActiveCfg = Release|x64
		{0B22FBD2-048E-0CA5-0E83-334B56972F85}.Release|x64.Build.0 = Release|x64
		{B0DE327C-0FF9-14B6-0FD5-8E1C26DA1BB1}.Debug|Win32.ActiveCfg = Debug|Win32
		{B0DE327C-0FF9-14B6-0FD5-8E1C26DA1BB1}.Debug|Win32.Build.0 = Debug|Win32
		{B0DE327C-0FF9-14B6-0FD5-8E1C26DA1BB1}.Release|Win32.ActiveCfg = Release|Win32
		{B0DE327C-0FF9-14B6-0FD5-8E1C26DA1BB1}.Release|Win32.Build.0 = Release|Win32
		{B0DE327C-0FF9-14B6-0FD5-8E1C26DA1BB1}.Debug|x64.ActiveCfg = Debug|x64
		{B0DE327C-0FF9-14B6-0FD5-8E1C26DA1BB1}.Debug|x64.Build.0 = Debug|x64
		{B0DE327C-0FF9-14B6-0FD5-8E1C26DA1BB1}.Release|x64.ActiveCfg = Release|x64
		{B0DE327C-0FF9-14B6-0FD5-8E1C26DA1BB1}.Release|x64.Build.0 = Release|x64
		{50233DA3-13B1-0AF3-0D2B-8B991EF1A0A6}.Debug|Win32.ActiveCfg = Debug|Win32
		{50233DA3-13B1-0AF3-0D2B-8B991EF1A0A6}.Debug|Win32.Build.0 = Debug|Win32
		{50233DA3-13B1-0AF3-0D2B-8B991EF1A0A6}.Release|Win32.ActiveCfg = Release|Win32
		{50233DA3-13B1-0AF3-0D2B-8B991EF1A0A6}.Release|Win32.Build.0 = Release|Win32
		{50233DA3-13B1-0AF3-0D2B-8B991EF1A0A6}.Debug|x64.ActiveCfg = Debug|x64
		{50233DA3-13B1-0AF3-0D2B-8B991EF1A0A6}.Debug|x64.Build.0 = Debug|x64
		{50233DA3-13B1-0AF3-0D2B-8B991EF1A0A6}.Release|x64.ActiveCfg = Release|x64
		{50233DA3-13B1-0AF3-0D2B-8B991EF1A0A6}.Release|x64.Build.0 = Release|x64
		{6A1292DE-18F5-0A6F-15A5-3F17BD2FAF46}.Debug|Win32.ActiveCfg = Debug|Win32
		{6A1292DE-18F5-0A6F-15A5-3F17BD2FAF46}.Debug|Win32.Build.0 = Debug|Win32
		{6A1292DE-18F5-0A6F-15A5-3F17BD2FAF46}.Release|Win32.ActiveCfg = Release|Win32
		{6A1292DE-18F5-0A6F-15A5-3F17BD2FAF46}.Release|Win32.Build.0 = Release|Win32
		{6A1292DE-18F5-0A6F-15A5-3F17BD2FAF46}.Debug|x64.ActiveCfg = Debug|x64
		{6A1292DE-18F5-0A6F-15A5-3F17BD2FAF46}.Debug|x64.Build.0 = Debug|x64
		{6A1292DE-18F5-0A6F-15A5-3F17BD2FAF46}.Release|x64.ActiveCfg = Release|x64
		{6A1292DE-18F5-0A6F-15A5-3F17BD2FAF46}.Release|x64.Build.0 = Release|x64
		{9C33D720-094B-0689-1906-0B647FF2E991}.Debug|Win32.ActiveCfg = Debug|Win32
		{9C33D720-094B-0689-1906-0B647FF2E991}.Debug|Win32.Build.0 = Debug|Win32
		{9C33D720-094B-0689-1906-0B647FF2E991}.Release|Win32.ActiveCfg = Release|Win32
		{9C33D720-094B-0689-1906-0B647FF2E991}.Release|Win32.Build.0 = Release|Win32
		{9C33D720-094B-0689-1906-0B647FF2E991}.Debug|x64.ActiveCfg = Debug|x64
		{9C33D720-094B-0689-1906-0B647FF2E991}.Debug|x64.Build.0 = Debug|x64
		{9C33D720-094B-0689-1906-0B647FF2E991}.Release|x64.ActiveCfg = Release|x64
		{9C33D720-094B-0689-1906-0B647FF2E991}.Release|x64.Build.0 = Release|x64
	EndGlobalSection
	GlobalSection(SolutionProperties) = preSolution
		HideSolutionNode = FALSE
	EndGlobalSection
EndGlobal
