<?xml version="1.0" encoding="utf-8"?>
<Project ToolsVersion="4.0" xmlns="http://schemas.microsoft.com/developer/msbuild/2003">
  <ItemGroup>
    <Filter Include="Source files">
      <UniqueIdentifier>{F4DEAD14-0E35-03B3-141F-9BA45441A6E8}</UniqueIdentifier>
    </Filter>
    <Filter Include="Header files">
      <UniqueIdentifier>{34F8A9BB-08C6-17FC-0551-0F4286D89917}</UniqueIdentifier>
    </Filter>
    <Filter Include="Source files\RWGltf">
      <UniqueIdentifier>{2AF2FCAB-0564-0A33-0567-950A2ACE53E7}</UniqueIdentifier>
    </Filter>
    <Filter Include="Source files\RWMesh">
      <UniqueIdentifier>{E6779F0B-05D8-1506-1212-FD943D0F5E6F}</UniqueIdentifier>
    </Filter>
    <Filter Include="Source files\RWObj">
      <UniqueIdentifier>{0102E306-0CA9-150F-0694-8FA9A2C9D5BD}</UniqueIdentifier>
    </Filter>
    <Filter Include="Source files\RWPly">
      <UniqueIdentifier>{EF70D39D-183C-121D-054A-7CA84F0E1B69}</UniqueIdentifier>
    </Filter>
    <Filter Include="Header files\RWGltf">
      <UniqueIdentifier>{29A0110C-055B-0338-06A9-082A9222DB5C}</UniqueIdentifier>
    </Filter>
    <Filter Include="Header files\RWMesh">
      <UniqueIdentifier>{6F9E1E4F-0645-147D-14B9-BBA277A73AB2}</UniqueIdentifier>
    </Filter>
    <Filter Include="Header files\RWObj">
      <UniqueIdentifier>{FEB14822-1332-0ECB-0467-7F90E8029925}</UniqueIdentifier>
    </Filter>
    <Filter Include="Header files\RWPly">
      <UniqueIdentifier>{9453529E-035D-04DF-08AE-607879857822}</UniqueIdentifier>
    </Filter>
  </ItemGroup>
  <ItemGroup>
    <ClCompile Include="..\..\..\src\RWGltf\RWGltf_CafReader.cxx">
      <Filter>Source files\RWGltf</Filter>
    </ClCompile>
    <ClCompile Include="..\..\..\src\RWGltf\RWGltf_CafWriter.cxx">
      <Filter>Source files\RWGltf</Filter>
    </ClCompile>
    <ClCompile Include="..\..\..\src\RWGltf\RWGltf_ConfigurationNode.cxx">
      <Filter>Source files\RWGltf</Filter>
    </ClCompile>
    <ClCompile Include="..\..\..\src\RWGltf\RWGltf_GltfJsonParser.cxx">
      <Filter>Source files\RWGltf</Filter>
    </ClCompile>
    <ClCompile Include="..\..\..\src\RWGltf\RWGltf_GltfLatePrimitiveArray.cxx">
      <Filter>Source files\RWGltf</Filter>
    </ClCompile>
    <ClCompile Include="..\..\..\src\RWGltf\RWGltf_GltfMaterialMap.cxx">
      <Filter>Source files\RWGltf</Filter>
    </ClCompile>
    <ClCompile Include="..\..\..\src\RWGltf\RWGltf_Provider.cxx">
      <Filter>Source files\RWGltf</Filter>
    </ClCompile>
    <ClCompile Include="..\..\..\src\RWGltf\RWGltf_TriangulationReader.cxx">
      <Filter>Source files\RWGltf</Filter>
    </ClCompile>
    <ClCompile Include="..\..\..\src\RWMesh\RWMesh.cxx">
      <Filter>Source files\RWMesh</Filter>
    </ClCompile>
    <ClCompile Include="..\..\..\src\RWMesh\RWMesh_CafReader.cxx">
      <Filter>Source files\RWMesh</Filter>
    </ClCompile>
    <ClCompile Include="..\..\..\src\RWMesh\RWMesh_CoordinateSystemConverter.cxx">
      <Filter>Source files\RWMesh</Filter>
    </ClCompile>
    <ClCompile Include="..\..\..\src\RWMesh\RWMesh_FaceIterator.cxx">
      <Filter>Source files\RWMesh</Filter>
    </ClCompile>
    <ClCompile Include="..\..\..\src\RWMesh\RWMesh_MaterialMap.cxx">
      <Filter>Source files\RWMesh</Filter>
    </ClCompile>
    <ClCompile Include="..\..\..\src\RWMesh\RWMesh_TriangulationReader.cxx">
      <Filter>Source files\RWMesh</Filter>
    </ClCompile>
    <ClCompile Include="..\..\..\src\RWMesh\RWMesh_TriangulationSource.cxx">
      <Filter>Source files\RWMesh</Filter>
    </ClCompile>
    <ClCompile Include="..\..\..\src\RWObj\RWObj.cxx">
      <Filter>Source files\RWObj</Filter>
    </ClCompile>
    <ClCompile Include="..\..\..\src\RWObj\RWObj_CafReader.cxx">
      <Filter>Source files\RWObj</Filter>
    </ClCompile>
    <ClCompile Include="..\..\..\src\RWObj\RWObj_CafWriter.cxx">
      <Filter>Source files\RWObj</Filter>
    </ClCompile>
    <ClCompile Include="..\..\..\src\RWObj\RWObj_ConfigurationNode.cxx">
      <Filter>Source files\RWObj</Filter>
    </ClCompile>
    <ClCompile Include="..\..\..\src\RWObj\RWObj_MtlReader.cxx">
      <Filter>Source files\RWObj</Filter>
    </ClCompile>
    <ClCompile Include="..\..\..\src\RWObj\RWObj_ObjMaterialMap.cxx">
      <Filter>Source files\RWObj</Filter>
    </ClCompile>
    <ClCompile Include="..\..\..\src\RWObj\RWObj_ObjWriterContext.cxx">
      <Filter>Source files\RWObj</Filter>
    </ClCompile>
    <ClCompile Include="..\..\..\src\RWObj\RWObj_Provider.cxx">
      <Filter>Source files\RWObj</Filter>
    </ClCompile>
    <ClCompile Include="..\..\..\src\RWObj\RWObj_Reader.cxx">
      <Filter>Source files\RWObj</Filter>
    </ClCompile>
    <ClCompile Include="..\..\..\src\RWObj\RWObj_TriangulationReader.cxx">
      <Filter>Source files\RWObj</Filter>
    </ClCompile>
    <ClCompile Include="..\..\..\src\RWPly\RWPly_CafWriter.cxx">
      <Filter>Source files\RWPly</Filter>
    </ClCompile>
    <ClCompile Include="..\..\..\src\RWPly\RWPly_ConfigurationNode.cxx">
      <Filter>Source files\RWPly</Filter>
    </ClCompile>
    <ClCompile Include="..\..\..\src\RWPly\RWPly_PlyWriterContext.cxx">
      <Filter>Source files\RWPly</Filter>
    </ClCompile>
    <ClCompile Include="..\..\..\src\RWPly\RWPly_Provider.cxx">
      <Filter>Source files\RWPly</Filter>
    </ClCompile>
  </ItemGroup>
  <ItemGroup>
    <ClInclude Include="..\..\..\src\RWGltf\RWGltf_CafReader.hxx">
      <Filter>Header files\RWGltf</Filter>
    </ClInclude>
    <ClInclude Include="..\..\..\src\RWGltf\RWGltf_CafWriter.hxx">
      <Filter>Header files\RWGltf</Filter>
    </ClInclude>
    <ClInclude Include="..\..\..\src\RWGltf\RWGltf_ConfigurationNode.hxx">
      <Filter>Header files\RWGltf</Filter>
    </ClInclude>
    <ClInclude Include="..\..\..\src\RWGltf\RWGltf_DracoParameters.hxx">
      <Filter>Header files\RWGltf</Filter>
    </ClInclude>
    <ClInclude Include="..\..\..\src\RWGltf\RWGltf_GltfAccessor.hxx">
      <Filter>Header files\RWGltf</Filter>
    </ClInclude>
    <ClInclude Include="..\..\..\src\RWGltf\RWGltf_GltfAccessorCompType.hxx">
      <Filter>Header files\RWGltf</Filter>
    </ClInclude>
    <ClInclude Include="..\..\..\src\RWGltf\RWGltf_GltfAccessorLayout.hxx">
      <Filter>Header files\RWGltf</Filter>
    </ClInclude>
    <ClInclude Include="..\..\..\src\RWGltf\RWGltf_GltfAlphaMode.hxx">
      <Filter>Header files\RWGltf</Filter>
    </ClInclude>
    <ClInclude Include="..\..\..\src\RWGltf\RWGltf_GltfArrayType.hxx">
      <Filter>Header files\RWGltf</Filter>
    </ClInclude>
    <ClInclude Include="..\..\..\src\RWGltf\RWGltf_GltfBufferView.hxx">
      <Filter>Header files\RWGltf</Filter>
    </ClInclude>
    <ClInclude Include="..\..\..\src\RWGltf\RWGltf_GltfBufferViewTarget.hxx">
      <Filter>Header files\RWGltf</Filter>
    </ClInclude>
    <ClInclude Include="..\..\..\src\RWGltf\RWGltf_GltfFace.hxx">
      <Filter>Header files\RWGltf</Filter>
    </ClInclude>
    <ClInclude Include="..\..\..\src\RWGltf\RWGltf_GltfJsonParser.hxx">
      <Filter>Header files\RWGltf</Filter>
    </ClInclude>
    <ClInclude Include="..\..\..\src\RWGltf\RWGltf_GltfLatePrimitiveArray.hxx">
      <Filter>Header files\RWGltf</Filter>
    </ClInclude>
    <ClInclude Include="..\..\..\src\RWGltf\RWGltf_GltfMaterialMap.hxx">
      <Filter>Header files\RWGltf</Filter>
    </ClInclude>
    <ClInclude Include="..\..\..\src\RWGltf\RWGltf_GltfOStreamWriter.hxx">
      <Filter>Header files\RWGltf</Filter>
    </ClInclude>
    <ClInclude Include="..\..\..\src\RWGltf\RWGltf_GltfPrimArrayData.hxx">
      <Filter>Header files\RWGltf</Filter>
    </ClInclude>
    <ClInclude Include="..\..\..\src\RWGltf\RWGltf_GltfPrimitiveMode.hxx">
      <Filter>Header files\RWGltf</Filter>
    </ClInclude>
    <ClInclude Include="..\..\..\src\RWGltf\RWGltf_GltfRootElement.hxx">
      <Filter>Header files\RWGltf</Filter>
    </ClInclude>
    <ClInclude Include="..\..\..\src\RWGltf\RWGltf_GltfSceneNodeMap.hxx">
      <Filter>Header files\RWGltf</Filter>
    </ClInclude>
    <ClInclude Include="..\..\..\src\RWGltf\RWGltf_MaterialCommon.hxx">
      <Filter>Header files\RWGltf</Filter>
    </ClInclude>
    <ClInclude Include="..\..\..\src\RWGltf\RWGltf_MaterialMetallicRoughness.hxx">
      <Filter>Header files\RWGltf</Filter>
    </ClInclude>
    <ClInclude Include="..\..\..\src\RWGltf\RWGltf_Provider.hxx">
      <Filter>Header files\RWGltf</Filter>
    </ClInclude>
    <ClInclude Include="..\..\..\src\RWGltf\RWGltf_TriangulationReader.hxx">
      <Filter>Header files\RWGltf</Filter>
    </ClInclude>
    <ClInclude Include="..\..\..\src\RWGltf\RWGltf_WriterTrsfFormat.hxx">
      <Filter>Header files\RWGltf</Filter>
    </ClInclude>
    <ClInclude Include="..\..\..\src\RWMesh\RWMesh.hxx">
      <Filter>Header files\RWMesh</Filter>
    </ClInclude>
    <ClInclude Include="..\..\..\src\RWMesh\RWMesh_CafReader.hxx">
      <Filter>Header files\RWMesh</Filter>
    </ClInclude>
    <ClInclude Include="..\..\..\src\RWMesh\RWMesh_CoordinateSystem.hxx">
      <Filter>Header files\RWMesh</Filter>
    </ClInclude>
    <ClInclude Include="..\..\..\src\RWMesh\RWMesh_CoordinateSystemConverter.hxx">
      <Filter>Header files\RWMesh</Filter>
    </ClInclude>
    <ClInclude Include="..\..\..\src\RWMesh\RWMesh_FaceIterator.hxx">
      <Filter>Header files\RWMesh</Filter>
    </ClInclude>
    <ClInclude Include="..\..\..\src\RWMesh\RWMesh_MaterialMap.hxx">
      <Filter>Header files\RWMesh</Filter>
    </ClInclude>
    <ClInclude Include="..\..\..\src\RWMesh\RWMesh_NameFormat.hxx">
      <Filter>Header files\RWMesh</Filter>
    </ClInclude>
    <ClInclude Include="..\..\..\src\RWMesh\RWMesh_NodeAttributes.hxx">
      <Filter>Header files\RWMesh</Filter>
    </ClInclude>
    <ClInclude Include="..\..\..\src\RWMesh\RWMesh_TriangulationReader.hxx">
      <Filter>Header files\RWMesh</Filter>
    </ClInclude>
    <ClInclude Include="..\..\..\src\RWMesh\RWMesh_TriangulationSource.hxx">
      <Filter>Header files\RWMesh</Filter>
    </ClInclude>
    <ClInclude Include="..\..\..\src\RWObj\RWObj.hxx">
      <Filter>Header files\RWObj</Filter>
    </ClInclude>
    <ClInclude Include="..\..\..\src\RWObj\RWObj_CafReader.hxx">
      <Filter>Header files\RWObj</Filter>
    </ClInclude>
    <ClInclude Include="..\..\..\src\RWObj\RWObj_CafWriter.hxx">
      <Filter>Header files\RWObj</Filter>
    </ClInclude>
    <ClInclude Include="..\..\..\src\RWObj\RWObj_ConfigurationNode.hxx">
      <Filter>Header files\RWObj</Filter>
    </ClInclude>
    <ClInclude Include="..\..\..\src\RWObj\RWObj_Material.hxx">
      <Filter>Header files\RWObj</Filter>
    </ClInclude>
    <ClInclude Include="..\..\..\src\RWObj\RWObj_MtlReader.hxx">
      <Filter>Header files\RWObj</Filter>
    </ClInclude>
    <ClInclude Include="..\..\..\src\RWObj\RWObj_ObjMaterialMap.hxx">
      <Filter>Header files\RWObj</Filter>
    </ClInclude>
    <ClInclude Include="..\..\..\src\RWObj\RWObj_ObjWriterContext.hxx">
      <Filter>Header files\RWObj</Filter>
    </ClInclude>
    <ClInclude Include="..\..\..\src\RWObj\RWObj_Provider.hxx">
      <Filter>Header files\RWObj</Filter>
    </ClInclude>
    <ClInclude Include="..\..\..\src\RWObj\RWObj_Reader.hxx">
      <Filter>Header files\RWObj</Filter>
    </ClInclude>
    <ClInclude Include="..\..\..\src\RWObj\RWObj_SubMesh.hxx">
      <Filter>Header files\RWObj</Filter>
    </ClInclude>
    <ClInclude Include="..\..\..\src\RWObj\RWObj_SubMeshReason.hxx">
      <Filter>Header files\RWObj</Filter>
    </ClInclude>
    <ClInclude Include="..\..\..\src\RWObj\RWObj_Tools.hxx">
      <Filter>Header files\RWObj</Filter>
    </ClInclude>
    <ClInclude Include="..\..\..\src\RWObj\RWObj_TriangulationReader.hxx">
      <Filter>Header files\RWObj</Filter>
    </ClInclude>
    <ClInclude Include="..\..\..\src\RWPly\RWPly_CafWriter.hxx">
      <Filter>Header files\RWPly</Filter>
    </ClInclude>
    <ClInclude Include="..\..\..\src\RWPly\RWPly_ConfigurationNode.hxx">
      <Filter>Header files\RWPly</Filter>
    </ClInclude>
    <ClInclude Include="..\..\..\src\RWPly\RWPly_PlyWriterContext.hxx">
      <Filter>Header files\RWPly</Filter>
    </ClInclude>
    <ClInclude Include="..\..\..\src\RWPly\RWPly_Provider.hxx">
      <Filter>Header files\RWPly</Filter>
    </ClInclude>
  </ItemGroup>
  <ItemGroup>
    <ResourceCompile Include="TKRWMesh.rc" />
  </ItemGroup>
</Project>
