Microsoft Visual Studio Solution File, Format Version 12.00
# Visual Studio 2012
Project("{8BC9CEB8-8B4A-11D0-8D11-00A0C91BC942}") = "TKXDE", "TKXDE.vcxproj", "{F3A7D8B9-04FB-182F-04F0-942F64B357C3}"
EndProject
Project("{8BC9CEB8-8B4A-11D0-8D11-00A0C91BC942}") = "TKExpress", "TKExpress.vcxproj", "{46E35DEF-1356-043C-0DB8-25351EC2579F}"
EndProject
Project("{8BC9CEB8-8B4A-11D0-8D11-00A0C91BC942}") = "TKXCAF", "TKXCAF.vcxproj", "{069F316B-157E-0A22-0382-30D0B5D638EB}"
EndProject
Project("{8BC9CEB8-8B4A-11D0-8D11-00A0C91BC942}") = "TKXSBase", "TKXSBase.vcxproj", "{32FAE44F-0B95-100C-15A3-3A4F592F5CB0}"
EndProject
Project("{8BC9CEB8-8B4A-11D0-8D11-00A0C91BC942}") = "TKSTL", "TKSTL.vcxproj", "{6E34C184-13C8-0089-0C3A-021A76173B08}"
	ProjectSection(ProjectDependencies) = postProject
		{F3A7D8B9-04FB-182F-04F0-942F64B357C3} = {F3A7D8B9-04FB-182F-04F0-942F64B357C3}
		{069F316B-157E-0A22-0382-30D0B5D638EB} = {069F316B-157E-0A22-0382-30D0B5D638EB}
	EndProjectSection
EndProject
Project("{8BC9CEB8-8B4A-11D0-8D11-00A0C91BC942}") = "TKXmlXCAF", "TKXmlXCAF.vcxproj", "{249DC17F-15CA-11FF-14ED-F20D5B4AFCEE}"
	ProjectSection(ProjectDependencies) = postProject
		{069F316B-157E-0A22-0382-30D0B5D638EB} = {069F316B-157E-0A22-0382-30D0B5D638EB}
	EndProjectSection
EndProject
Project("{8BC9CEB8-8B4A-11D0-8D11-00A0C91BC942}") = "TKBinXCAF", "TKBinXCAF.vcxproj", "{239E2266-1048-0388-0553-69C7A8B313F1}"
	ProjectSection(ProjectDependencies) = postProject
		{069F316B-157E-0A22-0382-30D0B5D638EB} = {069F316B-157E-0A22-0382-30D0B5D638EB}
	EndProjectSection
EndProject
Project("{8BC9CEB8-8B4A-11D0-8D11-00A0C91BC942}") = "TKRWMesh", "TKRWMesh.vcxproj", "{E237AD4B-0128-11DA-186D-7071E84646FB}"
	ProjectSection(ProjectDependencies) = postProject
		{069F316B-157E-0A22-0382-30D0B5D638EB} = {069F316B-157E-0A22-0382-30D0B5D638EB}
		{F3A7D8B9-04FB-182F-04F0-942F64B357C3} = {F3A7D8B9-04FB-182F-04F0-942F64B357C3}
	EndProjectSection
EndProject
Project("{8BC9CEB8-8B4A-11D0-8D11-00A0C91BC942}") = "TKSTEPBase", "TKSTEPBase.vcxproj", "{DE249373-11CA-057C-09DC-1D79AE1FC46C}"
	ProjectSection(ProjectDependencies) = postProject
		{32FAE44F-0B95-100C-15A3-3A4F592F5CB0} = {32FAE44F-0B95-100C-15A3-3A4F592F5CB0}
	EndProjectSection
EndProject
Project("{8BC9CEB8-8B4A-11D0-8D11-00A0C91BC942}") = "TKIGES", "TKIGES.vcxproj", "{9895B288-13C3-068C-12E1-B520F987BD55}"
	ProjectSection(ProjectDependencies) = postProject
		{32FAE44F-0B95-100C-15A3-3A4F592F5CB0} = {32FAE44F-0B95-100C-15A3-3A4F592F5CB0}
	EndProjectSection
EndProject
Project("{8BC9CEB8-8B4A-11D0-8D11-00A0C91BC942}") = "TKXDECascade", "TKXDECascade.vcxproj", "{9F4D1047-0056-04BA-05F2-2796DA20CC8C}"
	ProjectSection(ProjectDependencies) = postProject
		{239E2266-1048-0388-0553-69C7A8B313F1} = {239E2266-1048-0388-0553-69C7A8B313F1}
		{249DC17F-15CA-11FF-14ED-F20D5B4AFCEE} = {249DC17F-15CA-11FF-14ED-F20D5B4AFCEE}
		{F3A7D8B9-04FB-182F-04F0-942F64B357C3} = {F3A7D8B9-04FB-182F-04F0-942F64B357C3}
		{069F316B-157E-0A22-0382-30D0B5D638EB} = {069F316B-157E-0A22-0382-30D0B5D638EB}
	EndProjectSection
EndProject
Project("{8BC9CEB8-8B4A-11D0-8D11-00A0C91BC942}") = "TKVRML", "TKVRML.vcxproj", "{55158D5F-1813-0A4D-1742-48EF0C46000D}"
	ProjectSection(ProjectDependencies) = postProject
		{F3A7D8B9-04FB-182F-04F0-942F64B357C3} = {F3A7D8B9-04FB-182F-04F0-942F64B357C3}
		{E237AD4B-0128-11DA-186D-7071E84646FB} = {E237AD4B-0128-11DA-186D-7071E84646FB}
		{069F316B-157E-0A22-0382-30D0B5D638EB} = {069F316B-157E-0A22-0382-30D0B5D638EB}
		{32FAE44F-0B95-100C-15A3-3A4F592F5CB0} = {32FAE44F-0B95-100C-15A3-3A4F592F5CB0}
	EndProjectSection
EndProject
Project("{8BC9CEB8-8B4A-11D0-8D11-00A0C91BC942}") = "TKSTEPAttr", "TKSTEPAttr.vcxproj", "{AD65020C-0DBC-0E60-051C-AA0B31C4D97D}"
	ProjectSection(ProjectDependencies) = postProject
		{32FAE44F-0B95-100C-15A3-3A4F592F5CB0} = {32FAE44F-0B95-100C-15A3-3A4F592F5CB0}
		{DE249373-11CA-057C-09DC-1D79AE1FC46C} = {DE249373-11CA-057C-09DC-1D79AE1FC46C}
	EndProjectSection
EndProject
Project("{8BC9CEB8-8B4A-11D0-8D11-00A0C91BC942}") = "TKSTEP209", "TKSTEP209.vcxproj", "{A2B587F3-115C-082A-0708-29EC655F198B}"
	ProjectSection(ProjectDependencies) = postProject
		{32FAE44F-0B95-100C-15A3-3A4F592F5CB0} = {32FAE44F-0B95-100C-15A3-3A4F592F5CB0}
		{DE249373-11CA-057C-09DC-1D79AE1FC46C} = {DE249373-11CA-057C-09DC-1D79AE1FC46C}
	EndProjectSection
EndProject
Project("{8BC9CEB8-8B4A-11D0-8D11-00A0C91BC942}") = "TKXDEIGES", "TKXDEIGES.vcxproj", "{8620F9FD-0A34-11A6-046D-37C0442FDC94}"
	ProjectSection(ProjectDependencies) = postProject
		{F3A7D8B9-04FB-182F-04F0-942F64B357C3} = {F3A7D8B9-04FB-182F-04F0-942F64B357C3}
		{32FAE44F-0B95-100C-15A3-3A4F592F5CB0} = {32FAE44F-0B95-100C-15A3-3A4F592F5CB0}
		{069F316B-157E-0A22-0382-30D0B5D638EB} = {069F316B-157E-0A22-0382-30D0B5D638EB}
		{9895B288-13C3-068C-12E1-B520F987BD55} = {9895B288-13C3-068C-12E1-B520F987BD55}
	EndProjectSection
EndProject
Project("{8BC9CEB8-8B4A-11D0-8D11-00A0C91BC942}") = "TKSTEP", "TKSTEP.vcxproj", "{3AACF5A3-13F0-11E3-133D-124CC86EE31F}"
	ProjectSection(ProjectDependencies) = postProject
		{AD65020C-0DBC-0E60-051C-AA0B31C4D97D} = {AD65020C-0DBC-0E60-051C-AA0B31C4D97D}
		{A2B587F3-115C-082A-0708-29EC655F198B} = {A2B587F3-115C-082A-0708-29EC655F198B}
		{DE249373-11CA-057C-09DC-1D79AE1FC46C} = {DE249373-11CA-057C-09DC-1D79AE1FC46C}
		{32FAE44F-0B95-100C-15A3-3A4F592F5CB0} = {32FAE44F-0B95-100C-15A3-3A4F592F5CB0}
	EndProjectSection
EndProject
Project("{8BC9CEB8-8B4A-11D0-8D11-00A0C91BC942}") = "TKXDESTEP", "TKXDESTEP.vcxproj", "{0110A6CE-044C-0780-090D-5CF92FEBBD79}"
	ProjectSection(ProjectDependencies) = postProject
		{F3A7D8B9-04FB-182F-04F0-942F64B357C3} = {F3A7D8B9-04FB-182F-04F0-942F64B357C3}
		{AD65020C-0DBC-0E60-051C-AA0B31C4D97D} = {AD65020C-0DBC-0E60-051C-AA0B31C4D97D}
		{32FAE44F-0B95-100C-15A3-3A4F592F5CB0} = {32FAE44F-0B95-100C-15A3-3A4F592F5CB0}
		{DE249373-11CA-057C-09DC-1D79AE1FC46C} = {DE249373-11CA-057C-09DC-1D79AE1FC46C}
		{069F316B-157E-0A22-0382-30D0B5D638EB} = {069F316B-157E-0A22-0382-30D0B5D638EB}
		{3AACF5A3-13F0-11E3-133D-124CC86EE31F} = {3AACF5A3-13F0-11E3-133D-124CC86EE31F}
	EndProjectSection
EndProject
Project("{8BC9CEB8-8B4A-11D0-8D11-00A0C91BC942}") = "ExpToCasExe", "ExpToCasExe.vcxproj", "{E45805A4-0316-10D0-0F56-8729FCD57741}"
	ProjectSection(ProjectDependencies) = postProject
		{46E35DEF-1356-043C-0DB8-25351EC2579F} = {46E35DEF-1356-043C-0DB8-25351EC2579F}
	EndProjectSection
EndProject
Global
	GlobalSection(SolutionConfigurationPlatforms) = preSolution
		Debug|Win32 = Debug|Win32
		Release|Win32 = Release|Win32
		Debug|x64 = Debug|x64
		Release|x64 = Release|x64
	EndGlobalSection
	GlobalSection(ProjectConfigurationPlatforms) = postSolution
		{F3A7D8B9-04FB-182F-04F0-942F64B357C3}.Debug|Win32.ActiveCfg = Debug|Win32
		{F3A7D8B9-04FB-182F-04F0-942F64B357C3}.Debug|Win32.Build.0 = Debug|Win32
		{F3A7D8B9-04FB-182F-04F0-942F64B357C3}.Release|Win32.ActiveCfg = Release|Win32
		{F3A7D8B9-04FB-182F-04F0-942F64B357C3}.Release|Win32.Build.0 = Release|Win32
		{F3A7D8B9-04FB-182F-04F0-942F64B357C3}.Debug|x64.ActiveCfg = Debug|x64
		{F3A7D8B9-04FB-182F-04F0-942F64B357C3}.Debug|x64.Build.0 = Debug|x64
		{F3A7D8B9-04FB-182F-04F0-942F64B357C3}.Release|x64.ActiveCfg = Release|x64
		{F3A7D8B9-04FB-182F-04F0-942F64B357C3}.Release|x64.Build.0 = Release|x64
		{46E35DEF-1356-043C-0DB8-25351EC2579F}.Debug|Win32.ActiveCfg = Debug|Win32
		{46E35DEF-1356-043C-0DB8-25351EC2579F}.Debug|Win32.Build.0 = Debug|Win32
		{46E35DEF-1356-043C-0DB8-25351EC2579F}.Release|Win32.ActiveCfg = Release|Win32
		{46E35DEF-1356-043C-0DB8-25351EC2579F}.Release|Win32.Build.0 = Release|Win32
		{46E35DEF-1356-043C-0DB8-25351EC2579F}.Debug|x64.ActiveCfg = Debug|x64
		{46E35DEF-1356-043C-0DB8-25351EC2579F}.Debug|x64.Build.0 = Debug|x64
		{46E35DEF-1356-043C-0DB8-25351EC2579F}.Release|x64.ActiveCfg = Release|x64
		{46E35DEF-1356-043C-0DB8-25351EC2579F}.Release|x64.Build.0 = Release|x64
		{069F316B-157E-0A22-0382-30D0B5D638EB}.Debug|Win32.ActiveCfg = Debug|Win32
		{069F316B-157E-0A22-0382-30D0B5D638EB}.Debug|Win32.Build.0 = Debug|Win32
		{069F316B-157E-0A22-0382-30D0B5D638EB}.Release|Win32.ActiveCfg = Release|Win32
		{069F316B-157E-0A22-0382-30D0B5D638EB}.Release|Win32.Build.0 = Release|Win32
		{069F316B-157E-0A22-0382-30D0B5D638EB}.Debug|x64.ActiveCfg = Debug|x64
		{069F316B-157E-0A22-0382-30D0B5D638EB}.Debug|x64.Build.0 = Debug|x64
		{069F316B-157E-0A22-0382-30D0B5D638EB}.Release|x64.ActiveCfg = Release|x64
		{069F316B-157E-0A22-0382-30D0B5D638EB}.Release|x64.Build.0 = Release|x64
		{32FAE44F-0B95-100C-15A3-3A4F592F5CB0}.Debug|Win32.ActiveCfg = Debug|Win32
		{32FAE44F-0B95-100C-15A3-3A4F592F5CB0}.Debug|Win32.Build.0 = Debug|Win32
		{32FAE44F-0B95-100C-15A3-3A4F592F5CB0}.Release|Win32.ActiveCfg = Release|Win32
		{32FAE44F-0B95-100C-15A3-3A4F592F5CB0}.Release|Win32.Build.0 = Release|Win32
		{32FAE44F-0B95-100C-15A3-3A4F592F5CB0}.Debug|x64.ActiveCfg = Debug|x64
		{32FAE44F-0B95-100C-15A3-3A4F592F5CB0}.Debug|x64.Build.0 = Debug|x64
		{32FAE44F-0B95-100C-15A3-3A4F592F5CB0}.Release|x64.ActiveCfg = Release|x64
		{32FAE44F-0B95-100C-15A3-3A4F592F5CB0}.Release|x64.Build.0 = Release|x64
		{6E34C184-13C8-0089-0C3A-021A76173B08}.Debug|Win32.ActiveCfg = Debug|Win32
		{6E34C184-13C8-0089-0C3A-021A76173B08}.Debug|Win32.Build.0 = Debug|Win32
		{6E34C184-13C8-0089-0C3A-021A76173B08}.Release|Win32.ActiveCfg = Release|Win32
		{6E34C184-13C8-0089-0C3A-021A76173B08}.Release|Win32.Build.0 = Release|Win32
		{6E34C184-13C8-0089-0C3A-021A76173B08}.Debug|x64.ActiveCfg = Debug|x64
		{6E34C184-13C8-0089-0C3A-021A76173B08}.Debug|x64.Build.0 = Debug|x64
		{6E34C184-13C8-0089-0C3A-021A76173B08}.Release|x64.ActiveCfg = Release|x64
		{6E34C184-13C8-0089-0C3A-021A76173B08}.Release|x64.Build.0 = Release|x64
		{249DC17F-15CA-11FF-14ED-F20D5B4AFCEE}.Debug|Win32.ActiveCfg = Debug|Win32
		{249DC17F-15CA-11FF-14ED-F20D5B4AFCEE}.Debug|Win32.Build.0 = Debug|Win32
		{249DC17F-15CA-11FF-14ED-F20D5B4AFCEE}.Release|Win32.ActiveCfg = Release|Win32
		{249DC17F-15CA-11FF-14ED-F20D5B4AFCEE}.Release|Win32.Build.0 = Release|Win32
		{249DC17F-15CA-11FF-14ED-F20D5B4AFCEE}.Debug|x64.ActiveCfg = Debug|x64
		{249DC17F-15CA-11FF-14ED-F20D5B4AFCEE}.Debug|x64.Build.0 = Debug|x64
		{249DC17F-15CA-11FF-14ED-F20D5B4AFCEE}.Release|x64.ActiveCfg = Release|x64
		{249DC17F-15CA-11FF-14ED-F20D5B4AFCEE}.Release|x64.Build.0 = Release|x64
		{239E2266-1048-0388-0553-69C7A8B313F1}.Debug|Win32.ActiveCfg = Debug|Win32
		{239E2266-1048-0388-0553-69C7A8B313F1}.Debug|Win32.Build.0 = Debug|Win32
		{239E2266-1048-0388-0553-69C7A8B313F1}.Release|Win32.ActiveCfg = Release|Win32
		{239E2266-1048-0388-0553-69C7A8B313F1}.Release|Win32.Build.0 = Release|Win32
		{239E2266-1048-0388-0553-69C7A8B313F1}.Debug|x64.ActiveCfg = Debug|x64
		{239E2266-1048-0388-0553-69C7A8B313F1}.Debug|x64.Build.0 = Debug|x64
		{239E2266-1048-0388-0553-69C7A8B313F1}.Release|x64.ActiveCfg = Release|x64
		{239E2266-1048-0388-0553-69C7A8B313F1}.Release|x64.Build.0 = Release|x64
		{E237AD4B-0128-11DA-186D-7071E84646FB}.Debug|Win32.ActiveCfg = Debug|Win32
		{E237AD4B-0128-11DA-186D-7071E84646FB}.Debug|Win32.Build.0 = Debug|Win32
		{E237AD4B-0128-11DA-186D-7071E84646FB}.Release|Win32.ActiveCfg = Release|Win32
		{E237AD4B-0128-11DA-186D-7071E84646FB}.Release|Win32.Build.0 = Release|Win32
		{E237AD4B-0128-11DA-186D-7071E84646FB}.Debug|x64.ActiveCfg = Debug|x64
		{E237AD4B-0128-11DA-186D-7071E84646FB}.Debug|x64.Build.0 = Debug|x64
		{E237AD4B-0128-11DA-186D-7071E84646FB}.Release|x64.ActiveCfg = Release|x64
		{E237AD4B-0128-11DA-186D-7071E84646FB}.Release|x64.Build.0 = Release|x64
		{DE249373-11CA-057C-09DC-1D79AE1FC46C}.Debug|Win32.ActiveCfg = Debug|Win32
		{DE249373-11CA-057C-09DC-1D79AE1FC46C}.Debug|Win32.Build.0 = Debug|Win32
		{DE249373-11CA-057C-09DC-1D79AE1FC46C}.Release|Win32.ActiveCfg = Release|Win32
		{DE249373-11CA-057C-09DC-1D79AE1FC46C}.Release|Win32.Build.0 = Release|Win32
		{DE249373-11CA-057C-09DC-1D79AE1FC46C}.Debug|x64.ActiveCfg = Debug|x64
		{DE249373-11CA-057C-09DC-1D79AE1FC46C}.Debug|x64.Build.0 = Debug|x64
		{DE249373-11CA-057C-09DC-1D79AE1FC46C}.Release|x64.ActiveCfg = Release|x64
		{DE249373-11CA-057C-09DC-1D79AE1FC46C}.Release|x64.Build.0 = Release|x64
		{9895B288-13C3-068C-12E1-B520F987BD55}.Debug|Win32.ActiveCfg = Debug|Win32
		{9895B288-13C3-068C-12E1-B520F987BD55}.Debug|Win32.Build.0 = Debug|Win32
		{9895B288-13C3-068C-12E1-B520F987BD55}.Release|Win32.ActiveCfg = Release|Win32
		{9895B288-13C3-068C-12E1-B520F987BD55}.Release|Win32.Build.0 = Release|Win32
		{9895B288-13C3-068C-12E1-B520F987BD55}.Debug|x64.ActiveCfg = Debug|x64
		{9895B288-13C3-068C-12E1-B520F987BD55}.Debug|x64.Build.0 = Debug|x64
		{9895B288-13C3-068C-12E1-B520F987BD55}.Release|x64.ActiveCfg = Release|x64
		{9895B288-13C3-068C-12E1-B520F987BD55}.Release|x64.Build.0 = Release|x64
		{9F4D1047-0056-04BA-05F2-2796DA20CC8C}.Debug|Win32.ActiveCfg = Debug|Win32
		{9F4D1047-0056-04BA-05F2-2796DA20CC8C}.Debug|Win32.Build.0 = Debug|Win32
		{9F4D1047-0056-04BA-05F2-2796DA20CC8C}.Release|Win32.ActiveCfg = Release|Win32
		{9F4D1047-0056-04BA-05F2-2796DA20CC8C}.Release|Win32.Build.0 = Release|Win32
		{9F4D1047-0056-04BA-05F2-2796DA20CC8C}.Debug|x64.ActiveCfg = Debug|x64
		{9F4D1047-0056-04BA-05F2-2796DA20CC8C}.Debug|x64.Build.0 = Debug|x64
		{9F4D1047-0056-04BA-05F2-2796DA20CC8C}.Release|x64.ActiveCfg = Release|x64
		{9F4D1047-0056-04BA-05F2-2796DA20CC8C}.Release|x64.Build.0 = Release|x64
		{55158D5F-1813-0A4D-1742-48EF0C46000D}.Debug|Win32.ActiveCfg = Debug|Win32
		{55158D5F-1813-0A4D-1742-48EF0C46000D}.Debug|Win32.Build.0 = Debug|Win32
		{55158D5F-1813-0A4D-1742-48EF0C46000D}.Release|Win32.ActiveCfg = Release|Win32
		{55158D5F-1813-0A4D-1742-48EF0C46000D}.Release|Win32.Build.0 = Release|Win32
		{55158D5F-1813-0A4D-1742-48EF0C46000D}.Debug|x64.ActiveCfg = Debug|x64
		{55158D5F-1813-0A4D-1742-48EF0C46000D}.Debug|x64.Build.0 = Debug|x64
		{55158D5F-1813-0A4D-1742-48EF0C46000D}.Release|x64.ActiveCfg = Release|x64
		{55158D5F-1813-0A4D-1742-48EF0C46000D}.Release|x64.Build.0 = Release|x64
		{AD65020C-0DBC-0E60-051C-AA0B31C4D97D}.Debug|Win32.ActiveCfg = Debug|Win32
		{AD65020C-0DBC-0E60-051C-AA0B31C4D97D}.Debug|Win32.Build.0 = Debug|Win32
		{AD65020C-0DBC-0E60-051C-AA0B31C4D97D}.Release|Win32.ActiveCfg = Release|Win32
		{AD65020C-0DBC-0E60-051C-AA0B31C4D97D}.Release|Win32.Build.0 = Release|Win32
		{AD65020C-0DBC-0E60-051C-AA0B31C4D97D}.Debug|x64.ActiveCfg = Debug|x64
		{AD65020C-0DBC-0E60-051C-AA0B31C4D97D}.Debug|x64.Build.0 = Debug|x64
		{AD65020C-0DBC-0E60-051C-AA0B31C4D97D}.Release|x64.ActiveCfg = Release|x64
		{AD65020C-0DBC-0E60-051C-AA0B31C4D97D}.Release|x64.Build.0 = Release|x64
		{A2B587F3-115C-082A-0708-29EC655F198B}.Debug|Win32.ActiveCfg = Debug|Win32
		{A2B587F3-115C-082A-0708-29EC655F198B}.Debug|Win32.Build.0 = Debug|Win32
		{A2B587F3-115C-082A-0708-29EC655F198B}.Release|Win32.ActiveCfg = Release|Win32
		{A2B587F3-115C-082A-0708-29EC655F198B}.Release|Win32.Build.0 = Release|Win32
		{A2B587F3-115C-082A-0708-29EC655F198B}.Debug|x64.ActiveCfg = Debug|x64
		{A2B587F3-115C-082A-0708-29EC655F198B}.Debug|x64.Build.0 = Debug|x64
		{A2B587F3-115C-082A-0708-29EC655F198B}.Release|x64.ActiveCfg = Release|x64
		{A2B587F3-115C-082A-0708-29EC655F198B}.Release|x64.Build.0 = Release|x64
		{8620F9FD-0A34-11A6-046D-37C0442FDC94}.Debug|Win32.ActiveCfg = Debug|Win32
		{8620F9FD-0A34-11A6-046D-37C0442FDC94}.Debug|Win32.Build.0 = Debug|Win32
		{8620F9FD-0A34-11A6-046D-37C0442FDC94}.Release|Win32.ActiveCfg = Release|Win32
		{8620F9FD-0A34-11A6-046D-37C0442FDC94}.Release|Win32.Build.0 = Release|Win32
		{8620F9FD-0A34-11A6-046D-37C0442FDC94}.Debug|x64.ActiveCfg = Debug|x64
		{8620F9FD-0A34-11A6-046D-37C0442FDC94}.Debug|x64.Build.0 = Debug|x64
		{8620F9FD-0A34-11A6-046D-37C0442FDC94}.Release|x64.ActiveCfg = Release|x64
		{8620F9FD-0A34-11A6-046D-37C0442FDC94}.Release|x64.Build.0 = Release|x64
		{3AACF5A3-13F0-11E3-133D-124CC86EE31F}.Debug|Win32.ActiveCfg = Debug|Win32
		{3AACF5A3-13F0-11E3-133D-124CC86EE31F}.Debug|Win32.Build.0 = Debug|Win32
		{3AACF5A3-13F0-11E3-133D-124CC86EE31F}.Release|Win32.ActiveCfg = Release|Win32
		{3AACF5A3-13F0-11E3-133D-124CC86EE31F}.Release|Win32.Build.0 = Release|Win32
		{3AACF5A3-13F0-11E3-133D-124CC86EE31F}.Debug|x64.ActiveCfg = Debug|x64
		{3AACF5A3-13F0-11E3-133D-124CC86EE31F}.Debug|x64.Build.0 = Debug|x64
		{3AACF5A3-13F0-11E3-133D-124CC86EE31F}.Release|x64.ActiveCfg = Release|x64
		{3AACF5A3-13F0-11E3-133D-124CC86EE31F}.Release|x64.Build.0 = Release|x64
		{0110A6CE-044C-0780-090D-5CF92FEBBD79}.Debug|Win32.ActiveCfg = Debug|Win32
		{0110A6CE-044C-0780-090D-5CF92FEBBD79}.Debug|Win32.Build.0 = Debug|Win32
		{0110A6CE-044C-0780-090D-5CF92FEBBD79}.Release|Win32.ActiveCfg = Release|Win32
		{0110A6CE-044C-0780-090D-5CF92FEBBD79}.Release|Win32.Build.0 = Release|Win32
		{0110A6CE-044C-0780-090D-5CF92FEBBD79}.Debug|x64.ActiveCfg = Debug|x64
		{0110A6CE-044C-0780-090D-5CF92FEBBD79}.Debug|x64.Build.0 = Debug|x64
		{0110A6CE-044C-0780-090D-5CF92FEBBD79}.Release|x64.ActiveCfg = Release|x64
		{0110A6CE-044C-0780-090D-5CF92FEBBD79}.Release|x64.Build.0 = Release|x64
		{E45805A4-0316-10D0-0F56-8729FCD57741}.Debug|Win32.ActiveCfg = Debug|Win32
		{E45805A4-0316-10D0-0F56-8729FCD57741}.Debug|Win32.Build.0 = Debug|Win32
		{E45805A4-0316-10D0-0F56-8729FCD57741}.Release|Win32.ActiveCfg = Release|Win32
		{E45805A4-0316-10D0-0F56-8729FCD57741}.Release|Win32.Build.0 = Release|Win32
		{E45805A4-0316-10D0-0F56-8729FCD57741}.Debug|x64.ActiveCfg = Debug|x64
		{E45805A4-0316-10D0-0F56-8729FCD57741}.Debug|x64.Build.0 = Debug|x64
		{E45805A4-0316-10D0-0F56-8729FCD57741}.Release|x64.ActiveCfg = Release|x64
		{E45805A4-0316-10D0-0F56-8729FCD57741}.Release|x64.Build.0 = Release|x64
	EndGlobalSection
	GlobalSection(SolutionProperties) = preSolution
		HideSolutionNode = FALSE
	EndGlobalSection
EndGlobal
