Microsoft Visual Studio Solution File, Format Version 12.00
# Visual Studio 2012
Project("{8BC9CEB8-8B4A-11D0-8D11-00A0C91BC942}") = "TKDraw", "TKDraw.vcxproj", "{74DC0371-04C7-182E-165E-DE0B61BD2F92}"
EndProject
Project("{8BC9CEB8-8B4A-11D0-8D11-00A0C91BC942}") = "TKTopTest", "TKTopTest.vcxproj", "{7E5BC2BB-0572-0219-01F5-B3B7ACDF895C}"
	ProjectSection(ProjectDependencies) = postProject
		{74DC0371-04C7-182E-165E-DE0B61BD2F92} = {74DC0371-04C7-182E-165E-DE0B61BD2F92}
	EndProjectSection
EndProject
Project("{8BC9CEB8-8B4A-11D0-8D11-00A0C91BC942}") = "TKD3DHostTest", "TKD3DHostTest.vcxproj", "{B30342A9-0EAD-02C8-00DA-FDD534B8716F}"
	ProjectSection(ProjectDependencies) = postProject
		{74DC0371-04C7-182E-165E-DE0B61BD2F92} = {74DC0371-04C7-182E-165E-DE0B61BD2F92}
	EndProjectSection
EndProject
Project("{8BC9CEB8-8B4A-11D0-8D11-00A0C91BC942}") = "TKIVtkDraw", "TKIVtkDraw.vcxproj", "{1F6D5AC4-102C-08C5-09A2-2A0FEF7C4121}"
	ProjectSection(ProjectDependencies) = postProject
		{74DC0371-04C7-182E-165E-DE0B61BD2F92} = {74DC0371-04C7-182E-165E-DE0B61BD2F92}
	EndProjectSection
EndProject
Project("{8BC9CEB8-8B4A-11D0-8D11-00A0C91BC942}") = "TKViewerTest", "TKViewerTest.vcxproj", "{97F6E8AD-01A7-0BEB-0890-24D06FF03AF9}"
	ProjectSection(ProjectDependencies) = postProject
		{7E5BC2BB-0572-0219-01F5-B3B7ACDF895C} = {7E5BC2BB-0572-0219-01F5-B3B7ACDF895C}
		{74DC0371-04C7-182E-165E-DE0B61BD2F92} = {74DC0371-04C7-182E-165E-DE0B61BD2F92}
	EndProjectSection
EndProject
Project("{8BC9CEB8-8B4A-11D0-8D11-00A0C91BC942}") = "TKDCAF", "TKDCAF.vcxproj", "{AFCFA9E6-140C-06A3-0554-A3D16E0AB203}"
	ProjectSection(ProjectDependencies) = postProject
		{74DC0371-04C7-182E-165E-DE0B61BD2F92} = {74DC0371-04C7-182E-165E-DE0B61BD2F92}
		{97F6E8AD-01A7-0BEB-0890-24D06FF03AF9} = {97F6E8AD-01A7-0BEB-0890-24D06FF03AF9}
	EndProjectSection
EndProject
Project("{8BC9CEB8-8B4A-11D0-8D11-00A0C91BC942}") = "TKOpenGlTest", "TKOpenGlTest.vcxproj", "{2D2210F1-13FE-10AD-14A5-F48E179CB49A}"
	ProjectSection(ProjectDependencies) = postProject
		{74DC0371-04C7-182E-165E-DE0B61BD2F92} = {74DC0371-04C7-182E-165E-DE0B61BD2F92}
		{97F6E8AD-01A7-0BEB-0890-24D06FF03AF9} = {97F6E8AD-01A7-0BEB-0890-24D06FF03AF9}
	EndProjectSection
EndProject
Project("{8BC9CEB8-8B4A-11D0-8D11-00A0C91BC942}") = "TKXSDRAW", "TKXSDRAW.vcxproj", "{1514520E-17A7-0C7E-103B-B2E2A83EB199}"
	ProjectSection(ProjectDependencies) = postProject
		{97F6E8AD-01A7-0BEB-0890-24D06FF03AF9} = {97F6E8AD-01A7-0BEB-0890-24D06FF03AF9}
		{74DC0371-04C7-182E-165E-DE0B61BD2F92} = {74DC0371-04C7-182E-165E-DE0B61BD2F92}
		{AFCFA9E6-140C-06A3-0554-A3D16E0AB203} = {AFCFA9E6-140C-06A3-0554-A3D16E0AB203}
	EndProjectSection
EndProject
Project("{8BC9CEB8-8B4A-11D0-8D11-00A0C91BC942}") = "TKTObjDRAW", "TKTObjDRAW.vcxproj", "{FDECDDFC-16D6-14A6-08C8-28B576A17C03}"
	ProjectSection(ProjectDependencies) = postProject
		{74DC0371-04C7-182E-165E-DE0B61BD2F92} = {74DC0371-04C7-182E-165E-DE0B61BD2F92}
		{AFCFA9E6-140C-06A3-0554-A3D16E0AB203} = {AFCFA9E6-140C-06A3-0554-A3D16E0AB203}
	EndProjectSection
EndProject
Project("{8BC9CEB8-8B4A-11D0-8D11-00A0C91BC942}") = "TKXDEDRAW", "TKXDEDRAW.vcxproj", "{D4C4FA4D-1005-0C5C-087D-CBB06AAB3D9E}"
	ProjectSection(ProjectDependencies) = postProject
		{74DC0371-04C7-182E-165E-DE0B61BD2F92} = {74DC0371-04C7-182E-165E-DE0B61BD2F92}
		{1514520E-17A7-0C7E-103B-B2E2A83EB199} = {1514520E-17A7-0C7E-103B-B2E2A83EB199}
		{AFCFA9E6-140C-06A3-0554-A3D16E0AB203} = {AFCFA9E6-140C-06A3-0554-A3D16E0AB203}
		{97F6E8AD-01A7-0BEB-0890-24D06FF03AF9} = {97F6E8AD-01A7-0BEB-0890-24D06FF03AF9}
	EndProjectSection
EndProject
Project("{8BC9CEB8-8B4A-11D0-8D11-00A0C91BC942}") = "TKQADraw", "TKQADraw.vcxproj", "{5A6677EF-0C9D-1270-0D14-847B95CD8D9F}"
	ProjectSection(ProjectDependencies) = postProject
		{74DC0371-04C7-182E-165E-DE0B61BD2F92} = {74DC0371-04C7-182E-165E-DE0B61BD2F92}
		{97F6E8AD-01A7-0BEB-0890-24D06FF03AF9} = {97F6E8AD-01A7-0BEB-0890-24D06FF03AF9}
		{AFCFA9E6-140C-06A3-0554-A3D16E0AB203} = {AFCFA9E6-140C-06A3-0554-A3D16E0AB203}
		{1514520E-17A7-0C7E-103B-B2E2A83EB199} = {1514520E-17A7-0C7E-103B-B2E2A83EB199}
	EndProjectSection
EndProject
Project("{8BC9CEB8-8B4A-11D0-8D11-00A0C91BC942}") = "DRAWEXE", "DRAWEXE.vcxproj", "{0CE1EF5C-0CE1-0EED-0D14-AA5E2D0D0CE9}"
	ProjectSection(ProjectDependencies) = postProject
		{74DC0371-04C7-182E-165E-DE0B61BD2F92} = {74DC0371-04C7-182E-165E-DE0B61BD2F92}
	EndProjectSection
EndProject
Global
	GlobalSection(SolutionConfigurationPlatforms) = preSolution
		Debug|Win32 = Debug|Win32
		Release|Win32 = Release|Win32
		Debug|x64 = Debug|x64
		Release|x64 = Release|x64
	EndGlobalSection
	GlobalSection(ProjectConfigurationPlatforms) = postSolution
		{74DC0371-04C7-182E-165E-DE0B61BD2F92}.Debug|Win32.ActiveCfg = Debug|Win32
		{74DC0371-04C7-182E-165E-DE0B61BD2F92}.Debug|Win32.Build.0 = Debug|Win32
		{74DC0371-04C7-182E-165E-DE0B61BD2F92}.Release|Win32.ActiveCfg = Release|Win32
		{74DC0371-04C7-182E-165E-DE0B61BD2F92}.Release|Win32.Build.0 = Release|Win32
		{74DC0371-04C7-182E-165E-DE0B61BD2F92}.Debug|x64.ActiveCfg = Debug|x64
		{74DC0371-04C7-182E-165E-DE0B61BD2F92}.Debug|x64.Build.0 = Debug|x64
		{74DC0371-04C7-182E-165E-DE0B61BD2F92}.Release|x64.ActiveCfg = Release|x64
		{74DC0371-04C7-182E-165E-DE0B61BD2F92}.Release|x64.Build.0 = Release|x64
		{7E5BC2BB-0572-0219-01F5-B3B7ACDF895C}.Debug|Win32.ActiveCfg = Debug|Win32
		{7E5BC2BB-0572-0219-01F5-B3B7ACDF895C}.Debug|Win32.Build.0 = Debug|Win32
		{7E5BC2BB-0572-0219-01F5-B3B7ACDF895C}.Release|Win32.ActiveCfg = Release|Win32
		{7E5BC2BB-0572-0219-01F5-B3B7ACDF895C}.Release|Win32.Build.0 = Release|Win32
		{7E5BC2BB-0572-0219-01F5-B3B7ACDF895C}.Debug|x64.ActiveCfg = Debug|x64
		{7E5BC2BB-0572-0219-01F5-B3B7ACDF895C}.Debug|x64.Build.0 = Debug|x64
		{7E5BC2BB-0572-0219-01F5-B3B7ACDF895C}.Release|x64.ActiveCfg = Release|x64
		{7E5BC2BB-0572-0219-01F5-B3B7ACDF895C}.Release|x64.Build.0 = Release|x64
		{B30342A9-0EAD-02C8-00DA-FDD534B8716F}.Debug|Win32.ActiveCfg = Debug|Win32
		{B30342A9-0EAD-02C8-00DA-FDD534B8716F}.Debug|Win32.Build.0 = Debug|Win32
		{B30342A9-0EAD-02C8-00DA-FDD534B8716F}.Release|Win32.ActiveCfg = Release|Win32
		{B30342A9-0EAD-02C8-00DA-FDD534B8716F}.Release|Win32.Build.0 = Release|Win32
		{B30342A9-0EAD-02C8-00DA-FDD534B8716F}.Debug|x64.ActiveCfg = Debug|x64
		{B30342A9-0EAD-02C8-00DA-FDD534B8716F}.Debug|x64.Build.0 = Debug|x64
		{B30342A9-0EAD-02C8-00DA-FDD534B8716F}.Release|x64.ActiveCfg = Release|x64
		{B30342A9-0EAD-02C8-00DA-FDD534B8716F}.Release|x64.Build.0 = Release|x64
		{1F6D5AC4-102C-08C5-09A2-2A0FEF7C4121}.Debug|Win32.ActiveCfg = Debug|Win32
		{1F6D5AC4-102C-08C5-09A2-2A0FEF7C4121}.Debug|Win32.Build.0 = Debug|Win32
		{1F6D5AC4-102C-08C5-09A2-2A0FEF7C4121}.Release|Win32.ActiveCfg = Release|Win32
		{1F6D5AC4-102C-08C5-09A2-2A0FEF7C4121}.Release|Win32.Build.0 = Release|Win32
		{1F6D5AC4-102C-08C5-09A2-2A0FEF7C4121}.Debug|x64.ActiveCfg = Debug|x64
		{1F6D5AC4-102C-08C5-09A2-2A0FEF7C4121}.Debug|x64.Build.0 = Debug|x64
		{1F6D5AC4-102C-08C5-09A2-2A0FEF7C4121}.Release|x64.ActiveCfg = Release|x64
		{1F6D5AC4-102C-08C5-09A2-2A0FEF7C4121}.Release|x64.Build.0 = Release|x64
		{97F6E8AD-01A7-0BEB-0890-24D06FF03AF9}.Debug|Win32.ActiveCfg = Debug|Win32
		{97F6E8AD-01A7-0BEB-0890-24D06FF03AF9}.Debug|Win32.Build.0 = Debug|Win32
		{97F6E8AD-01A7-0BEB-0890-24D06FF03AF9}.Release|Win32.ActiveCfg = Release|Win32
		{97F6E8AD-01A7-0BEB-0890-24D06FF03AF9}.Release|Win32.Build.0 = Release|Win32
		{97F6E8AD-01A7-0BEB-0890-24D06FF03AF9}.Debug|x64.ActiveCfg = Debug|x64
		{97F6E8AD-01A7-0BEB-0890-24D06FF03AF9}.Debug|x64.Build.0 = Debug|x64
		{97F6E8AD-01A7-0BEB-0890-24D06FF03AF9}.Release|x64.ActiveCfg = Release|x64
		{97F6E8AD-01A7-0BEB-0890-24D06FF03AF9}.Release|x64.Build.0 = Release|x64
		{AFCFA9E6-140C-06A3-0554-A3D16E0AB203}.Debug|Win32.ActiveCfg = Debug|Win32
		{AFCFA9E6-140C-06A3-0554-A3D16E0AB203}.Debug|Win32.Build.0 = Debug|Win32
		{AFCFA9E6-140C-06A3-0554-A3D16E0AB203}.Release|Win32.ActiveCfg = Release|Win32
		{AFCFA9E6-140C-06A3-0554-A3D16E0AB203}.Release|Win32.Build.0 = Release|Win32
		{AFCFA9E6-140C-06A3-0554-A3D16E0AB203}.Debug|x64.ActiveCfg = Debug|x64
		{AFCFA9E6-140C-06A3-0554-A3D16E0AB203}.Debug|x64.Build.0 = Debug|x64
		{AFCFA9E6-140C-06A3-0554-A3D16E0AB203}.Release|x64.ActiveCfg = Release|x64
		{AFCFA9E6-140C-06A3-0554-A3D16E0AB203}.Release|x64.Build.0 = Release|x64
		{2D2210F1-13FE-10AD-14A5-F48E179CB49A}.Debug|Win32.ActiveCfg = Debug|Win32
		{2D2210F1-13FE-10AD-14A5-F48E179CB49A}.Debug|Win32.Build.0 = Debug|Win32
		{2D2210F1-13FE-10AD-14A5-F48E179CB49A}.Release|Win32.ActiveCfg = Release|Win32
		{2D2210F1-13FE-10AD-14A5-F48E179CB49A}.Release|Win32.Build.0 = Release|Win32
		{2D2210F1-13FE-10AD-14A5-F48E179CB49A}.Debug|x64.ActiveCfg = Debug|x64
		{2D2210F1-13FE-10AD-14A5-F48E179CB49A}.Debug|x64.Build.0 = Debug|x64
		{2D2210F1-13FE-10AD-14A5-F48E179CB49A}.Release|x64.ActiveCfg = Release|x64
		{2D2210F1-13FE-10AD-14A5-F48E179CB49A}.Release|x64.Build.0 = Release|x64
		{1514520E-17A7-0C7E-103B-B2E2A83EB199}.Debug|Win32.ActiveCfg = Debug|Win32
		{1514520E-17A7-0C7E-103B-B2E2A83EB199}.Debug|Win32.Build.0 = Debug|Win32
		{1514520E-17A7-0C7E-103B-B2E2A83EB199}.Release|Win32.ActiveCfg = Release|Win32
		{1514520E-17A7-0C7E-103B-B2E2A83EB199}.Release|Win32.Build.0 = Release|Win32
		{1514520E-17A7-0C7E-103B-B2E2A83EB199}.Debug|x64.ActiveCfg = Debug|x64
		{1514520E-17A7-0C7E-103B-B2E2A83EB199}.Debug|x64.Build.0 = Debug|x64
		{1514520E-17A7-0C7E-103B-B2E2A83EB199}.Release|x64.ActiveCfg = Release|x64
		{1514520E-17A7-0C7E-103B-B2E2A83EB199}.Release|x64.Build.0 = Release|x64
		{FDECDDFC-16D6-14A6-08C8-28B576A17C03}.Debug|Win32.ActiveCfg = Debug|Win32
		{FDECDDFC-16D6-14A6-08C8-28B576A17C03}.Debug|Win32.Build.0 = Debug|Win32
		{FDECDDFC-16D6-14A6-08C8-28B576A17C03}.Release|Win32.ActiveCfg = Release|Win32
		{FDECDDFC-16D6-14A6-08C8-28B576A17C03}.Release|Win32.Build.0 = Release|Win32
		{FDECDDFC-16D6-14A6-08C8-28B576A17C03}.Debug|x64.ActiveCfg = Debug|x64
		{FDECDDFC-16D6-14A6-08C8-28B576A17C03}.Debug|x64.Build.0 = Debug|x64
		{FDECDDFC-16D6-14A6-08C8-28B576A17C03}.Release|x64.ActiveCfg = Release|x64
		{FDECDDFC-16D6-14A6-08C8-28B576A17C03}.Release|x64.Build.0 = Release|x64
		{D4C4FA4D-1005-0C5C-087D-CBB06AAB3D9E}.Debug|Win32.ActiveCfg = Debug|Win32
		{D4C4FA4D-1005-0C5C-087D-CBB06AAB3D9E}.Debug|Win32.Build.0 = Debug|Win32
		{D4C4FA4D-1005-0C5C-087D-CBB06AAB3D9E}.Release|Win32.ActiveCfg = Release|Win32
		{D4C4FA4D-1005-0C5C-087D-CBB06AAB3D9E}.Release|Win32.Build.0 = Release|Win32
		{D4C4FA4D-1005-0C5C-087D-CBB06AAB3D9E}.Debug|x64.ActiveCfg = Debug|x64
		{D4C4FA4D-1005-0C5C-087D-CBB06AAB3D9E}.Debug|x64.Build.0 = Debug|x64
		{D4C4FA4D-1005-0C5C-087D-CBB06AAB3D9E}.Release|x64.ActiveCfg = Release|x64
		{D4C4FA4D-1005-0C5C-087D-CBB06AAB3D9E}.Release|x64.Build.0 = Release|x64
		{5A6677EF-0C9D-1270-0D14-847B95CD8D9F}.Debug|Win32.ActiveCfg = Debug|Win32
		{5A6677EF-0C9D-1270-0D14-847B95CD8D9F}.Debug|Win32.Build.0 = Debug|Win32
		{5A6677EF-0C9D-1270-0D14-847B95CD8D9F}.Release|Win32.ActiveCfg = Release|Win32
		{5A6677EF-0C9D-1270-0D14-847B95CD8D9F}.Release|Win32.Build.0 = Release|Win32
		{5A6677EF-0C9D-1270-0D14-847B95CD8D9F}.Debug|x64.ActiveCfg = Debug|x64
		{5A6677EF-0C9D-1270-0D14-847B95CD8D9F}.Debug|x64.Build.0 = Debug|x64
		{5A6677EF-0C9D-1270-0D14-847B95CD8D9F}.Release|x64.ActiveCfg = Release|x64
		{5A6677EF-0C9D-1270-0D14-847B95CD8D9F}.Release|x64.Build.0 = Release|x64
		{0CE1EF5C-0CE1-0EED-0D14-AA5E2D0D0CE9}.Debug|Win32.ActiveCfg = Debug|Win32
		{0CE1EF5C-0CE1-0EED-0D14-AA5E2D0D0CE9}.Debug|Win32.Build.0 = Debug|Win32
		{0CE1EF5C-0CE1-0EED-0D14-AA5E2D0D0CE9}.Release|Win32.ActiveCfg = Release|Win32
		{0CE1EF5C-0CE1-0EED-0D14-AA5E2D0D0CE9}.Release|Win32.Build.0 = Release|Win32
		{0CE1EF5C-0CE1-0EED-0D14-AA5E2D0D0CE9}.Debug|x64.ActiveCfg = Debug|x64
		{0CE1EF5C-0CE1-0EED-0D14-AA5E2D0D0CE9}.Debug|x64.Build.0 = Debug|x64
		{0CE1EF5C-0CE1-0EED-0D14-AA5E2D0D0CE9}.Release|x64.ActiveCfg = Release|x64
		{0CE1EF5C-0CE1-0EED-0D14-AA5E2D0D0CE9}.Release|x64.Build.0 = Release|x64
	EndGlobalSection
	GlobalSection(SolutionProperties) = preSolution
		HideSolutionNode = FALSE
	EndGlobalSection
EndGlobal
