Microsoft Visual Studio Solution File, Format Version 12.00
# Visual Studio 2012
Project("{8BC9CEB8-8B4A-11D0-8D11-00A0C91BC942}") = "TKGeomAlgo", "TKGeomAlgo.vcxproj", "{9BFB63F9-1826-0123-0D58-3FB12E897EA2}"
EndProject
Project("{8BC9CEB8-8B4A-11D0-8D11-00A0C91BC942}") = "TKTopAlgo", "TKTopAlgo.vcxproj", "{D8BE77DC-0F35-12D5-045D-630B557D37B5}"
	ProjectSection(ProjectDependencies) = postProject
		{9BFB63F9-1826-0123-0D58-3FB12E897EA2} = {9BFB63F9-1826-0123-0D58-3FB12E897EA2}
	EndProjectSection
EndProject
Project("{8BC9CEB8-8B4A-11D0-8D11-00A0C91BC942}") = "TKPrim", "TKPrim.vcxproj", "{D477EC10-0E1A-089A-0F4C-399F951BFB9F}"
	ProjectSection(ProjectDependencies) = postProject
		{D8BE77DC-0F35-12D5-045D-630B557D37B5} = {D8BE77DC-0F35-12D5-045D-630B557D37B5}
	EndProjectSection
EndProject
Project("{8BC9CEB8-8B4A-11D0-8D11-00A0C91BC942}") = "TKHLR", "TKHLR.vcxproj", "{24BCB62E-0A06-1381-1218-300C7C83A309}"
	ProjectSection(ProjectDependencies) = postProject
		{9BFB63F9-1826-0123-0D58-3FB12E897EA2} = {9BFB63F9-1826-0123-0D58-3FB12E897EA2}
		{D8BE77DC-0F35-12D5-045D-630B557D37B5} = {D8BE77DC-0F35-12D5-045D-630B557D37B5}
	EndProjectSection
EndProject
Project("{8BC9CEB8-8B4A-11D0-8D11-00A0C91BC942}") = "TKShHealing", "TKShHealing.vcxproj", "{44DC8E0E-018D-0764-1957-15BFC2E085B5}"
	ProjectSection(ProjectDependencies) = postProject
		{D8BE77DC-0F35-12D5-045D-630B557D37B5} = {D8BE77DC-0F35-12D5-045D-630B557D37B5}
		{9BFB63F9-1826-0123-0D58-3FB12E897EA2} = {9BFB63F9-1826-0123-0D58-3FB12E897EA2}
	EndProjectSection
EndProject
Project("{8BC9CEB8-8B4A-11D0-8D11-00A0C91BC942}") = "TKBO", "TKBO.vcxproj", "{6A459ADF-0533-02FF-1164-8E29984CBAF4}"
	ProjectSection(ProjectDependencies) = postProject
		{D8BE77DC-0F35-12D5-045D-630B557D37B5} = {D8BE77DC-0F35-12D5-045D-630B557D37B5}
		{9BFB63F9-1826-0123-0D58-3FB12E897EA2} = {9BFB63F9-1826-0123-0D58-3FB12E897EA2}
		{D477EC10-0E1A-089A-0F4C-399F951BFB9F} = {D477EC10-0E1A-089A-0F4C-399F951BFB9F}
		{44DC8E0E-018D-0764-1957-15BFC2E085B5} = {44DC8E0E-018D-0764-1957-15BFC2E085B5}
	EndProjectSection
EndProject
Project("{8BC9CEB8-8B4A-11D0-8D11-00A0C91BC942}") = "TKMesh", "TKMesh.vcxproj", "{85F7AFE4-0BA0-15A1-09E2-10237D89E937}"
	ProjectSection(ProjectDependencies) = postProject
		{D8BE77DC-0F35-12D5-045D-630B557D37B5} = {D8BE77DC-0F35-12D5-045D-630B557D37B5}
		{44DC8E0E-018D-0764-1957-15BFC2E085B5} = {44DC8E0E-018D-0764-1957-15BFC2E085B5}
	EndProjectSection
EndProject
Project("{8BC9CEB8-8B4A-11D0-8D11-00A0C91BC942}") = "TKBool", "TKBool.vcxproj", "{2E433013-1382-09CC-049D-43841B963E9A}"
	ProjectSection(ProjectDependencies) = postProject
		{D8BE77DC-0F35-12D5-045D-630B557D37B5} = {D8BE77DC-0F35-12D5-045D-630B557D37B5}
		{D477EC10-0E1A-089A-0F4C-399F951BFB9F} = {D477EC10-0E1A-089A-0F4C-399F951BFB9F}
		{44DC8E0E-018D-0764-1957-15BFC2E085B5} = {44DC8E0E-018D-0764-1957-15BFC2E085B5}
		{9BFB63F9-1826-0123-0D58-3FB12E897EA2} = {9BFB63F9-1826-0123-0D58-3FB12E897EA2}
		{6A459ADF-0533-02FF-1164-8E29984CBAF4} = {6A459ADF-0533-02FF-1164-8E29984CBAF4}
	EndProjectSection
EndProject
Project("{8BC9CEB8-8B4A-11D0-8D11-00A0C91BC942}") = "TKXMesh", "TKXMesh.vcxproj", "{E819482D-104C-18BF-1798-B92D143EBD8E}"
	ProjectSection(ProjectDependencies) = postProject
		{85F7AFE4-0BA0-15A1-09E2-10237D89E937} = {85F7AFE4-0BA0-15A1-09E2-10237D89E937}
	EndProjectSection
EndProject
Project("{8BC9CEB8-8B4A-11D0-8D11-00A0C91BC942}") = "TKFillet", "TKFillet.vcxproj", "{0EE1DE60-0579-0368-0C86-A55AC1E96365}"
	ProjectSection(ProjectDependencies) = postProject
		{9BFB63F9-1826-0123-0D58-3FB12E897EA2} = {9BFB63F9-1826-0123-0D58-3FB12E897EA2}
		{D8BE77DC-0F35-12D5-045D-630B557D37B5} = {D8BE77DC-0F35-12D5-045D-630B557D37B5}
		{2E433013-1382-09CC-049D-43841B963E9A} = {2E433013-1382-09CC-049D-43841B963E9A}
		{44DC8E0E-018D-0764-1957-15BFC2E085B5} = {44DC8E0E-018D-0764-1957-15BFC2E085B5}
		{6A459ADF-0533-02FF-1164-8E29984CBAF4} = {6A459ADF-0533-02FF-1164-8E29984CBAF4}
	EndProjectSection
EndProject
Project("{8BC9CEB8-8B4A-11D0-8D11-00A0C91BC942}") = "TKFeat", "TKFeat.vcxproj", "{7C8B3A89-0A94-0201-155E-E450B76F2060}"
	ProjectSection(ProjectDependencies) = postProject
		{D8BE77DC-0F35-12D5-045D-630B557D37B5} = {D8BE77DC-0F35-12D5-045D-630B557D37B5}
		{9BFB63F9-1826-0123-0D58-3FB12E897EA2} = {9BFB63F9-1826-0123-0D58-3FB12E897EA2}
		{D477EC10-0E1A-089A-0F4C-399F951BFB9F} = {D477EC10-0E1A-089A-0F4C-399F951BFB9F}
		{6A459ADF-0533-02FF-1164-8E29984CBAF4} = {6A459ADF-0533-02FF-1164-8E29984CBAF4}
		{2E433013-1382-09CC-049D-43841B963E9A} = {2E433013-1382-09CC-049D-43841B963E9A}
		{44DC8E0E-018D-0764-1957-15BFC2E085B5} = {44DC8E0E-018D-0764-1957-15BFC2E085B5}
	EndProjectSection
EndProject
Project("{8BC9CEB8-8B4A-11D0-8D11-00A0C91BC942}") = "TKOffset", "TKOffset.vcxproj", "{B67FDF98-0A8C-12E8-0649-2B7B73B5E193}"
	ProjectSection(ProjectDependencies) = postProject
		{0EE1DE60-0579-0368-0C86-A55AC1E96365} = {0EE1DE60-0579-0368-0C86-A55AC1E96365}
		{D8BE77DC-0F35-12D5-045D-630B557D37B5} = {D8BE77DC-0F35-12D5-045D-630B557D37B5}
		{9BFB63F9-1826-0123-0D58-3FB12E897EA2} = {9BFB63F9-1826-0123-0D58-3FB12E897EA2}
		{44DC8E0E-018D-0764-1957-15BFC2E085B5} = {44DC8E0E-018D-0764-1957-15BFC2E085B5}
		{6A459ADF-0533-02FF-1164-8E29984CBAF4} = {6A459ADF-0533-02FF-1164-8E29984CBAF4}
		{D477EC10-0E1A-089A-0F4C-399F951BFB9F} = {D477EC10-0E1A-089A-0F4C-399F951BFB9F}
		{2E433013-1382-09CC-049D-43841B963E9A} = {2E433013-1382-09CC-049D-43841B963E9A}
	EndProjectSection
EndProject
Global
	GlobalSection(SolutionConfigurationPlatforms) = preSolution
		Debug|Win32 = Debug|Win32
		Release|Win32 = Release|Win32
		Debug|x64 = Debug|x64
		Release|x64 = Release|x64
	EndGlobalSection
	GlobalSection(ProjectConfigurationPlatforms) = postSolution
		{9BFB63F9-1826-0123-0D58-3FB12E897EA2}.Debug|Win32.ActiveCfg = Debug|Win32
		{9BFB63F9-1826-0123-0D58-3FB12E897EA2}.Debug|Win32.Build.0 = Debug|Win32
		{9BFB63F9-1826-0123-0D58-3FB12E897EA2}.Release|Win32.ActiveCfg = Release|Win32
		{9BFB63F9-1826-0123-0D58-3FB12E897EA2}.Release|Win32.Build.0 = Release|Win32
		{9BFB63F9-1826-0123-0D58-3FB12E897EA2}.Debug|x64.ActiveCfg = Debug|x64
		{9BFB63F9-1826-0123-0D58-3FB12E897EA2}.Debug|x64.Build.0 = Debug|x64
		{9BFB63F9-1826-0123-0D58-3FB12E897EA2}.Release|x64.ActiveCfg = Release|x64
		{9BFB63F9-1826-0123-0D58-3FB12E897EA2}.Release|x64.Build.0 = Release|x64
		{D8BE77DC-0F35-12D5-045D-630B557D37B5}.Debug|Win32.ActiveCfg = Debug|Win32
		{D8BE77DC-0F35-12D5-045D-630B557D37B5}.Debug|Win32.Build.0 = Debug|Win32
		{D8BE77DC-0F35-12D5-045D-630B557D37B5}.Release|Win32.ActiveCfg = Release|Win32
		{D8BE77DC-0F35-12D5-045D-630B557D37B5}.Release|Win32.Build.0 = Release|Win32
		{D8BE77DC-0F35-12D5-045D-630B557D37B5}.Debug|x64.ActiveCfg = Debug|x64
		{D8BE77DC-0F35-12D5-045D-630B557D37B5}.Debug|x64.Build.0 = Debug|x64
		{D8BE77DC-0F35-12D5-045D-630B557D37B5}.Release|x64.ActiveCfg = Release|x64
		{D8BE77DC-0F35-12D5-045D-630B557D37B5}.Release|x64.Build.0 = Release|x64
		{D477EC10-0E1A-089A-0F4C-399F951BFB9F}.Debug|Win32.ActiveCfg = Debug|Win32
		{D477EC10-0E1A-089A-0F4C-399F951BFB9F}.Debug|Win32.Build.0 = Debug|Win32
		{D477EC10-0E1A-089A-0F4C-399F951BFB9F}.Release|Win32.ActiveCfg = Release|Win32
		{D477EC10-0E1A-089A-0F4C-399F951BFB9F}.Release|Win32.Build.0 = Release|Win32
		{D477EC10-0E1A-089A-0F4C-399F951BFB9F}.Debug|x64.ActiveCfg = Debug|x64
		{D477EC10-0E1A-089A-0F4C-399F951BFB9F}.Debug|x64.Build.0 = Debug|x64
		{D477EC10-0E1A-089A-0F4C-399F951BFB9F}.Release|x64.ActiveCfg = Release|x64
		{D477EC10-0E1A-089A-0F4C-399F951BFB9F}.Release|x64.Build.0 = Release|x64
		{24BCB62E-0A06-1381-1218-300C7C83A309}.Debug|Win32.ActiveCfg = Debug|Win32
		{24BCB62E-0A06-1381-1218-300C7C83A309}.Debug|Win32.Build.0 = Debug|Win32
		{24BCB62E-0A06-1381-1218-300C7C83A309}.Release|Win32.ActiveCfg = Release|Win32
		{24BCB62E-0A06-1381-1218-300C7C83A309}.Release|Win32.Build.0 = Release|Win32
		{24BCB62E-0A06-1381-1218-300C7C83A309}.Debug|x64.ActiveCfg = Debug|x64
		{24BCB62E-0A06-1381-1218-300C7C83A309}.Debug|x64.Build.0 = Debug|x64
		{24BCB62E-0A06-1381-1218-300C7C83A309}.Release|x64.ActiveCfg = Release|x64
		{24BCB62E-0A06-1381-1218-300C7C83A309}.Release|x64.Build.0 = Release|x64
		{44DC8E0E-018D-0764-1957-15BFC2E085B5}.Debug|Win32.ActiveCfg = Debug|Win32
		{44DC8E0E-018D-0764-1957-15BFC2E085B5}.Debug|Win32.Build.0 = Debug|Win32
		{44DC8E0E-018D-0764-1957-15BFC2E085B5}.Release|Win32.ActiveCfg = Release|Win32
		{44DC8E0E-018D-0764-1957-15BFC2E085B5}.Release|Win32.Build.0 = Release|Win32
		{44DC8E0E-018D-0764-1957-15BFC2E085B5}.Debug|x64.ActiveCfg = Debug|x64
		{44DC8E0E-018D-0764-1957-15BFC2E085B5}.Debug|x64.Build.0 = Debug|x64
		{44DC8E0E-018D-0764-1957-15BFC2E085B5}.Release|x64.ActiveCfg = Release|x64
		{44DC8E0E-018D-0764-1957-15BFC2E085B5}.Release|x64.Build.0 = Release|x64
		{6A459ADF-0533-02FF-1164-8E29984CBAF4}.Debug|Win32.ActiveCfg = Debug|Win32
		{6A459ADF-0533-02FF-1164-8E29984CBAF4}.Debug|Win32.Build.0 = Debug|Win32
		{6A459ADF-0533-02FF-1164-8E29984CBAF4}.Release|Win32.ActiveCfg = Release|Win32
		{6A459ADF-0533-02FF-1164-8E29984CBAF4}.Release|Win32.Build.0 = Release|Win32
		{6A459ADF-0533-02FF-1164-8E29984CBAF4}.Debug|x64.ActiveCfg = Debug|x64
		{6A459ADF-0533-02FF-1164-8E29984CBAF4}.Debug|x64.Build.0 = Debug|x64
		{6A459ADF-0533-02FF-1164-8E29984CBAF4}.Release|x64.ActiveCfg = Release|x64
		{6A459ADF-0533-02FF-1164-8E29984CBAF4}.Release|x64.Build.0 = Release|x64
		{85F7AFE4-0BA0-15A1-09E2-10237D89E937}.Debug|Win32.ActiveCfg = Debug|Win32
		{85F7AFE4-0BA0-15A1-09E2-10237D89E937}.Debug|Win32.Build.0 = Debug|Win32
		{85F7AFE4-0BA0-15A1-09E2-10237D89E937}.Release|Win32.ActiveCfg = Release|Win32
		{85F7AFE4-0BA0-15A1-09E2-10237D89E937}.Release|Win32.Build.0 = Release|Win32
		{85F7AFE4-0BA0-15A1-09E2-10237D89E937}.Debug|x64.ActiveCfg = Debug|x64
		{85F7AFE4-0BA0-15A1-09E2-10237D89E937}.Debug|x64.Build.0 = Debug|x64
		{85F7AFE4-0BA0-15A1-09E2-10237D89E937}.Release|x64.ActiveCfg = Release|x64
		{85F7AFE4-0BA0-15A1-09E2-10237D89E937}.Release|x64.Build.0 = Release|x64
		{2E433013-1382-09CC-049D-43841B963E9A}.Debug|Win32.ActiveCfg = Debug|Win32
		{2E433013-1382-09CC-049D-43841B963E9A}.Debug|Win32.Build.0 = Debug|Win32
		{2E433013-1382-09CC-049D-43841B963E9A}.Release|Win32.ActiveCfg = Release|Win32
		{2E433013-1382-09CC-049D-43841B963E9A}.Release|Win32.Build.0 = Release|Win32
		{2E433013-1382-09CC-049D-43841B963E9A}.Debug|x64.ActiveCfg = Debug|x64
		{2E433013-1382-09CC-049D-43841B963E9A}.Debug|x64.Build.0 = Debug|x64
		{2E433013-1382-09CC-049D-43841B963E9A}.Release|x64.ActiveCfg = Release|x64
		{2E433013-1382-09CC-049D-43841B963E9A}.Release|x64.Build.0 = Release|x64
		{E819482D-104C-18BF-1798-B92D143EBD8E}.Debug|Win32.ActiveCfg = Debug|Win32
		{E819482D-104C-18BF-1798-B92D143EBD8E}.Debug|Win32.Build.0 = Debug|Win32
		{E819482D-104C-18BF-1798-B92D143EBD8E}.Release|Win32.ActiveCfg = Release|Win32
		{E819482D-104C-18BF-1798-B92D143EBD8E}.Release|Win32.Build.0 = Release|Win32
		{E819482D-104C-18BF-1798-B92D143EBD8E}.Debug|x64.ActiveCfg = Debug|x64
		{E819482D-104C-18BF-1798-B92D143EBD8E}.Debug|x64.Build.0 = Debug|x64
		{E819482D-104C-18BF-1798-B92D143EBD8E}.Release|x64.ActiveCfg = Release|x64
		{E819482D-104C-18BF-1798-B92D143EBD8E}.Release|x64.Build.0 = Release|x64
		{0EE1DE60-0579-0368-0C86-A55AC1E96365}.Debug|Win32.ActiveCfg = Debug|Win32
		{0EE1DE60-0579-0368-0C86-A55AC1E96365}.Debug|Win32.Build.0 = Debug|Win32
		{0EE1DE60-0579-0368-0C86-A55AC1E96365}.Release|Win32.ActiveCfg = Release|Win32
		{0EE1DE60-0579-0368-0C86-A55AC1E96365}.Release|Win32.Build.0 = Release|Win32
		{0EE1DE60-0579-0368-0C86-A55AC1E96365}.Debug|x64.ActiveCfg = Debug|x64
		{0EE1DE60-0579-0368-0C86-A55AC1E96365}.Debug|x64.Build.0 = Debug|x64
		{0EE1DE60-0579-0368-0C86-A55AC1E96365}.Release|x64.ActiveCfg = Release|x64
		{0EE1DE60-0579-0368-0C86-A55AC1E96365}.Release|x64.Build.0 = Release|x64
		{7C8B3A89-0A94-0201-155E-E450B76F2060}.Debug|Win32.ActiveCfg = Debug|Win32
		{7C8B3A89-0A94-0201-155E-E450B76F2060}.Debug|Win32.Build.0 = Debug|Win32
		{7C8B3A89-0A94-0201-155E-E450B76F2060}.Release|Win32.ActiveCfg = Release|Win32
		{7C8B3A89-0A94-0201-155E-E450B76F2060}.Release|Win32.Build.0 = Release|Win32
		{7C8B3A89-0A94-0201-155E-E450B76F2060}.Debug|x64.ActiveCfg = Debug|x64
		{7C8B3A89-0A94-0201-155E-E450B76F2060}.Debug|x64.Build.0 = Debug|x64
		{7C8B3A89-0A94-0201-155E-E450B76F2060}.Release|x64.ActiveCfg = Release|x64
		{7C8B3A89-0A94-0201-155E-E450B76F2060}.Release|x64.Build.0 = Release|x64
		{B67FDF98-0A8C-12E8-0649-2B7B73B5E193}.Debug|Win32.ActiveCfg = Debug|Win32
		{B67FDF98-0A8C-12E8-0649-2B7B73B5E193}.Debug|Win32.Build.0 = Debug|Win32
		{B67FDF98-0A8C-12E8-0649-2B7B73B5E193}.Release|Win32.ActiveCfg = Release|Win32
		{B67FDF98-0A8C-12E8-0649-2B7B73B5E193}.Release|Win32.Build.0 = Release|Win32
		{B67FDF98-0A8C-12E8-0649-2B7B73B5E193}.Debug|x64.ActiveCfg = Debug|x64
		{B67FDF98-0A8C-12E8-0649-2B7B73B5E193}.Debug|x64.Build.0 = Debug|x64
		{B67FDF98-0A8C-12E8-0649-2B7B73B5E193}.Release|x64.ActiveCfg = Release|x64
		{B67FDF98-0A8C-12E8-0649-2B7B73B5E193}.Release|x64.Build.0 = Release|x64
	EndGlobalSection
	GlobalSection(SolutionProperties) = preSolution
		HideSolutionNode = FALSE
	EndGlobalSection
EndGlobal
