<?xml version="1.0" encoding="utf-8"?>
<Project ToolsVersion="4.0" xmlns="http://schemas.microsoft.com/developer/msbuild/2003">
  <ItemGroup>
    <Filter Include="Source files">
      <UniqueIdentifier>{B8479AD6-12E0-0E00-0899-2992A75B3670}</UniqueIdentifier>
    </Filter>
    <Filter Include="Header files">
      <UniqueIdentifier>{5331D1FE-0A68-1500-15E8-0868D119A529}</UniqueIdentifier>
    </Filter>
    <Filter Include="Source files\BRepTest">
      <UniqueIdentifier>{AA2C7084-0A3E-00BB-15A7-12265592C7B9}</UniqueIdentifier>
    </Filter>
    <Filter Include="Source files\GeometryTest">
      <UniqueIdentifier>{766764E7-17DF-01D0-15AF-C1836F9C1F10}</UniqueIdentifier>
    </Filter>
    <Filter Include="Source files\HLRTest">
      <UniqueIdentifier>{BB5AEE54-1177-021E-0875-FED395F5095B}</UniqueIdentifier>
    </Filter>
    <Filter Include="Source files\MeshTest">
      <UniqueIdentifier>{396B325A-08EB-0305-0BA4-840605A769EB}</UniqueIdentifier>
    </Filter>
    <Filter Include="Source files\GeomliteTest">
      <UniqueIdentifier>{1AEC27F8-0656-02FB-03C1-EFC0C25806AD}</UniqueIdentifier>
    </Filter>
    <Filter Include="Source files\DrawFairCurve">
      <UniqueIdentifier>{1E5D0FA6-0039-00DA-0FA5-9001684C83DB}</UniqueIdentifier>
    </Filter>
    <Filter Include="Source files\BOPTest">
      <UniqueIdentifier>{64D3D8A9-0159-184D-019F-CFC615D5CD3A}</UniqueIdentifier>
    </Filter>
    <Filter Include="Source files\SWDRAW">
      <UniqueIdentifier>{94C5D5F4-1798-03F9-0114-82FB854EFE77}</UniqueIdentifier>
    </Filter>
    <Filter Include="Header files\BRepTest">
      <UniqueIdentifier>{24527BFA-00C7-17D4-1295-165329ADC606}</UniqueIdentifier>
    </Filter>
    <Filter Include="Header files\GeometryTest">
      <UniqueIdentifier>{A3E99AD3-12B1-0127-1255-736F128119F3}</UniqueIdentifier>
    </Filter>
    <Filter Include="Header files\HLRTest">
      <UniqueIdentifier>{CEC010CA-013B-0A95-09E8-1EBCB2F667ED}</UniqueIdentifier>
    </Filter>
    <Filter Include="Header files\MeshTest">
      <UniqueIdentifier>{21154F2F-0A1D-0D8F-0F3E-CFE917D020EA}</UniqueIdentifier>
    </Filter>
    <Filter Include="Header files\GeomliteTest">
      <UniqueIdentifier>{21232DD8-1650-1567-00F0-A93ECF5AC983}</UniqueIdentifier>
    </Filter>
    <Filter Include="Header files\DrawFairCurve">
      <UniqueIdentifier>{63D87711-0FC8-0C34-0D15-B04AADF6BD57}</UniqueIdentifier>
    </Filter>
    <Filter Include="Header files\BOPTest">
      <UniqueIdentifier>{08B1D0FD-0D84-0C85-0678-E263CE068819}</UniqueIdentifier>
    </Filter>
    <Filter Include="Header files\SWDRAW">
      <UniqueIdentifier>{D1277A07-17DE-1067-145B-37B0290E8726}</UniqueIdentifier>
    </Filter>
  </ItemGroup>
  <ItemGroup>
    <ClCompile Include="..\..\..\src\BRepTest\BRepTest.cxx">
      <Filter>Source files\BRepTest</Filter>
    </ClCompile>
    <ClCompile Include="..\..\..\src\BRepTest\BRepTest_BasicCommands.cxx">
      <Filter>Source files\BRepTest</Filter>
    </ClCompile>
    <ClCompile Include="..\..\..\src\BRepTest\BRepTest_ChamferCommands.cxx">
      <Filter>Source files\BRepTest</Filter>
    </ClCompile>
    <ClCompile Include="..\..\..\src\BRepTest\BRepTest_CheckCommands.cxx">
      <Filter>Source files\BRepTest</Filter>
    </ClCompile>
    <ClCompile Include="..\..\..\src\BRepTest\BRepTest_CurveCommands.cxx">
      <Filter>Source files\BRepTest</Filter>
    </ClCompile>
    <ClCompile Include="..\..\..\src\BRepTest\BRepTest_DraftAngleCommands.cxx">
      <Filter>Source files\BRepTest</Filter>
    </ClCompile>
    <ClCompile Include="..\..\..\src\BRepTest\BRepTest_DrawableHistory.cxx">
      <Filter>Source files\BRepTest</Filter>
    </ClCompile>
    <ClCompile Include="..\..\..\src\BRepTest\BRepTest_ExtremaCommands.cxx">
      <Filter>Source files\BRepTest</Filter>
    </ClCompile>
    <ClCompile Include="..\..\..\src\BRepTest\BRepTest_FeatureCommands.cxx">
      <Filter>Source files\BRepTest</Filter>
    </ClCompile>
    <ClCompile Include="..\..\..\src\BRepTest\BRepTest_Fillet2DCommands.cxx">
      <Filter>Source files\BRepTest</Filter>
    </ClCompile>
    <ClCompile Include="..\..\..\src\BRepTest\BRepTest_FilletCommands.cxx">
      <Filter>Source files\BRepTest</Filter>
    </ClCompile>
    <ClCompile Include="..\..\..\src\BRepTest\BRepTest_FillingCommands.cxx">
      <Filter>Source files\BRepTest</Filter>
    </ClCompile>
    <ClCompile Include="..\..\..\src\BRepTest\BRepTest_GPropCommands.cxx">
      <Filter>Source files\BRepTest</Filter>
    </ClCompile>
    <ClCompile Include="..\..\..\src\BRepTest\BRepTest_HistoryCommands.cxx">
      <Filter>Source files\BRepTest</Filter>
    </ClCompile>
    <ClCompile Include="..\..\..\src\BRepTest\BRepTest_MatCommands.cxx">
      <Filter>Source files\BRepTest</Filter>
    </ClCompile>
    <ClCompile Include="..\..\..\src\BRepTest\BRepTest_Objects.cxx">
      <Filter>Source files\BRepTest</Filter>
    </ClCompile>
    <ClCompile Include="..\..\..\src\BRepTest\BRepTest_OtherCommands.cxx">
      <Filter>Source files\BRepTest</Filter>
    </ClCompile>
    <ClCompile Include="..\..\..\src\BRepTest\BRepTest_PrimitiveCommands.cxx">
      <Filter>Source files\BRepTest</Filter>
    </ClCompile>
    <ClCompile Include="..\..\..\src\BRepTest\BRepTest_ProjectionCommands.cxx">
      <Filter>Source files\BRepTest</Filter>
    </ClCompile>
    <ClCompile Include="..\..\..\src\BRepTest\BRepTest_SurfaceCommands.cxx">
      <Filter>Source files\BRepTest</Filter>
    </ClCompile>
    <ClCompile Include="..\..\..\src\BRepTest\BRepTest_SweepCommands.cxx">
      <Filter>Source files\BRepTest</Filter>
    </ClCompile>
    <ClCompile Include="..\..\..\src\BRepTest\BRepTest_TopologyCommands.cxx">
      <Filter>Source files\BRepTest</Filter>
    </ClCompile>
    <ClCompile Include="..\..\..\src\GeometryTest\GeometryTest.cxx">
      <Filter>Source files\GeometryTest</Filter>
    </ClCompile>
    <ClCompile Include="..\..\..\src\GeometryTest\GeometryTest_APICommands.cxx">
      <Filter>Source files\GeometryTest</Filter>
    </ClCompile>
    <ClCompile Include="..\..\..\src\GeometryTest\GeometryTest_ConstraintCommands.cxx">
      <Filter>Source files\GeometryTest</Filter>
    </ClCompile>
    <ClCompile Include="..\..\..\src\GeometryTest\GeometryTest_ContinuityCommands.cxx">
      <Filter>Source files\GeometryTest</Filter>
    </ClCompile>
    <ClCompile Include="..\..\..\src\GeometryTest\GeometryTest_CurveCommands.cxx">
      <Filter>Source files\GeometryTest</Filter>
    </ClCompile>
    <ClCompile Include="..\..\..\src\GeometryTest\GeometryTest_CurveTanCommands.cxx">
      <Filter>Source files\GeometryTest</Filter>
    </ClCompile>
    <ClCompile Include="..\..\..\src\GeometryTest\GeometryTest_DrawableQualifiedCurve2d.cxx">
      <Filter>Source files\GeometryTest</Filter>
    </ClCompile>
    <ClCompile Include="..\..\..\src\GeometryTest\GeometryTest_FairCurveCommands.cxx">
      <Filter>Source files\GeometryTest</Filter>
    </ClCompile>
    <ClCompile Include="..\..\..\src\GeometryTest\GeometryTest_PolyCommands.cxx">
      <Filter>Source files\GeometryTest</Filter>
    </ClCompile>
    <ClCompile Include="..\..\..\src\GeometryTest\GeometryTest_SurfaceCommands.cxx">
      <Filter>Source files\GeometryTest</Filter>
    </ClCompile>
    <ClCompile Include="..\..\..\src\GeometryTest\GeometryTest_TestProjCommands.cxx">
      <Filter>Source files\GeometryTest</Filter>
    </ClCompile>
    <ClCompile Include="..\..\..\src\HLRTest\HLRTest.cxx">
      <Filter>Source files\HLRTest</Filter>
    </ClCompile>
    <ClCompile Include="..\..\..\src\HLRTest\HLRTest_DrawableEdgeTool.cxx">
      <Filter>Source files\HLRTest</Filter>
    </ClCompile>
    <ClCompile Include="..\..\..\src\HLRTest\HLRTest_DrawablePolyEdgeTool.cxx">
      <Filter>Source files\HLRTest</Filter>
    </ClCompile>
    <ClCompile Include="..\..\..\src\HLRTest\HLRTest_OutLiner.cxx">
      <Filter>Source files\HLRTest</Filter>
    </ClCompile>
    <ClCompile Include="..\..\..\src\HLRTest\HLRTest_Projector.cxx">
      <Filter>Source files\HLRTest</Filter>
    </ClCompile>
    <ClCompile Include="..\..\..\src\HLRTest\HLRTest_ShapeData.cxx">
      <Filter>Source files\HLRTest</Filter>
    </ClCompile>
    <ClCompile Include="..\..\..\src\MeshTest\MeshTest.cxx">
      <Filter>Source files\MeshTest</Filter>
    </ClCompile>
    <ClCompile Include="..\..\..\src\MeshTest\MeshTest_CheckTopology.cxx">
      <Filter>Source files\MeshTest</Filter>
    </ClCompile>
    <ClCompile Include="..\..\..\src\MeshTest\MeshTest_Debug.cxx">
      <Filter>Source files\MeshTest</Filter>
    </ClCompile>
    <ClCompile Include="..\..\..\src\MeshTest\MeshTest_PluginCommands.cxx">
      <Filter>Source files\MeshTest</Filter>
    </ClCompile>
    <ClCompile Include="..\..\..\src\GeomliteTest\GeomliteTest.cxx">
      <Filter>Source files\GeomliteTest</Filter>
    </ClCompile>
    <ClCompile Include="..\..\..\src\GeomliteTest\GeomliteTest_API2dCommands.cxx">
      <Filter>Source files\GeomliteTest</Filter>
    </ClCompile>
    <ClCompile Include="..\..\..\src\GeomliteTest\GeomliteTest_ApproxCommands.cxx">
      <Filter>Source files\GeomliteTest</Filter>
    </ClCompile>
    <ClCompile Include="..\..\..\src\GeomliteTest\GeomliteTest_CurveCommands.cxx">
      <Filter>Source files\GeomliteTest</Filter>
    </ClCompile>
    <ClCompile Include="..\..\..\src\GeomliteTest\GeomliteTest_ModificationCommands.cxx">
      <Filter>Source files\GeomliteTest</Filter>
    </ClCompile>
    <ClCompile Include="..\..\..\src\GeomliteTest\GeomliteTest_SurfaceCommands.cxx">
      <Filter>Source files\GeomliteTest</Filter>
    </ClCompile>
    <ClCompile Include="..\..\..\src\DrawFairCurve\DrawFairCurve_Batten.cxx">
      <Filter>Source files\DrawFairCurve</Filter>
    </ClCompile>
    <ClCompile Include="..\..\..\src\DrawFairCurve\DrawFairCurve_MinimalVariation.cxx">
      <Filter>Source files\DrawFairCurve</Filter>
    </ClCompile>
    <ClCompile Include="..\..\..\src\BOPTest\BOPTest.cxx">
      <Filter>Source files\BOPTest</Filter>
    </ClCompile>
    <ClCompile Include="..\..\..\src\BOPTest\BOPTest_APICommands.cxx">
      <Filter>Source files\BOPTest</Filter>
    </ClCompile>
    <ClCompile Include="..\..\..\src\BOPTest\BOPTest_BOPCommands.cxx">
      <Filter>Source files\BOPTest</Filter>
    </ClCompile>
    <ClCompile Include="..\..\..\src\BOPTest\BOPTest_CellsCommands.cxx">
      <Filter>Source files\BOPTest</Filter>
    </ClCompile>
    <ClCompile Include="..\..\..\src\BOPTest\BOPTest_CheckCommands.cxx">
      <Filter>Source files\BOPTest</Filter>
    </ClCompile>
    <ClCompile Include="..\..\..\src\BOPTest\BOPTest_DebugCommands.cxx">
      <Filter>Source files\BOPTest</Filter>
    </ClCompile>
    <ClCompile Include="..\..\..\src\BOPTest\BOPTest_DrawableShape.cxx">
      <Filter>Source files\BOPTest</Filter>
    </ClCompile>
    <ClCompile Include="..\..\..\src\BOPTest\BOPTest_LowCommands.cxx">
      <Filter>Source files\BOPTest</Filter>
    </ClCompile>
    <ClCompile Include="..\..\..\src\BOPTest\BOPTest_MkConnectedCommands.cxx">
      <Filter>Source files\BOPTest</Filter>
    </ClCompile>
    <ClCompile Include="..\..\..\src\BOPTest\BOPTest_ObjCommands.cxx">
      <Filter>Source files\BOPTest</Filter>
    </ClCompile>
    <ClCompile Include="..\..\..\src\BOPTest\BOPTest_Objects.cxx">
      <Filter>Source files\BOPTest</Filter>
    </ClCompile>
    <ClCompile Include="..\..\..\src\BOPTest\BOPTest_OptionCommands.cxx">
      <Filter>Source files\BOPTest</Filter>
    </ClCompile>
    <ClCompile Include="..\..\..\src\BOPTest\BOPTest_PartitionCommands.cxx">
      <Filter>Source files\BOPTest</Filter>
    </ClCompile>
    <ClCompile Include="..\..\..\src\BOPTest\BOPTest_PeriodicityCommands.cxx">
      <Filter>Source files\BOPTest</Filter>
    </ClCompile>
    <ClCompile Include="..\..\..\src\BOPTest\BOPTest_RemoveFeaturesCommands.cxx">
      <Filter>Source files\BOPTest</Filter>
    </ClCompile>
    <ClCompile Include="..\..\..\src\BOPTest\BOPTest_TolerCommands.cxx">
      <Filter>Source files\BOPTest</Filter>
    </ClCompile>
    <ClCompile Include="..\..\..\src\BOPTest\BOPTest_UtilityCommands.cxx">
      <Filter>Source files\BOPTest</Filter>
    </ClCompile>
    <ClCompile Include="..\..\..\src\SWDRAW\SWDRAW.cxx">
      <Filter>Source files\SWDRAW</Filter>
    </ClCompile>
    <ClCompile Include="..\..\..\src\SWDRAW\SWDRAW_ShapeAnalysis.cxx">
      <Filter>Source files\SWDRAW</Filter>
    </ClCompile>
    <ClCompile Include="..\..\..\src\SWDRAW\SWDRAW_ShapeCustom.cxx">
      <Filter>Source files\SWDRAW</Filter>
    </ClCompile>
    <ClCompile Include="..\..\..\src\SWDRAW\SWDRAW_ShapeExtend.cxx">
      <Filter>Source files\SWDRAW</Filter>
    </ClCompile>
    <ClCompile Include="..\..\..\src\SWDRAW\SWDRAW_ShapeFix.cxx">
      <Filter>Source files\SWDRAW</Filter>
    </ClCompile>
    <ClCompile Include="..\..\..\src\SWDRAW\SWDRAW_ShapeProcess.cxx">
      <Filter>Source files\SWDRAW</Filter>
    </ClCompile>
    <ClCompile Include="..\..\..\src\SWDRAW\SWDRAW_ShapeProcessAPI.cxx">
      <Filter>Source files\SWDRAW</Filter>
    </ClCompile>
    <ClCompile Include="..\..\..\src\SWDRAW\SWDRAW_ShapeTool.cxx">
      <Filter>Source files\SWDRAW</Filter>
    </ClCompile>
    <ClCompile Include="..\..\..\src\SWDRAW\SWDRAW_ShapeUpgrade.cxx">
      <Filter>Source files\SWDRAW</Filter>
    </ClCompile>
  </ItemGroup>
  <ItemGroup>
    <ClInclude Include="..\..\..\src\BRepTest\BRepTest.hxx">
      <Filter>Header files\BRepTest</Filter>
    </ClInclude>
    <ClInclude Include="..\..\..\src\BRepTest\BRepTest_DrawableHistory.hxx">
      <Filter>Header files\BRepTest</Filter>
    </ClInclude>
    <ClInclude Include="..\..\..\src\BRepTest\BRepTest_Objects.hxx">
      <Filter>Header files\BRepTest</Filter>
    </ClInclude>
    <ClInclude Include="..\..\..\src\GeometryTest\GeometryTest.hxx">
      <Filter>Header files\GeometryTest</Filter>
    </ClInclude>
    <ClInclude Include="..\..\..\src\GeometryTest\GeometryTest_DrawableQualifiedCurve2d.hxx">
      <Filter>Header files\GeometryTest</Filter>
    </ClInclude>
    <ClInclude Include="..\..\..\src\HLRTest\HLRTest.hxx">
      <Filter>Header files\HLRTest</Filter>
    </ClInclude>
    <ClInclude Include="..\..\..\src\HLRTest\HLRTest_DrawableEdgeTool.hxx">
      <Filter>Header files\HLRTest</Filter>
    </ClInclude>
    <ClInclude Include="..\..\..\src\HLRTest\HLRTest_DrawablePolyEdgeTool.hxx">
      <Filter>Header files\HLRTest</Filter>
    </ClInclude>
    <ClInclude Include="..\..\..\src\HLRTest\HLRTest_DrawablePolyEdgeTool.lxx">
      <Filter>Header files\HLRTest</Filter>
    </ClInclude>
    <ClInclude Include="..\..\..\src\HLRTest\HLRTest_OutLiner.hxx">
      <Filter>Header files\HLRTest</Filter>
    </ClInclude>
    <ClInclude Include="..\..\..\src\HLRTest\HLRTest_OutLiner.lxx">
      <Filter>Header files\HLRTest</Filter>
    </ClInclude>
    <ClInclude Include="..\..\..\src\HLRTest\HLRTest_Projector.hxx">
      <Filter>Header files\HLRTest</Filter>
    </ClInclude>
    <ClInclude Include="..\..\..\src\HLRTest\HLRTest_ShapeData.hxx">
      <Filter>Header files\HLRTest</Filter>
    </ClInclude>
    <ClInclude Include="..\..\..\src\HLRTest\HLRTest_ShapeData.lxx">
      <Filter>Header files\HLRTest</Filter>
    </ClInclude>
    <ClInclude Include="..\..\..\src\MeshTest\MeshTest.hxx">
      <Filter>Header files\MeshTest</Filter>
    </ClInclude>
    <ClInclude Include="..\..\..\src\MeshTest\MeshTest_CheckTopology.hxx">
      <Filter>Header files\MeshTest</Filter>
    </ClInclude>
    <ClInclude Include="..\..\..\src\GeomliteTest\GeomliteTest.hxx">
      <Filter>Header files\GeomliteTest</Filter>
    </ClInclude>
    <ClInclude Include="..\..\..\src\DrawFairCurve\DrawFairCurve_Batten.hxx">
      <Filter>Header files\DrawFairCurve</Filter>
    </ClInclude>
    <ClInclude Include="..\..\..\src\DrawFairCurve\DrawFairCurve_MinimalVariation.hxx">
      <Filter>Header files\DrawFairCurve</Filter>
    </ClInclude>
    <ClInclude Include="..\..\..\src\BOPTest\BOPTest.hxx">
      <Filter>Header files\BOPTest</Filter>
    </ClInclude>
    <ClInclude Include="..\..\..\src\BOPTest\BOPTest_DrawableShape.hxx">
      <Filter>Header files\BOPTest</Filter>
    </ClInclude>
    <ClInclude Include="..\..\..\src\BOPTest\BOPTest_Objects.hxx">
      <Filter>Header files\BOPTest</Filter>
    </ClInclude>
    <ClInclude Include="..\..\..\src\SWDRAW\SWDRAW.hxx">
      <Filter>Header files\SWDRAW</Filter>
    </ClInclude>
    <ClInclude Include="..\..\..\src\SWDRAW\SWDRAW_ShapeAnalysis.hxx">
      <Filter>Header files\SWDRAW</Filter>
    </ClInclude>
    <ClInclude Include="..\..\..\src\SWDRAW\SWDRAW_ShapeCustom.hxx">
      <Filter>Header files\SWDRAW</Filter>
    </ClInclude>
    <ClInclude Include="..\..\..\src\SWDRAW\SWDRAW_ShapeExtend.hxx">
      <Filter>Header files\SWDRAW</Filter>
    </ClInclude>
    <ClInclude Include="..\..\..\src\SWDRAW\SWDRAW_ShapeFix.hxx">
      <Filter>Header files\SWDRAW</Filter>
    </ClInclude>
    <ClInclude Include="..\..\..\src\SWDRAW\SWDRAW_ShapeProcess.hxx">
      <Filter>Header files\SWDRAW</Filter>
    </ClInclude>
    <ClInclude Include="..\..\..\src\SWDRAW\SWDRAW_ShapeProcessAPI.hxx">
      <Filter>Header files\SWDRAW</Filter>
    </ClInclude>
    <ClInclude Include="..\..\..\src\SWDRAW\SWDRAW_ShapeTool.hxx">
      <Filter>Header files\SWDRAW</Filter>
    </ClInclude>
    <ClInclude Include="..\..\..\src\SWDRAW\SWDRAW_ShapeUpgrade.hxx">
      <Filter>Header files\SWDRAW</Filter>
    </ClInclude>
  </ItemGroup>
  <ItemGroup>
    <ResourceCompile Include="TKTopTest.rc" />
  </ItemGroup>
</Project>
