<?xml version="1.0" encoding="utf-8"?>
<Project ToolsVersion="4.0" xmlns="http://schemas.microsoft.com/developer/msbuild/2003">
  <ItemGroup>
    <Filter Include="Source files">
      <UniqueIdentifier>{E2C245E4-17E3-1091-0209-1A01ED748DF1}</UniqueIdentifier>
    </Filter>
    <Filter Include="Header files">
      <UniqueIdentifier>{1305F8BE-1832-0CC2-16C4-83F5435B0CBE}</UniqueIdentifier>
    </Filter>
    <Filter Include="Source files\IGESCAFControl">
      <UniqueIdentifier>{A19341BC-09D5-0FD8-05DA-B4393116DC05}</UniqueIdentifier>
    </Filter>
    <Filter Include="Header files\IGESCAFControl">
      <UniqueIdentifier>{C706C778-191A-17A4-1008-51421CCB70BE}</UniqueIdentifier>
    </Filter>
  </ItemGroup>
  <ItemGroup>
    <ClCompile Include="..\..\..\src\IGESCAFControl\IGESCAFControl.cxx">
      <Filter>Source files\IGESCAFControl</Filter>
    </ClCompile>
    <ClCompile Include="..\..\..\src\IGESCAFControl\IGESCAFControl_ConfigurationNode.cxx">
      <Filter>Source files\IGESCAFControl</Filter>
    </ClCompile>
    <ClCompile Include="..\..\..\src\IGESCAFControl\IGESCAFControl_Provider.cxx">
      <Filter>Source files\IGESCAFControl</Filter>
    </ClCompile>
    <ClCompile Include="..\..\..\src\IGESCAFControl\IGESCAFControl_Reader.cxx">
      <Filter>Source files\IGESCAFControl</Filter>
    </ClCompile>
    <ClCompile Include="..\..\..\src\IGESCAFControl\IGESCAFControl_Writer.cxx">
      <Filter>Source files\IGESCAFControl</Filter>
    </ClCompile>
  </ItemGroup>
  <ItemGroup>
    <ClInclude Include="..\..\..\src\IGESCAFControl\IGESCAFControl.hxx">
      <Filter>Header files\IGESCAFControl</Filter>
    </ClInclude>
    <ClInclude Include="..\..\..\src\IGESCAFControl\IGESCAFControl_ConfigurationNode.hxx">
      <Filter>Header files\IGESCAFControl</Filter>
    </ClInclude>
    <ClInclude Include="..\..\..\src\IGESCAFControl\IGESCAFControl_Provider.hxx">
      <Filter>Header files\IGESCAFControl</Filter>
    </ClInclude>
    <ClInclude Include="..\..\..\src\IGESCAFControl\IGESCAFControl_Reader.hxx">
      <Filter>Header files\IGESCAFControl</Filter>
    </ClInclude>
    <ClInclude Include="..\..\..\src\IGESCAFControl\IGESCAFControl_Writer.hxx">
      <Filter>Header files\IGESCAFControl</Filter>
    </ClInclude>
  </ItemGroup>
  <ItemGroup>
    <ResourceCompile Include="TKXDEIGES.rc" />
  </ItemGroup>
</Project>
