Microsoft Visual Studio Solution File, Format Version 11.00
# Visual Studio 2010
Project("{8BC9CEB8-8B4A-11D0-8D11-00A0C91BC942}") = "TKCDF", "TKCDF.vcxproj", "{133049AC-0234-0AAC-0EF4-068D9A3A9632}"
EndProject
Project("{8BC9CEB8-8B4A-11D0-8D11-00A0C91BC942}") = "TKLCAF", "TKLCAF.vcxproj", "{5AC86E81-0772-165D-0EC7-B7A35A459008}"
	ProjectSection(ProjectDependencies) = postProject
		{133049AC-0234-0AAC-0EF4-068D9A3A9632} = {133049AC-0234-0AAC-0EF4-068D9A3A9632}
	EndProjectSection
EndProject
Project("{8BC9CEB8-8B4A-11D0-8D11-00A0C91BC942}") = "TKCAF", "TKCAF.vcxproj", "{F32D9253-118B-017B-010A-D39A262D516C}"
	ProjectSection(ProjectDependencies) = postProject
		{133049AC-0234-0AAC-0EF4-068D9A3A9632} = {133049AC-0234-0AAC-0EF4-068D9A3A9632}
		{5AC86E81-0772-165D-0EC7-B7A35A459008} = {5AC86E81-0772-165D-0EC7-B7A35A459008}
	EndProjectSection
EndProject
Project("{8BC9CEB8-8B4A-11D0-8D11-00A0C91BC942}") = "TKBinL", "TKBinL.vcxproj", "{3C9C8584-0A90-10E8-11C2-697BDA425833}"
	ProjectSection(ProjectDependencies) = postProject
		{133049AC-0234-0AAC-0EF4-068D9A3A9632} = {133049AC-0234-0AAC-0EF4-068D9A3A9632}
		{5AC86E81-0772-165D-0EC7-B7A35A459008} = {5AC86E81-0772-165D-0EC7-B7A35A459008}
	EndProjectSection
EndProject
Project("{8BC9CEB8-8B4A-11D0-8D11-00A0C91BC942}") = "TKXmlL", "TKXmlL.vcxproj", "{AC8DD769-156F-142F-133A-A2AECD824DFD}"
	ProjectSection(ProjectDependencies) = postProject
		{133049AC-0234-0AAC-0EF4-068D9A3A9632} = {133049AC-0234-0AAC-0EF4-068D9A3A9632}
		{5AC86E81-0772-165D-0EC7-B7A35A459008} = {5AC86E81-0772-165D-0EC7-B7A35A459008}
	EndProjectSection
EndProject
Project("{8BC9CEB8-8B4A-11D0-8D11-00A0C91BC942}") = "TKStdL", "TKStdL.vcxproj", "{CE2E3AE3-00B0-0730-050E-7AAC19B8B39C}"
	ProjectSection(ProjectDependencies) = postProject
		{133049AC-0234-0AAC-0EF4-068D9A3A9632} = {133049AC-0234-0AAC-0EF4-068D9A3A9632}
		{5AC86E81-0772-165D-0EC7-B7A35A459008} = {5AC86E81-0772-165D-0EC7-B7A35A459008}
	EndProjectSection
EndProject
Project("{8BC9CEB8-8B4A-11D0-8D11-00A0C91BC942}") = "TKTObj", "TKTObj.vcxproj", "{17C82955-14B1-06D0-0CA7-7FB679A4DA4B}"
	ProjectSection(ProjectDependencies) = postProject
		{133049AC-0234-0AAC-0EF4-068D9A3A9632} = {133049AC-0234-0AAC-0EF4-068D9A3A9632}
		{5AC86E81-0772-165D-0EC7-B7A35A459008} = {5AC86E81-0772-165D-0EC7-B7A35A459008}
	EndProjectSection
EndProject
Project("{8BC9CEB8-8B4A-11D0-8D11-00A0C91BC942}") = "TKVCAF", "TKVCAF.vcxproj", "{F7A81C83-1582-1364-0A2E-9220A49D19D9}"
	ProjectSection(ProjectDependencies) = postProject
		{133049AC-0234-0AAC-0EF4-068D9A3A9632} = {133049AC-0234-0AAC-0EF4-068D9A3A9632}
		{5AC86E81-0772-165D-0EC7-B7A35A459008} = {5AC86E81-0772-165D-0EC7-B7A35A459008}
		{F32D9253-118B-017B-010A-D39A262D516C} = {F32D9253-118B-017B-010A-D39A262D516C}
	EndProjectSection
EndProject
Project("{8BC9CEB8-8B4A-11D0-8D11-00A0C91BC942}") = "TKBin", "TKBin.vcxproj", "{0C0542B2-1417-0B8F-028D-88FCE091DE9B}"
	ProjectSection(ProjectDependencies) = postProject
		{F32D9253-118B-017B-010A-D39A262D516C} = {F32D9253-118B-017B-010A-D39A262D516C}
		{133049AC-0234-0AAC-0EF4-068D9A3A9632} = {133049AC-0234-0AAC-0EF4-068D9A3A9632}
		{5AC86E81-0772-165D-0EC7-B7A35A459008} = {5AC86E81-0772-165D-0EC7-B7A35A459008}
		{3C9C8584-0A90-10E8-11C2-697BDA425833} = {3C9C8584-0A90-10E8-11C2-697BDA425833}
	EndProjectSection
EndProject
Project("{8BC9CEB8-8B4A-11D0-8D11-00A0C91BC942}") = "TKXml", "TKXml.vcxproj", "{AD9B1FFA-0753-005F-05E6-00C0A8686685}"
	ProjectSection(ProjectDependencies) = postProject
		{133049AC-0234-0AAC-0EF4-068D9A3A9632} = {133049AC-0234-0AAC-0EF4-068D9A3A9632}
		{5AC86E81-0772-165D-0EC7-B7A35A459008} = {5AC86E81-0772-165D-0EC7-B7A35A459008}
		{F32D9253-118B-017B-010A-D39A262D516C} = {F32D9253-118B-017B-010A-D39A262D516C}
		{AC8DD769-156F-142F-133A-A2AECD824DFD} = {AC8DD769-156F-142F-133A-A2AECD824DFD}
	EndProjectSection
EndProject
Project("{8BC9CEB8-8B4A-11D0-8D11-00A0C91BC942}") = "TKStd", "TKStd.vcxproj", "{22C2B191-01D8-1574-14B1-5535A3349E0D}"
	ProjectSection(ProjectDependencies) = postProject
		{133049AC-0234-0AAC-0EF4-068D9A3A9632} = {133049AC-0234-0AAC-0EF4-068D9A3A9632}
		{F32D9253-118B-017B-010A-D39A262D516C} = {F32D9253-118B-017B-010A-D39A262D516C}
		{5AC86E81-0772-165D-0EC7-B7A35A459008} = {5AC86E81-0772-165D-0EC7-B7A35A459008}
		{CE2E3AE3-00B0-0730-050E-7AAC19B8B39C} = {CE2E3AE3-00B0-0730-050E-7AAC19B8B39C}
	EndProjectSection
EndProject
Project("{8BC9CEB8-8B4A-11D0-8D11-00A0C91BC942}") = "TKBinTObj", "TKBinTObj.vcxproj", "{7479065B-17C2-1783-0A8D-7DE3A9ED849A}"
	ProjectSection(ProjectDependencies) = postProject
		{133049AC-0234-0AAC-0EF4-068D9A3A9632} = {133049AC-0234-0AAC-0EF4-068D9A3A9632}
		{17C82955-14B1-06D0-0CA7-7FB679A4DA4B} = {17C82955-14B1-06D0-0CA7-7FB679A4DA4B}
		{5AC86E81-0772-165D-0EC7-B7A35A459008} = {5AC86E81-0772-165D-0EC7-B7A35A459008}
		{3C9C8584-0A90-10E8-11C2-697BDA425833} = {3C9C8584-0A90-10E8-11C2-697BDA425833}
	EndProjectSection
EndProject
Project("{8BC9CEB8-8B4A-11D0-8D11-00A0C91BC942}") = "TKXmlTObj", "TKXmlTObj.vcxproj", "{9CD4E545-0F35-0826-0EBE-08CB2E536292}"
	ProjectSection(ProjectDependencies) = postProject
		{133049AC-0234-0AAC-0EF4-068D9A3A9632} = {133049AC-0234-0AAC-0EF4-068D9A3A9632}
		{17C82955-14B1-06D0-0CA7-7FB679A4DA4B} = {17C82955-14B1-06D0-0CA7-7FB679A4DA4B}
		{5AC86E81-0772-165D-0EC7-B7A35A459008} = {5AC86E81-0772-165D-0EC7-B7A35A459008}
		{AC8DD769-156F-142F-133A-A2AECD824DFD} = {AC8DD769-156F-142F-133A-A2AECD824DFD}
	EndProjectSection
EndProject
Global
	GlobalSection(SolutionConfigurationPlatforms) = preSolution
		Debug|Win32 = Debug|Win32
		Release|Win32 = Release|Win32
		Debug|x64 = Debug|x64
		Release|x64 = Release|x64
	EndGlobalSection
	GlobalSection(ProjectConfigurationPlatforms) = postSolution
		{133049AC-0234-0AAC-0EF4-068D9A3A9632}.Debug|Win32.ActiveCfg = Debug|Win32
		{133049AC-0234-0AAC-0EF4-068D9A3A9632}.Debug|Win32.Build.0 = Debug|Win32
		{133049AC-0234-0AAC-0EF4-068D9A3A9632}.Release|Win32.ActiveCfg = Release|Win32
		{133049AC-0234-0AAC-0EF4-068D9A3A9632}.Release|Win32.Build.0 = Release|Win32
		{133049AC-0234-0AAC-0EF4-068D9A3A9632}.Debug|x64.ActiveCfg = Debug|x64
		{133049AC-0234-0AAC-0EF4-068D9A3A9632}.Debug|x64.Build.0 = Debug|x64
		{133049AC-0234-0AAC-0EF4-068D9A3A9632}.Release|x64.ActiveCfg = Release|x64
		{133049AC-0234-0AAC-0EF4-068D9A3A9632}.Release|x64.Build.0 = Release|x64
		{5AC86E81-0772-165D-0EC7-B7A35A459008}.Debug|Win32.ActiveCfg = Debug|Win32
		{5AC86E81-0772-165D-0EC7-B7A35A459008}.Debug|Win32.Build.0 = Debug|Win32
		{5AC86E81-0772-165D-0EC7-B7A35A459008}.Release|Win32.ActiveCfg = Release|Win32
		{5AC86E81-0772-165D-0EC7-B7A35A459008}.Release|Win32.Build.0 = Release|Win32
		{5AC86E81-0772-165D-0EC7-B7A35A459008}.Debug|x64.ActiveCfg = Debug|x64
		{5AC86E81-0772-165D-0EC7-B7A35A459008}.Debug|x64.Build.0 = Debug|x64
		{5AC86E81-0772-165D-0EC7-B7A35A459008}.Release|x64.ActiveCfg = Release|x64
		{5AC86E81-0772-165D-0EC7-B7A35A459008}.Release|x64.Build.0 = Release|x64
		{F32D9253-118B-017B-010A-D39A262D516C}.Debug|Win32.ActiveCfg = Debug|Win32
		{F32D9253-118B-017B-010A-D39A262D516C}.Debug|Win32.Build.0 = Debug|Win32
		{F32D9253-118B-017B-010A-D39A262D516C}.Release|Win32.ActiveCfg = Release|Win32
		{F32D9253-118B-017B-010A-D39A262D516C}.Release|Win32.Build.0 = Release|Win32
		{F32D9253-118B-017B-010A-D39A262D516C}.Debug|x64.ActiveCfg = Debug|x64
		{F32D9253-118B-017B-010A-D39A262D516C}.Debug|x64.Build.0 = Debug|x64
		{F32D9253-118B-017B-010A-D39A262D516C}.Release|x64.ActiveCfg = Release|x64
		{F32D9253-118B-017B-010A-D39A262D516C}.Release|x64.Build.0 = Release|x64
		{3C9C8584-0A90-10E8-11C2-697BDA425833}.Debug|Win32.ActiveCfg = Debug|Win32
		{3C9C8584-0A90-10E8-11C2-697BDA425833}.Debug|Win32.Build.0 = Debug|Win32
		{3C9C8584-0A90-10E8-11C2-697BDA425833}.Release|Win32.ActiveCfg = Release|Win32
		{3C9C8584-0A90-10E8-11C2-697BDA425833}.Release|Win32.Build.0 = Release|Win32
		{3C9C8584-0A90-10E8-11C2-697BDA425833}.Debug|x64.ActiveCfg = Debug|x64
		{3C9C8584-0A90-10E8-11C2-697BDA425833}.Debug|x64.Build.0 = Debug|x64
		{3C9C8584-0A90-10E8-11C2-697BDA425833}.Release|x64.ActiveCfg = Release|x64
		{3C9C8584-0A90-10E8-11C2-697BDA425833}.Release|x64.Build.0 = Release|x64
		{AC8DD769-156F-142F-133A-A2AECD824DFD}.Debug|Win32.ActiveCfg = Debug|Win32
		{AC8DD769-156F-142F-133A-A2AECD824DFD}.Debug|Win32.Build.0 = Debug|Win32
		{AC8DD769-156F-142F-133A-A2AECD824DFD}.Release|Win32.ActiveCfg = Release|Win32
		{AC8DD769-156F-142F-133A-A2AECD824DFD}.Release|Win32.Build.0 = Release|Win32
		{AC8DD769-156F-142F-133A-A2AECD824DFD}.Debug|x64.ActiveCfg = Debug|x64
		{AC8DD769-156F-142F-133A-A2AECD824DFD}.Debug|x64.Build.0 = Debug|x64
		{AC8DD769-156F-142F-133A-A2AECD824DFD}.Release|x64.ActiveCfg = Release|x64
		{AC8DD769-156F-142F-133A-A2AECD824DFD}.Release|x64.Build.0 = Release|x64
		{CE2E3AE3-00B0-0730-050E-7AAC19B8B39C}.Debug|Win32.ActiveCfg = Debug|Win32
		{CE2E3AE3-00B0-0730-050E-7AAC19B8B39C}.Debug|Win32.Build.0 = Debug|Win32
		{CE2E3AE3-00B0-0730-050E-7AAC19B8B39C}.Release|Win32.ActiveCfg = Release|Win32
		{CE2E3AE3-00B0-0730-050E-7AAC19B8B39C}.Release|Win32.Build.0 = Release|Win32
		{CE2E3AE3-00B0-0730-050E-7AAC19B8B39C}.Debug|x64.ActiveCfg = Debug|x64
		{CE2E3AE3-00B0-0730-050E-7AAC19B8B39C}.Debug|x64.Build.0 = Debug|x64
		{CE2E3AE3-00B0-0730-050E-7AAC19B8B39C}.Release|x64.ActiveCfg = Release|x64
		{CE2E3AE3-00B0-0730-050E-7AAC19B8B39C}.Release|x64.Build.0 = Release|x64
		{17C82955-14B1-06D0-0CA7-7FB679A4DA4B}.Debug|Win32.ActiveCfg = Debug|Win32
		{17C82955-14B1-06D0-0CA7-7FB679A4DA4B}.Debug|Win32.Build.0 = Debug|Win32
		{17C82955-14B1-06D0-0CA7-7FB679A4DA4B}.Release|Win32.ActiveCfg = Release|Win32
		{17C82955-14B1-06D0-0CA7-7FB679A4DA4B}.Release|Win32.Build.0 = Release|Win32
		{17C82955-14B1-06D0-0CA7-7FB679A4DA4B}.Debug|x64.ActiveCfg = Debug|x64
		{17C82955-14B1-06D0-0CA7-7FB679A4DA4B}.Debug|x64.Build.0 = Debug|x64
		{17C82955-14B1-06D0-0CA7-7FB679A4DA4B}.Release|x64.ActiveCfg = Release|x64
		{17C82955-14B1-06D0-0CA7-7FB679A4DA4B}.Release|x64.Build.0 = Release|x64
		{F7A81C83-1582-1364-0A2E-9220A49D19D9}.Debug|Win32.ActiveCfg = Debug|Win32
		{F7A81C83-1582-1364-0A2E-9220A49D19D9}.Debug|Win32.Build.0 = Debug|Win32
		{F7A81C83-1582-1364-0A2E-9220A49D19D9}.Release|Win32.ActiveCfg = Release|Win32
		{F7A81C83-1582-1364-0A2E-9220A49D19D9}.Release|Win32.Build.0 = Release|Win32
		{F7A81C83-1582-1364-0A2E-9220A49D19D9}.Debug|x64.ActiveCfg = Debug|x64
		{F7A81C83-1582-1364-0A2E-9220A49D19D9}.Debug|x64.Build.0 = Debug|x64
		{F7A81C83-1582-1364-0A2E-9220A49D19D9}.Release|x64.ActiveCfg = Release|x64
		{F7A81C83-1582-1364-0A2E-9220A49D19D9}.Release|x64.Build.0 = Release|x64
		{0C0542B2-1417-0B8F-028D-88FCE091DE9B}.Debug|Win32.ActiveCfg = Debug|Win32
		{0C0542B2-1417-0B8F-028D-88FCE091DE9B}.Debug|Win32.Build.0 = Debug|Win32
		{0C0542B2-1417-0B8F-028D-88FCE091DE9B}.Release|Win32.ActiveCfg = Release|Win32
		{0C0542B2-1417-0B8F-028D-88FCE091DE9B}.Release|Win32.Build.0 = Release|Win32
		{0C0542B2-1417-0B8F-028D-88FCE091DE9B}.Debug|x64.ActiveCfg = Debug|x64
		{0C0542B2-1417-0B8F-028D-88FCE091DE9B}.Debug|x64.Build.0 = Debug|x64
		{0C0542B2-1417-0B8F-028D-88FCE091DE9B}.Release|x64.ActiveCfg = Release|x64
		{0C0542B2-1417-0B8F-028D-88FCE091DE9B}.Release|x64.Build.0 = Release|x64
		{AD9B1FFA-0753-005F-05E6-00C0A8686685}.Debug|Win32.ActiveCfg = Debug|Win32
		{AD9B1FFA-0753-005F-05E6-00C0A8686685}.Debug|Win32.Build.0 = Debug|Win32
		{AD9B1FFA-0753-005F-05E6-00C0A8686685}.Release|Win32.ActiveCfg = Release|Win32
		{AD9B1FFA-0753-005F-05E6-00C0A8686685}.Release|Win32.Build.0 = Release|Win32
		{AD9B1FFA-0753-005F-05E6-00C0A8686685}.Debug|x64.ActiveCfg = Debug|x64
		{AD9B1FFA-0753-005F-05E6-00C0A8686685}.Debug|x64.Build.0 = Debug|x64
		{AD9B1FFA-0753-005F-05E6-00C0A8686685}.Release|x64.ActiveCfg = Release|x64
		{AD9B1FFA-0753-005F-05E6-00C0A8686685}.Release|x64.Build.0 = Release|x64
		{22C2B191-01D8-1574-14B1-5535A3349E0D}.Debug|Win32.ActiveCfg = Debug|Win32
		{22C2B191-01D8-1574-14B1-5535A3349E0D}.Debug|Win32.Build.0 = Debug|Win32
		{22C2B191-01D8-1574-14B1-5535A3349E0D}.Release|Win32.ActiveCfg = Release|Win32
		{22C2B191-01D8-1574-14B1-5535A3349E0D}.Release|Win32.Build.0 = Release|Win32
		{22C2B191-01D8-1574-14B1-5535A3349E0D}.Debug|x64.ActiveCfg = Debug|x64
		{22C2B191-01D8-1574-14B1-5535A3349E0D}.Debug|x64.Build.0 = Debug|x64
		{22C2B191-01D8-1574-14B1-5535A3349E0D}.Release|x64.ActiveCfg = Release|x64
		{22C2B191-01D8-1574-14B1-5535A3349E0D}.Release|x64.Build.0 = Release|x64
		{7479065B-17C2-1783-0A8D-7DE3A9ED849A}.Debug|Win32.ActiveCfg = Debug|Win32
		{7479065B-17C2-1783-0A8D-7DE3A9ED849A}.Debug|Win32.Build.0 = Debug|Win32
		{7479065B-17C2-1783-0A8D-7DE3A9ED849A}.Release|Win32.ActiveCfg = Release|Win32
		{7479065B-17C2-1783-0A8D-7DE3A9ED849A}.Release|Win32.Build.0 = Release|Win32
		{7479065B-17C2-1783-0A8D-7DE3A9ED849A}.Debug|x64.ActiveCfg = Debug|x64
		{7479065B-17C2-1783-0A8D-7DE3A9ED849A}.Debug|x64.Build.0 = Debug|x64
		{7479065B-17C2-1783-0A8D-7DE3A9ED849A}.Release|x64.ActiveCfg = Release|x64
		{7479065B-17C2-1783-0A8D-7DE3A9ED849A}.Release|x64.Build.0 = Release|x64
		{9CD4E545-0F35-0826-0EBE-08CB2E536292}.Debug|Win32.ActiveCfg = Debug|Win32
		{9CD4E545-0F35-0826-0EBE-08CB2E536292}.Debug|Win32.Build.0 = Debug|Win32
		{9CD4E545-0F35-0826-0EBE-08CB2E536292}.Release|Win32.ActiveCfg = Release|Win32
		{9CD4E545-0F35-0826-0EBE-08CB2E536292}.Release|Win32.Build.0 = Release|Win32
		{9CD4E545-0F35-0826-0EBE-08CB2E536292}.Debug|x64.ActiveCfg = Debug|x64
		{9CD4E545-0F35-0826-0EBE-08CB2E536292}.Debug|x64.Build.0 = Debug|x64
		{9CD4E545-0F35-0826-0EBE-08CB2E536292}.Release|x64.ActiveCfg = Release|x64
		{9CD4E545-0F35-0826-0EBE-08CB2E536292}.Release|x64.Build.0 = Release|x64
	EndGlobalSection
	GlobalSection(SolutionProperties) = preSolution
		HideSolutionNode = FALSE
	EndGlobalSection
EndGlobal
