Microsoft Visual Studio Solution File, Format Version 11.00
# Visual Studio 2010
Project("{8BC9CEB8-8B4A-11D0-8D11-00A0C91BC942}") = "TKG2d", "TKG2d.vcxproj", "{060B0F7C-100F-1011-1078-D2DCDCA1F303}"
EndProject
Project("{8BC9CEB8-8B4A-11D0-8D11-00A0C91BC942}") = "TKG3d", "TKG3d.vcxproj", "{598A6528-0FEE-11F5-0BCE-0A8FD468C073}"
	ProjectSection(ProjectDependencies) = postProject
		{060B0F7C-100F-1011-1078-D2DCDCA1F303} = {060B0F7C-100F-1011-1078-D2DCDCA1F303}
	EndProjectSection
EndProject
Project("{8BC9CEB8-8B4A-11D0-8D11-00A0C91BC942}") = "TKGeomBase", "TKGeomBase.vcxproj", "{32D4CC23-15E8-1690-0B27-2392C27801B4}"
	ProjectSection(ProjectDependencies) = postProject
		{060B0F7C-100F-1011-1078-D2DCDCA1F303} = {060B0F7C-100F-1011-1078-D2DCDCA1F303}
		{598A6528-0FEE-11F5-0BCE-0A8FD468C073} = {598A6528-0FEE-11F5-0BCE-0A8FD468C073}
	EndProjectSection
EndProject
Project("{8BC9CEB8-8B4A-11D0-8D11-00A0C91BC942}") = "TKBRep", "TKBRep.vcxproj", "{B7D54741-11BF-099F-10C0-7F5ECE295135}"
	ProjectSection(ProjectDependencies) = postProject
		{060B0F7C-100F-1011-1078-D2DCDCA1F303} = {060B0F7C-100F-1011-1078-D2DCDCA1F303}
		{598A6528-0FEE-11F5-0BCE-0A8FD468C073} = {598A6528-0FEE-11F5-0BCE-0A8FD468C073}
		{32D4CC23-15E8-1690-0B27-2392C27801B4} = {32D4CC23-15E8-1690-0B27-2392C27801B4}
	EndProjectSection
EndProject
Global
	GlobalSection(SolutionConfigurationPlatforms) = preSolution
		Debug|Win32 = Debug|Win32
		Release|Win32 = Release|Win32
		Debug|x64 = Debug|x64
		Release|x64 = Release|x64
	EndGlobalSection
	GlobalSection(ProjectConfigurationPlatforms) = postSolution
		{060B0F7C-100F-1011-1078-D2DCDCA1F303}.Debug|Win32.ActiveCfg = Debug|Win32
		{060B0F7C-100F-1011-1078-D2DCDCA1F303}.Debug|Win32.Build.0 = Debug|Win32
		{060B0F7C-100F-1011-1078-D2DCDCA1F303}.Release|Win32.ActiveCfg = Release|Win32
		{060B0F7C-100F-1011-1078-D2DCDCA1F303}.Release|Win32.Build.0 = Release|Win32
		{060B0F7C-100F-1011-1078-D2DCDCA1F303}.Debug|x64.ActiveCfg = Debug|x64
		{060B0F7C-100F-1011-1078-D2DCDCA1F303}.Debug|x64.Build.0 = Debug|x64
		{060B0F7C-100F-1011-1078-D2DCDCA1F303}.Release|x64.ActiveCfg = Release|x64
		{060B0F7C-100F-1011-1078-D2DCDCA1F303}.Release|x64.Build.0 = Release|x64
		{598A6528-0FEE-11F5-0BCE-0A8FD468C073}.Debug|Win32.ActiveCfg = Debug|Win32
		{598A6528-0FEE-11F5-0BCE-0A8FD468C073}.Debug|Win32.Build.0 = Debug|Win32
		{598A6528-0FEE-11F5-0BCE-0A8FD468C073}.Release|Win32.ActiveCfg = Release|Win32
		{598A6528-0FEE-11F5-0BCE-0A8FD468C073}.Release|Win32.Build.0 = Release|Win32
		{598A6528-0FEE-11F5-0BCE-0A8FD468C073}.Debug|x64.ActiveCfg = Debug|x64
		{598A6528-0FEE-11F5-0BCE-0A8FD468C073}.Debug|x64.Build.0 = Debug|x64
		{598A6528-0FEE-11F5-0BCE-0A8FD468C073}.Release|x64.ActiveCfg = Release|x64
		{598A6528-0FEE-11F5-0BCE-0A8FD468C073}.Release|x64.Build.0 = Release|x64
		{32D4CC23-15E8-1690-0B27-2392C27801B4}.Debug|Win32.ActiveCfg = Debug|Win32
		{32D4CC23-15E8-1690-0B27-2392C27801B4}.Debug|Win32.Build.0 = Debug|Win32
		{32D4CC23-15E8-1690-0B27-2392C27801B4}.Release|Win32.ActiveCfg = Release|Win32
		{32D4CC23-15E8-1690-0B27-2392C27801B4}.Release|Win32.Build.0 = Release|Win32
		{32D4CC23-15E8-1690-0B27-2392C27801B4}.Debug|x64.ActiveCfg = Debug|x64
		{32D4CC23-15E8-1690-0B27-2392C27801B4}.Debug|x64.Build.0 = Debug|x64
		{32D4CC23-15E8-1690-0B27-2392C27801B4}.Release|x64.ActiveCfg = Release|x64
		{32D4CC23-15E8-1690-0B27-2392C27801B4}.Release|x64.Build.0 = Release|x64
		{B7D54741-11BF-099F-10C0-7F5ECE295135}.Debug|Win32.ActiveCfg = Debug|Win32
		{B7D54741-11BF-099F-10C0-7F5ECE295135}.Debug|Win32.Build.0 = Debug|Win32
		{B7D54741-11BF-099F-10C0-7F5ECE295135}.Release|Win32.ActiveCfg = Release|Win32
		{B7D54741-11BF-099F-10C0-7F5ECE295135}.Release|Win32.Build.0 = Release|Win32
		{B7D54741-11BF-099F-10C0-7F5ECE295135}.Debug|x64.ActiveCfg = Debug|x64
		{B7D54741-11BF-099F-10C0-7F5ECE295135}.Debug|x64.Build.0 = Debug|x64
		{B7D54741-11BF-099F-10C0-7F5ECE295135}.Release|x64.ActiveCfg = Release|x64
		{B7D54741-11BF-099F-10C0-7F5ECE295135}.Release|x64.Build.0 = Release|x64
	EndGlobalSection
	GlobalSection(SolutionProperties) = preSolution
		HideSolutionNode = FALSE
	EndGlobalSection
EndGlobal
