<?xml version="1.0" encoding="utf-8"?>
<Project ToolsVersion="4.0" xmlns="http://schemas.microsoft.com/developer/msbuild/2003">
  <ItemGroup>
    <Filter Include="Source files">
      <UniqueIdentifier>{7588A115-1877-117F-11AD-5723A1E4462E}</UniqueIdentifier>
    </Filter>
    <Filter Include="Header files">
      <UniqueIdentifier>{BBADDBF9-14BA-054C-1725-05C41C8E2889}</UniqueIdentifier>
    </Filter>
    <Filter Include="Source files\DE">
      <UniqueIdentifier>{0777B124-0028-177E-0224-F7D4E8BB0C77}</UniqueIdentifier>
    </Filter>
    <Filter Include="Header files\DE">
      <UniqueIdentifier>{2F79D47E-171B-027C-0414-B5751A1B1A88}</UniqueIdentifier>
    </Filter>
  </ItemGroup>
  <ItemGroup>
    <ClCompile Include="..\..\..\src\DE\DE_ConfigurationContext.cxx">
      <Filter>Source files\DE</Filter>
    </ClCompile>
    <ClCompile Include="..\..\..\src\DE\DE_ConfigurationNode.cxx">
      <Filter>Source files\DE</Filter>
    </ClCompile>
    <ClCompile Include="..\..\..\src\DE\DE_Provider.cxx">
      <Filter>Source files\DE</Filter>
    </ClCompile>
    <ClCompile Include="..\..\..\src\DE\DE_Wrapper.cxx">
      <Filter>Source files\DE</Filter>
    </ClCompile>
  </ItemGroup>
  <ItemGroup>
    <ClInclude Include="..\..\..\src\DE\DE_ConfigurationContext.hxx">
      <Filter>Header files\DE</Filter>
    </ClInclude>
    <ClInclude Include="..\..\..\src\DE\DE_ConfigurationNode.hxx">
      <Filter>Header files\DE</Filter>
    </ClInclude>
    <ClInclude Include="..\..\..\src\DE\DE_Provider.hxx">
      <Filter>Header files\DE</Filter>
    </ClInclude>
    <ClInclude Include="..\..\..\src\DE\DE_Wrapper.hxx">
      <Filter>Header files\DE</Filter>
    </ClInclude>
  </ItemGroup>
  <ItemGroup>
    <ResourceCompile Include="TKXDE.rc" />
  </ItemGroup>
</Project>
