<?xml version="1.0" encoding="utf-8"?>
<Project ToolsVersion="4.0" xmlns="http://schemas.microsoft.com/developer/msbuild/2003">
  <ItemGroup>
    <Filter Include="Source files">
      <UniqueIdentifier>{77EB057E-1665-0E0F-0EE6-78F2B0852D2A}</UniqueIdentifier>
    </Filter>
    <Filter Include="Header files">
      <UniqueIdentifier>{58300D7B-0818-10D8-0571-2BD119ACF8D0}</UniqueIdentifier>
    </Filter>
    <Filter Include="Source files\XBRepMesh">
      <UniqueIdentifier>{0360A91B-0500-0532-0003-A0218DFAEB49}</UniqueIdentifier>
    </Filter>
    <Filter Include="Header files\XBRepMesh">
      <UniqueIdentifier>{6D10E517-0E7B-16B8-0787-EA0BD4AEBAF4}</UniqueIdentifier>
    </Filter>
  </ItemGroup>
  <ItemGroup>
    <ClCompile Include="..\..\..\src\XBRepMesh\XBRepMesh.cxx">
      <Filter>Source files\XBRepMesh</Filter>
    </ClCompile>
  </ItemGroup>
  <ItemGroup>
    <ClInclude Include="..\..\..\src\XBRepMesh\XBRepMesh.hxx">
      <Filter>Header files\XBRepMesh</Filter>
    </ClInclude>
  </ItemGroup>
  <ItemGroup>
    <ResourceCompile Include="TKXMesh.rc" />
  </ItemGroup>
</Project>
