Microsoft Visual Studio Solution File, Format Version 12.00
# Visual Studio 14
Project("{8BC9CEB8-8B4A-11D0-8D11-00A0C91BC942}") = "TKCDF", "TKCDF.vcxproj", "{201D6C36-0702-122D-073A-984B647DA584}"
EndProject
Project("{8BC9CEB8-8B4A-11D0-8D11-00A0C91BC942}") = "TKLCAF", "TKLCAF.vcxproj", "{FD967E5A-0BE4-0A33-1349-09D9D0BAE945}"
	ProjectSection(ProjectDependencies) = postProject
		{201D6C36-0702-122D-073A-984B647DA584} = {201D6C36-0702-122D-073A-984B647DA584}
	EndProjectSection
EndProject
Project("{8BC9CEB8-8B4A-11D0-8D11-00A0C91BC942}") = "TKCAF", "TKCAF.vcxproj", "{28D6D412-0518-0522-03F5-6DD5B7EA0EBC}"
	ProjectSection(ProjectDependencies) = postProject
		{201D6C36-0702-122D-073A-984B647DA584} = {201D6C36-0702-122D-073A-984B647DA584}
		{FD967E5A-0BE4-0A33-1349-09D9D0BAE945} = {FD967E5A-0BE4-0A33-1349-09D9D0BAE945}
	EndProjectSection
EndProject
Project("{8BC9CEB8-8B4A-11D0-8D11-00A0C91BC942}") = "TKBinL", "TKBinL.vcxproj", "{6D625785-1914-118E-0B86-F3D166388190}"
	ProjectSection(ProjectDependencies) = postProject
		{201D6C36-0702-122D-073A-984B647DA584} = {201D6C36-0702-122D-073A-984B647DA584}
		{FD967E5A-0BE4-0A33-1349-09D9D0BAE945} = {FD967E5A-0BE4-0A33-1349-09D9D0BAE945}
	EndProjectSection
EndProject
Project("{8BC9CEB8-8B4A-11D0-8D11-00A0C91BC942}") = "TKXmlL", "TKXmlL.vcxproj", "{C254A6C4-1311-0352-0165-0CDBD0333C68}"
	ProjectSection(ProjectDependencies) = postProject
		{201D6C36-0702-122D-073A-984B647DA584} = {201D6C36-0702-122D-073A-984B647DA584}
		{FD967E5A-0BE4-0A33-1349-09D9D0BAE945} = {FD967E5A-0BE4-0A33-1349-09D9D0BAE945}
	EndProjectSection
EndProject
Project("{8BC9CEB8-8B4A-11D0-8D11-00A0C91BC942}") = "TKStdL", "TKStdL.vcxproj", "{C2DAB7AA-09AA-0C90-0A38-8C191AC3FA3D}"
	ProjectSection(ProjectDependencies) = postProject
		{201D6C36-0702-122D-073A-984B647DA584} = {201D6C36-0702-122D-073A-984B647DA584}
		{FD967E5A-0BE4-0A33-1349-09D9D0BAE945} = {FD967E5A-0BE4-0A33-1349-09D9D0BAE945}
	EndProjectSection
EndProject
Project("{8BC9CEB8-8B4A-11D0-8D11-00A0C91BC942}") = "TKTObj", "TKTObj.vcxproj", "{61F317B9-144D-0912-0E34-AA313283ED59}"
	ProjectSection(ProjectDependencies) = postProject
		{201D6C36-0702-122D-073A-984B647DA584} = {201D6C36-0702-122D-073A-984B647DA584}
		{FD967E5A-0BE4-0A33-1349-09D9D0BAE945} = {FD967E5A-0BE4-0A33-1349-09D9D0BAE945}
	EndProjectSection
EndProject
Project("{8BC9CEB8-8B4A-11D0-8D11-00A0C91BC942}") = "TKVCAF", "TKVCAF.vcxproj", "{5382D6DB-0D92-0719-072D-243EE29C9296}"
	ProjectSection(ProjectDependencies) = postProject
		{201D6C36-0702-122D-073A-984B647DA584} = {201D6C36-0702-122D-073A-984B647DA584}
		{FD967E5A-0BE4-0A33-1349-09D9D0BAE945} = {FD967E5A-0BE4-0A33-1349-09D9D0BAE945}
		{28D6D412-0518-0522-03F5-6DD5B7EA0EBC} = {28D6D412-0518-0522-03F5-6DD5B7EA0EBC}
	EndProjectSection
EndProject
Project("{8BC9CEB8-8B4A-11D0-8D11-00A0C91BC942}") = "TKBin", "TKBin.vcxproj", "{5BC1F651-0704-0B4F-0EF6-D5C4F3753FE6}"
	ProjectSection(ProjectDependencies) = postProject
		{28D6D412-0518-0522-03F5-6DD5B7EA0EBC} = {28D6D412-0518-0522-03F5-6DD5B7EA0EBC}
		{201D6C36-0702-122D-073A-984B647DA584} = {201D6C36-0702-122D-073A-984B647DA584}
		{FD967E5A-0BE4-0A33-1349-09D9D0BAE945} = {FD967E5A-0BE4-0A33-1349-09D9D0BAE945}
		{6D625785-1914-118E-0B86-F3D166388190} = {6D625785-1914-118E-0B86-F3D166388190}
	EndProjectSection
EndProject
Project("{8BC9CEB8-8B4A-11D0-8D11-00A0C91BC942}") = "TKXml", "TKXml.vcxproj", "{B6294704-0DFC-1827-06BA-0B8A9AB8B3AB}"
	ProjectSection(ProjectDependencies) = postProject
		{201D6C36-0702-122D-073A-984B647DA584} = {201D6C36-0702-122D-073A-984B647DA584}
		{FD967E5A-0BE4-0A33-1349-09D9D0BAE945} = {FD967E5A-0BE4-0A33-1349-09D9D0BAE945}
		{28D6D412-0518-0522-03F5-6DD5B7EA0EBC} = {28D6D412-0518-0522-03F5-6DD5B7EA0EBC}
		{C254A6C4-1311-0352-0165-0CDBD0333C68} = {C254A6C4-1311-0352-0165-0CDBD0333C68}
	EndProjectSection
EndProject
Project("{8BC9CEB8-8B4A-11D0-8D11-00A0C91BC942}") = "TKStd", "TKStd.vcxproj", "{1BDDFB98-0C81-0B9A-14A1-F4E79A9163C1}"
	ProjectSection(ProjectDependencies) = postProject
		{201D6C36-0702-122D-073A-984B647DA584} = {201D6C36-0702-122D-073A-984B647DA584}
		{28D6D412-0518-0522-03F5-6DD5B7EA0EBC} = {28D6D412-0518-0522-03F5-6DD5B7EA0EBC}
		{FD967E5A-0BE4-0A33-1349-09D9D0BAE945} = {FD967E5A-0BE4-0A33-1349-09D9D0BAE945}
		{C2DAB7AA-09AA-0C90-0A38-8C191AC3FA3D} = {C2DAB7AA-09AA-0C90-0A38-8C191AC3FA3D}
	EndProjectSection
EndProject
Project("{8BC9CEB8-8B4A-11D0-8D11-00A0C91BC942}") = "TKBinTObj", "TKBinTObj.vcxproj", "{2C2D5385-1164-1264-0C7A-E8BE241B3083}"
	ProjectSection(ProjectDependencies) = postProject
		{201D6C36-0702-122D-073A-984B647DA584} = {201D6C36-0702-122D-073A-984B647DA584}
		{61F317B9-144D-0912-0E34-AA313283ED59} = {61F317B9-144D-0912-0E34-AA313283ED59}
		{FD967E5A-0BE4-0A33-1349-09D9D0BAE945} = {FD967E5A-0BE4-0A33-1349-09D9D0BAE945}
		{6D625785-1914-118E-0B86-F3D166388190} = {6D625785-1914-118E-0B86-F3D166388190}
	EndProjectSection
EndProject
Project("{8BC9CEB8-8B4A-11D0-8D11-00A0C91BC942}") = "TKXmlTObj", "TKXmlTObj.vcxproj", "{0E237EF3-06A6-03D0-1695-D390F9D2DE52}"
	ProjectSection(ProjectDependencies) = postProject
		{201D6C36-0702-122D-073A-984B647DA584} = {201D6C36-0702-122D-073A-984B647DA584}
		{61F317B9-144D-0912-0E34-AA313283ED59} = {61F317B9-144D-0912-0E34-AA313283ED59}
		{FD967E5A-0BE4-0A33-1349-09D9D0BAE945} = {FD967E5A-0BE4-0A33-1349-09D9D0BAE945}
		{C254A6C4-1311-0352-0165-0CDBD0333C68} = {C254A6C4-1311-0352-0165-0CDBD0333C68}
	EndProjectSection
EndProject
Global
	GlobalSection(SolutionConfigurationPlatforms) = preSolution
		Debug|Win32 = Debug|Win32
		Release|Win32 = Release|Win32
		Debug|x64 = Debug|x64
		Release|x64 = Release|x64
	EndGlobalSection
	GlobalSection(ProjectConfigurationPlatforms) = postSolution
		{201D6C36-0702-122D-073A-984B647DA584}.Debug|Win32.ActiveCfg = Debug|Win32
		{201D6C36-0702-122D-073A-984B647DA584}.Debug|Win32.Build.0 = Debug|Win32
		{201D6C36-0702-122D-073A-984B647DA584}.Release|Win32.ActiveCfg = Release|Win32
		{201D6C36-0702-122D-073A-984B647DA584}.Release|Win32.Build.0 = Release|Win32
		{201D6C36-0702-122D-073A-984B647DA584}.Debug|x64.ActiveCfg = Debug|x64
		{201D6C36-0702-122D-073A-984B647DA584}.Debug|x64.Build.0 = Debug|x64
		{201D6C36-0702-122D-073A-984B647DA584}.Release|x64.ActiveCfg = Release|x64
		{201D6C36-0702-122D-073A-984B647DA584}.Release|x64.Build.0 = Release|x64
		{FD967E5A-0BE4-0A33-1349-09D9D0BAE945}.Debug|Win32.ActiveCfg = Debug|Win32
		{FD967E5A-0BE4-0A33-1349-09D9D0BAE945}.Debug|Win32.Build.0 = Debug|Win32
		{FD967E5A-0BE4-0A33-1349-09D9D0BAE945}.Release|Win32.ActiveCfg = Release|Win32
		{FD967E5A-0BE4-0A33-1349-09D9D0BAE945}.Release|Win32.Build.0 = Release|Win32
		{FD967E5A-0BE4-0A33-1349-09D9D0BAE945}.Debug|x64.ActiveCfg = Debug|x64
		{FD967E5A-0BE4-0A33-1349-09D9D0BAE945}.Debug|x64.Build.0 = Debug|x64
		{FD967E5A-0BE4-0A33-1349-09D9D0BAE945}.Release|x64.ActiveCfg = Release|x64
		{FD967E5A-0BE4-0A33-1349-09D9D0BAE945}.Release|x64.Build.0 = Release|x64
		{28D6D412-0518-0522-03F5-6DD5B7EA0EBC}.Debug|Win32.ActiveCfg = Debug|Win32
		{28D6D412-0518-0522-03F5-6DD5B7EA0EBC}.Debug|Win32.Build.0 = Debug|Win32
		{28D6D412-0518-0522-03F5-6DD5B7EA0EBC}.Release|Win32.ActiveCfg = Release|Win32
		{28D6D412-0518-0522-03F5-6DD5B7EA0EBC}.Release|Win32.Build.0 = Release|Win32
		{28D6D412-0518-0522-03F5-6DD5B7EA0EBC}.Debug|x64.ActiveCfg = Debug|x64
		{28D6D412-0518-0522-03F5-6DD5B7EA0EBC}.Debug|x64.Build.0 = Debug|x64
		{28D6D412-0518-0522-03F5-6DD5B7EA0EBC}.Release|x64.ActiveCfg = Release|x64
		{28D6D412-0518-0522-03F5-6DD5B7EA0EBC}.Release|x64.Build.0 = Release|x64
		{6D625785-1914-118E-0B86-F3D166388190}.Debug|Win32.ActiveCfg = Debug|Win32
		{6D625785-1914-118E-0B86-F3D166388190}.Debug|Win32.Build.0 = Debug|Win32
		{6D625785-1914-118E-0B86-F3D166388190}.Release|Win32.ActiveCfg = Release|Win32
		{6D625785-1914-118E-0B86-F3D166388190}.Release|Win32.Build.0 = Release|Win32
		{6D625785-1914-118E-0B86-F3D166388190}.Debug|x64.ActiveCfg = Debug|x64
		{6D625785-1914-118E-0B86-F3D166388190}.Debug|x64.Build.0 = Debug|x64
		{6D625785-1914-118E-0B86-F3D166388190}.Release|x64.ActiveCfg = Release|x64
		{6D625785-1914-118E-0B86-F3D166388190}.Release|x64.Build.0 = Release|x64
		{C254A6C4-1311-0352-0165-0CDBD0333C68}.Debug|Win32.ActiveCfg = Debug|Win32
		{C254A6C4-1311-0352-0165-0CDBD0333C68}.Debug|Win32.Build.0 = Debug|Win32
		{C254A6C4-1311-0352-0165-0CDBD0333C68}.Release|Win32.ActiveCfg = Release|Win32
		{C254A6C4-1311-0352-0165-0CDBD0333C68}.Release|Win32.Build.0 = Release|Win32
		{C254A6C4-1311-0352-0165-0CDBD0333C68}.Debug|x64.ActiveCfg = Debug|x64
		{C254A6C4-1311-0352-0165-0CDBD0333C68}.Debug|x64.Build.0 = Debug|x64
		{C254A6C4-1311-0352-0165-0CDBD0333C68}.Release|x64.ActiveCfg = Release|x64
		{C254A6C4-1311-0352-0165-0CDBD0333C68}.Release|x64.Build.0 = Release|x64
		{C2DAB7AA-09AA-0C90-0A38-8C191AC3FA3D}.Debug|Win32.ActiveCfg = Debug|Win32
		{C2DAB7AA-09AA-0C90-0A38-8C191AC3FA3D}.Debug|Win32.Build.0 = Debug|Win32
		{C2DAB7AA-09AA-0C90-0A38-8C191AC3FA3D}.Release|Win32.ActiveCfg = Release|Win32
		{C2DAB7AA-09AA-0C90-0A38-8C191AC3FA3D}.Release|Win32.Build.0 = Release|Win32
		{C2DAB7AA-09AA-0C90-0A38-8C191AC3FA3D}.Debug|x64.ActiveCfg = Debug|x64
		{C2DAB7AA-09AA-0C90-0A38-8C191AC3FA3D}.Debug|x64.Build.0 = Debug|x64
		{C2DAB7AA-09AA-0C90-0A38-8C191AC3FA3D}.Release|x64.ActiveCfg = Release|x64
		{C2DAB7AA-09AA-0C90-0A38-8C191AC3FA3D}.Release|x64.Build.0 = Release|x64
		{61F317B9-144D-0912-0E34-AA313283ED59}.Debug|Win32.ActiveCfg = Debug|Win32
		{61F317B9-144D-0912-0E34-AA313283ED59}.Debug|Win32.Build.0 = Debug|Win32
		{61F317B9-144D-0912-0E34-AA313283ED59}.Release|Win32.ActiveCfg = Release|Win32
		{61F317B9-144D-0912-0E34-AA313283ED59}.Release|Win32.Build.0 = Release|Win32
		{61F317B9-144D-0912-0E34-AA313283ED59}.Debug|x64.ActiveCfg = Debug|x64
		{61F317B9-144D-0912-0E34-AA313283ED59}.Debug|x64.Build.0 = Debug|x64
		{61F317B9-144D-0912-0E34-AA313283ED59}.Release|x64.ActiveCfg = Release|x64
		{61F317B9-144D-0912-0E34-AA313283ED59}.Release|x64.Build.0 = Release|x64
		{5382D6DB-0D92-0719-072D-243EE29C9296}.Debug|Win32.ActiveCfg = Debug|Win32
		{5382D6DB-0D92-0719-072D-243EE29C9296}.Debug|Win32.Build.0 = Debug|Win32
		{5382D6DB-0D92-0719-072D-243EE29C9296}.Release|Win32.ActiveCfg = Release|Win32
		{5382D6DB-0D92-0719-072D-243EE29C9296}.Release|Win32.Build.0 = Release|Win32
		{5382D6DB-0D92-0719-072D-243EE29C9296}.Debug|x64.ActiveCfg = Debug|x64
		{5382D6DB-0D92-0719-072D-243EE29C9296}.Debug|x64.Build.0 = Debug|x64
		{5382D6DB-0D92-0719-072D-243EE29C9296}.Release|x64.ActiveCfg = Release|x64
		{5382D6DB-0D92-0719-072D-243EE29C9296}.Release|x64.Build.0 = Release|x64
		{5BC1F651-0704-0B4F-0EF6-D5C4F3753FE6}.Debug|Win32.ActiveCfg = Debug|Win32
		{5BC1F651-0704-0B4F-0EF6-D5C4F3753FE6}.Debug|Win32.Build.0 = Debug|Win32
		{5BC1F651-0704-0B4F-0EF6-D5C4F3753FE6}.Release|Win32.ActiveCfg = Release|Win32
		{5BC1F651-0704-0B4F-0EF6-D5C4F3753FE6}.Release|Win32.Build.0 = Release|Win32
		{5BC1F651-0704-0B4F-0EF6-D5C4F3753FE6}.Debug|x64.ActiveCfg = Debug|x64
		{5BC1F651-0704-0B4F-0EF6-D5C4F3753FE6}.Debug|x64.Build.0 = Debug|x64
		{5BC1F651-0704-0B4F-0EF6-D5C4F3753FE6}.Release|x64.ActiveCfg = Release|x64
		{5BC1F651-0704-0B4F-0EF6-D5C4F3753FE6}.Release|x64.Build.0 = Release|x64
		{B6294704-0DFC-1827-06BA-0B8A9AB8B3AB}.Debug|Win32.ActiveCfg = Debug|Win32
		{B6294704-0DFC-1827-06BA-0B8A9AB8B3AB}.Debug|Win32.Build.0 = Debug|Win32
		{B6294704-0DFC-1827-06BA-0B8A9AB8B3AB}.Release|Win32.ActiveCfg = Release|Win32
		{B6294704-0DFC-1827-06BA-0B8A9AB8B3AB}.Release|Win32.Build.0 = Release|Win32
		{B6294704-0DFC-1827-06BA-0B8A9AB8B3AB}.Debug|x64.ActiveCfg = Debug|x64
		{B6294704-0DFC-1827-06BA-0B8A9AB8B3AB}.Debug|x64.Build.0 = Debug|x64
		{B6294704-0DFC-1827-06BA-0B8A9AB8B3AB}.Release|x64.ActiveCfg = Release|x64
		{B6294704-0DFC-1827-06BA-0B8A9AB8B3AB}.Release|x64.Build.0 = Release|x64
		{1BDDFB98-0C81-0B9A-14A1-F4E79A9163C1}.Debug|Win32.ActiveCfg = Debug|Win32
		{1BDDFB98-0C81-0B9A-14A1-F4E79A9163C1}.Debug|Win32.Build.0 = Debug|Win32
		{1BDDFB98-0C81-0B9A-14A1-F4E79A9163C1}.Release|Win32.ActiveCfg = Release|Win32
		{1BDDFB98-0C81-0B9A-14A1-F4E79A9163C1}.Release|Win32.Build.0 = Release|Win32
		{1BDDFB98-0C81-0B9A-14A1-F4E79A9163C1}.Debug|x64.ActiveCfg = Debug|x64
		{1BDDFB98-0C81-0B9A-14A1-F4E79A9163C1}.Debug|x64.Build.0 = Debug|x64
		{1BDDFB98-0C81-0B9A-14A1-F4E79A9163C1}.Release|x64.ActiveCfg = Release|x64
		{1BDDFB98-0C81-0B9A-14A1-F4E79A9163C1}.Release|x64.Build.0 = Release|x64
		{2C2D5385-1164-1264-0C7A-E8BE241B3083}.Debug|Win32.ActiveCfg = Debug|Win32
		{2C2D5385-1164-1264-0C7A-E8BE241B3083}.Debug|Win32.Build.0 = Debug|Win32
		{2C2D5385-1164-1264-0C7A-E8BE241B3083}.Release|Win32.ActiveCfg = Release|Win32
		{2C2D5385-1164-1264-0C7A-E8BE241B3083}.Release|Win32.Build.0 = Release|Win32
		{2C2D5385-1164-1264-0C7A-E8BE241B3083}.Debug|x64.ActiveCfg = Debug|x64
		{2C2D5385-1164-1264-0C7A-E8BE241B3083}.Debug|x64.Build.0 = Debug|x64
		{2C2D5385-1164-1264-0C7A-E8BE241B3083}.Release|x64.ActiveCfg = Release|x64
		{2C2D5385-1164-1264-0C7A-E8BE241B3083}.Release|x64.Build.0 = Release|x64
		{0E237EF3-06A6-03D0-1695-D390F9D2DE52}.Debug|Win32.ActiveCfg = Debug|Win32
		{0E237EF3-06A6-03D0-1695-D390F9D2DE52}.Debug|Win32.Build.0 = Debug|Win32
		{0E237EF3-06A6-03D0-1695-D390F9D2DE52}.Release|Win32.ActiveCfg = Release|Win32
		{0E237EF3-06A6-03D0-1695-D390F9D2DE52}.Release|Win32.Build.0 = Release|Win32
		{0E237EF3-06A6-03D0-1695-D390F9D2DE52}.Debug|x64.ActiveCfg = Debug|x64
		{0E237EF3-06A6-03D0-1695-D390F9D2DE52}.Debug|x64.Build.0 = Debug|x64
		{0E237EF3-06A6-03D0-1695-D390F9D2DE52}.Release|x64.ActiveCfg = Release|x64
		{0E237EF3-06A6-03D0-1695-D390F9D2DE52}.Release|x64.Build.0 = Release|x64
	EndGlobalSection
	GlobalSection(SolutionProperties) = preSolution
		HideSolutionNode = FALSE
	EndGlobalSection
EndGlobal
