<?xml version="1.0" encoding="utf-8"?>
<Project ToolsVersion="4.0" xmlns="http://schemas.microsoft.com/developer/msbuild/2003">
  <ItemGroup>
    <Filter Include="Source files">
      <UniqueIdentifier>{459BBE0F-0F4F-1877-0A00-EBB64B0D1632}</UniqueIdentifier>
    </Filter>
    <Filter Include="Header files">
      <UniqueIdentifier>{2C607276-029D-169F-1775-6C3140157682}</UniqueIdentifier>
    </Filter>
    <Filter Include="Source files\DRAWEXE">
      <UniqueIdentifier>{1763D349-138E-1980-0679-D9F7E020B777}</UniqueIdentifier>
    </Filter>
  </ItemGroup>
  <ItemGroup>
    <ClCompile Include="..\..\..\src\DRAWEXE\DRAWEXE.cxx">
      <Filter>Source files\DRAWEXE</Filter>
    </ClCompile>
  </ItemGroup>
  <ItemGroup>
  </ItemGroup>
  <ItemGroup>
    <ResourceCompile Include="DRAWEXE.rc" />
  </ItemGroup>
</Project>
