Microsoft Visual Studio Solution File, Format Version 12.00
# Visual Studio 14
Project("{8BC9CEB8-8B4A-11D0-8D11-00A0C91BC942}") = "TKGeomAlgo", "TKGeomAlgo.vcxproj", "{F025B883-0CD3-0D6D-1674-DC0A3D246116}"
EndProject
Project("{8BC9CEB8-8B4A-11D0-8D11-00A0C91BC942}") = "TKTopAlgo", "TKTopAlgo.vcxproj", "{622354DF-06AD-035F-05F5-8262AE1C9055}"
	ProjectSection(ProjectDependencies) = postProject
		{F025B883-0CD3-0D6D-1674-DC0A3D246116} = {F025B883-0CD3-0D6D-1674-DC0A3D246116}
	EndProjectSection
EndProject
Project("{8BC9CEB8-8B4A-11D0-8D11-00A0C91BC942}") = "TKPrim", "TKPrim.vcxproj", "{47D6AA35-0E7B-1952-0498-6820AD397CA3}"
	ProjectSection(ProjectDependencies) = postProject
		{622354DF-06AD-035F-05F5-8262AE1C9055} = {622354DF-06AD-035F-05F5-8262AE1C9055}
	EndProjectSection
EndProject
Project("{8BC9CEB8-8B4A-11D0-8D11-00A0C91BC942}") = "TKHLR", "TKHLR.vcxproj", "{25D76706-01DF-0E5F-00D0-1EBA2B507E73}"
	ProjectSection(ProjectDependencies) = postProject
		{F025B883-0CD3-0D6D-1674-DC0A3D246116} = {F025B883-0CD3-0D6D-1674-DC0A3D246116}
		{622354DF-06AD-035F-05F5-8262AE1C9055} = {622354DF-06AD-035F-05F5-8262AE1C9055}
	EndProjectSection
EndProject
Project("{8BC9CEB8-8B4A-11D0-8D11-00A0C91BC942}") = "TKShHealing", "TKShHealing.vcxproj", "{9DD51C31-00F4-0F8C-1492-1832E1B464CD}"
	ProjectSection(ProjectDependencies) = postProject
		{622354DF-06AD-035F-05F5-8262AE1C9055} = {622354DF-06AD-035F-05F5-8262AE1C9055}
		{F025B883-0CD3-0D6D-1674-DC0A3D246116} = {F025B883-0CD3-0D6D-1674-DC0A3D246116}
	EndProjectSection
EndProject
Project("{8BC9CEB8-8B4A-11D0-8D11-00A0C91BC942}") = "TKBO", "TKBO.vcxproj", "{45FBB709-0B80-0C75-1005-C77A9140069D}"
	ProjectSection(ProjectDependencies) = postProject
		{622354DF-06AD-035F-05F5-8262AE1C9055} = {622354DF-06AD-035F-05F5-8262AE1C9055}
		{F025B883-0CD3-0D6D-1674-DC0A3D246116} = {F025B883-0CD3-0D6D-1674-DC0A3D246116}
		{47D6AA35-0E7B-1952-0498-6820AD397CA3} = {47D6AA35-0E7B-1952-0498-6820AD397CA3}
		{9DD51C31-00F4-0F8C-1492-1832E1B464CD} = {9DD51C31-00F4-0F8C-1492-1832E1B464CD}
	EndProjectSection
EndProject
Project("{8BC9CEB8-8B4A-11D0-8D11-00A0C91BC942}") = "TKMesh", "TKMesh.vcxproj", "{725BB54E-038D-0565-098A-17B35C0095FE}"
	ProjectSection(ProjectDependencies) = postProject
		{622354DF-06AD-035F-05F5-8262AE1C9055} = {622354DF-06AD-035F-05F5-8262AE1C9055}
		{9DD51C31-00F4-0F8C-1492-1832E1B464CD} = {9DD51C31-00F4-0F8C-1492-1832E1B464CD}
	EndProjectSection
EndProject
Project("{8BC9CEB8-8B4A-11D0-8D11-00A0C91BC942}") = "TKBool", "TKBool.vcxproj", "{7796CF64-078A-0127-12B5-824CEF88E6DD}"
	ProjectSection(ProjectDependencies) = postProject
		{622354DF-06AD-035F-05F5-8262AE1C9055} = {622354DF-06AD-035F-05F5-8262AE1C9055}
		{47D6AA35-0E7B-1952-0498-6820AD397CA3} = {47D6AA35-0E7B-1952-0498-6820AD397CA3}
		{9DD51C31-00F4-0F8C-1492-1832E1B464CD} = {9DD51C31-00F4-0F8C-1492-1832E1B464CD}
		{F025B883-0CD3-0D6D-1674-DC0A3D246116} = {F025B883-0CD3-0D6D-1674-DC0A3D246116}
		{45FBB709-0B80-0C75-1005-C77A9140069D} = {45FBB709-0B80-0C75-1005-C77A9140069D}
	EndProjectSection
EndProject
Project("{8BC9CEB8-8B4A-11D0-8D11-00A0C91BC942}") = "TKXMesh", "TKXMesh.vcxproj", "{ECD199CB-01F9-0467-07DF-0343A84F0826}"
	ProjectSection(ProjectDependencies) = postProject
		{725BB54E-038D-0565-098A-17B35C0095FE} = {725BB54E-038D-0565-098A-17B35C0095FE}
	EndProjectSection
EndProject
Project("{8BC9CEB8-8B4A-11D0-8D11-00A0C91BC942}") = "TKFillet", "TKFillet.vcxproj", "{A00655AF-0D95-02F8-09AE-35A2FA5EF95A}"
	ProjectSection(ProjectDependencies) = postProject
		{F025B883-0CD3-0D6D-1674-DC0A3D246116} = {F025B883-0CD3-0D6D-1674-DC0A3D246116}
		{622354DF-06AD-035F-05F5-8262AE1C9055} = {622354DF-06AD-035F-05F5-8262AE1C9055}
		{7796CF64-078A-0127-12B5-824CEF88E6DD} = {7796CF64-078A-0127-12B5-824CEF88E6DD}
		{9DD51C31-00F4-0F8C-1492-1832E1B464CD} = {9DD51C31-00F4-0F8C-1492-1832E1B464CD}
		{45FBB709-0B80-0C75-1005-C77A9140069D} = {45FBB709-0B80-0C75-1005-C77A9140069D}
	EndProjectSection
EndProject
Project("{8BC9CEB8-8B4A-11D0-8D11-00A0C91BC942}") = "TKFeat", "TKFeat.vcxproj", "{44C0EFFD-0E98-10A7-07A8-C89D57D1F28C}"
	ProjectSection(ProjectDependencies) = postProject
		{622354DF-06AD-035F-05F5-8262AE1C9055} = {622354DF-06AD-035F-05F5-8262AE1C9055}
		{F025B883-0CD3-0D6D-1674-DC0A3D246116} = {F025B883-0CD3-0D6D-1674-DC0A3D246116}
		{47D6AA35-0E7B-1952-0498-6820AD397CA3} = {47D6AA35-0E7B-1952-0498-6820AD397CA3}
		{45FBB709-0B80-0C75-1005-C77A9140069D} = {45FBB709-0B80-0C75-1005-C77A9140069D}
		{7796CF64-078A-0127-12B5-824CEF88E6DD} = {7796CF64-078A-0127-12B5-824CEF88E6DD}
		{9DD51C31-00F4-0F8C-1492-1832E1B464CD} = {9DD51C31-00F4-0F8C-1492-1832E1B464CD}
	EndProjectSection
EndProject
Project("{8BC9CEB8-8B4A-11D0-8D11-00A0C91BC942}") = "TKOffset", "TKOffset.vcxproj", "{8AFA10C2-11B7-186D-0EA1-5C2404409C70}"
	ProjectSection(ProjectDependencies) = postProject
		{A00655AF-0D95-02F8-09AE-35A2FA5EF95A} = {A00655AF-0D95-02F8-09AE-35A2FA5EF95A}
		{622354DF-06AD-035F-05F5-8262AE1C9055} = {622354DF-06AD-035F-05F5-8262AE1C9055}
		{F025B883-0CD3-0D6D-1674-DC0A3D246116} = {F025B883-0CD3-0D6D-1674-DC0A3D246116}
		{9DD51C31-00F4-0F8C-1492-1832E1B464CD} = {9DD51C31-00F4-0F8C-1492-1832E1B464CD}
		{45FBB709-0B80-0C75-1005-C77A9140069D} = {45FBB709-0B80-0C75-1005-C77A9140069D}
		{47D6AA35-0E7B-1952-0498-6820AD397CA3} = {47D6AA35-0E7B-1952-0498-6820AD397CA3}
		{7796CF64-078A-0127-12B5-824CEF88E6DD} = {7796CF64-078A-0127-12B5-824CEF88E6DD}
	EndProjectSection
EndProject
Global
	GlobalSection(SolutionConfigurationPlatforms) = preSolution
		Debug|Win32 = Debug|Win32
		Release|Win32 = Release|Win32
		Debug|x64 = Debug|x64
		Release|x64 = Release|x64
	EndGlobalSection
	GlobalSection(ProjectConfigurationPlatforms) = postSolution
		{F025B883-0CD3-0D6D-1674-DC0A3D246116}.Debug|Win32.ActiveCfg = Debug|Win32
		{F025B883-0CD3-0D6D-1674-DC0A3D246116}.Debug|Win32.Build.0 = Debug|Win32
		{F025B883-0CD3-0D6D-1674-DC0A3D246116}.Release|Win32.ActiveCfg = Release|Win32
		{F025B883-0CD3-0D6D-1674-DC0A3D246116}.Release|Win32.Build.0 = Release|Win32
		{F025B883-0CD3-0D6D-1674-DC0A3D246116}.Debug|x64.ActiveCfg = Debug|x64
		{F025B883-0CD3-0D6D-1674-DC0A3D246116}.Debug|x64.Build.0 = Debug|x64
		{F025B883-0CD3-0D6D-1674-DC0A3D246116}.Release|x64.ActiveCfg = Release|x64
		{F025B883-0CD3-0D6D-1674-DC0A3D246116}.Release|x64.Build.0 = Release|x64
		{622354DF-06AD-035F-05F5-8262AE1C9055}.Debug|Win32.ActiveCfg = Debug|Win32
		{622354DF-06AD-035F-05F5-8262AE1C9055}.Debug|Win32.Build.0 = Debug|Win32
		{622354DF-06AD-035F-05F5-8262AE1C9055}.Release|Win32.ActiveCfg = Release|Win32
		{622354DF-06AD-035F-05F5-8262AE1C9055}.Release|Win32.Build.0 = Release|Win32
		{622354DF-06AD-035F-05F5-8262AE1C9055}.Debug|x64.ActiveCfg = Debug|x64
		{622354DF-06AD-035F-05F5-8262AE1C9055}.Debug|x64.Build.0 = Debug|x64
		{622354DF-06AD-035F-05F5-8262AE1C9055}.Release|x64.ActiveCfg = Release|x64
		{622354DF-06AD-035F-05F5-8262AE1C9055}.Release|x64.Build.0 = Release|x64
		{47D6AA35-0E7B-1952-0498-6820AD397CA3}.Debug|Win32.ActiveCfg = Debug|Win32
		{47D6AA35-0E7B-1952-0498-6820AD397CA3}.Debug|Win32.Build.0 = Debug|Win32
		{47D6AA35-0E7B-1952-0498-6820AD397CA3}.Release|Win32.ActiveCfg = Release|Win32
		{47D6AA35-0E7B-1952-0498-6820AD397CA3}.Release|Win32.Build.0 = Release|Win32
		{47D6AA35-0E7B-1952-0498-6820AD397CA3}.Debug|x64.ActiveCfg = Debug|x64
		{47D6AA35-0E7B-1952-0498-6820AD397CA3}.Debug|x64.Build.0 = Debug|x64
		{47D6AA35-0E7B-1952-0498-6820AD397CA3}.Release|x64.ActiveCfg = Release|x64
		{47D6AA35-0E7B-1952-0498-6820AD397CA3}.Release|x64.Build.0 = Release|x64
		{25D76706-01DF-0E5F-00D0-1EBA2B507E73}.Debug|Win32.ActiveCfg = Debug|Win32
		{25D76706-01DF-0E5F-00D0-1EBA2B507E73}.Debug|Win32.Build.0 = Debug|Win32
		{25D76706-01DF-0E5F-00D0-1EBA2B507E73}.Release|Win32.ActiveCfg = Release|Win32
		{25D76706-01DF-0E5F-00D0-1EBA2B507E73}.Release|Win32.Build.0 = Release|Win32
		{25D76706-01DF-0E5F-00D0-1EBA2B507E73}.Debug|x64.ActiveCfg = Debug|x64
		{25D76706-01DF-0E5F-00D0-1EBA2B507E73}.Debug|x64.Build.0 = Debug|x64
		{25D76706-01DF-0E5F-00D0-1EBA2B507E73}.Release|x64.ActiveCfg = Release|x64
		{25D76706-01DF-0E5F-00D0-1EBA2B507E73}.Release|x64.Build.0 = Release|x64
		{9DD51C31-00F4-0F8C-1492-1832E1B464CD}.Debug|Win32.ActiveCfg = Debug|Win32
		{9DD51C31-00F4-0F8C-1492-1832E1B464CD}.Debug|Win32.Build.0 = Debug|Win32
		{9DD51C31-00F4-0F8C-1492-1832E1B464CD}.Release|Win32.ActiveCfg = Release|Win32
		{9DD51C31-00F4-0F8C-1492-1832E1B464CD}.Release|Win32.Build.0 = Release|Win32
		{9DD51C31-00F4-0F8C-1492-1832E1B464CD}.Debug|x64.ActiveCfg = Debug|x64
		{9DD51C31-00F4-0F8C-1492-1832E1B464CD}.Debug|x64.Build.0 = Debug|x64
		{9DD51C31-00F4-0F8C-1492-1832E1B464CD}.Release|x64.ActiveCfg = Release|x64
		{9DD51C31-00F4-0F8C-1492-1832E1B464CD}.Release|x64.Build.0 = Release|x64
		{45FBB709-0B80-0C75-1005-C77A9140069D}.Debug|Win32.ActiveCfg = Debug|Win32
		{45FBB709-0B80-0C75-1005-C77A9140069D}.Debug|Win32.Build.0 = Debug|Win32
		{45FBB709-0B80-0C75-1005-C77A9140069D}.Release|Win32.ActiveCfg = Release|Win32
		{45FBB709-0B80-0C75-1005-C77A9140069D}.Release|Win32.Build.0 = Release|Win32
		{45FBB709-0B80-0C75-1005-C77A9140069D}.Debug|x64.ActiveCfg = Debug|x64
		{45FBB709-0B80-0C75-1005-C77A9140069D}.Debug|x64.Build.0 = Debug|x64
		{45FBB709-0B80-0C75-1005-C77A9140069D}.Release|x64.ActiveCfg = Release|x64
		{45FBB709-0B80-0C75-1005-C77A9140069D}.Release|x64.Build.0 = Release|x64
		{725BB54E-038D-0565-098A-17B35C0095FE}.Debug|Win32.ActiveCfg = Debug|Win32
		{725BB54E-038D-0565-098A-17B35C0095FE}.Debug|Win32.Build.0 = Debug|Win32
		{725BB54E-038D-0565-098A-17B35C0095FE}.Release|Win32.ActiveCfg = Release|Win32
		{725BB54E-038D-0565-098A-17B35C0095FE}.Release|Win32.Build.0 = Release|Win32
		{725BB54E-038D-0565-098A-17B35C0095FE}.Debug|x64.ActiveCfg = Debug|x64
		{725BB54E-038D-0565-098A-17B35C0095FE}.Debug|x64.Build.0 = Debug|x64
		{725BB54E-038D-0565-098A-17B35C0095FE}.Release|x64.ActiveCfg = Release|x64
		{725BB54E-038D-0565-098A-17B35C0095FE}.Release|x64.Build.0 = Release|x64
		{7796CF64-078A-0127-12B5-824CEF88E6DD}.Debug|Win32.ActiveCfg = Debug|Win32
		{7796CF64-078A-0127-12B5-824CEF88E6DD}.Debug|Win32.Build.0 = Debug|Win32
		{7796CF64-078A-0127-12B5-824CEF88E6DD}.Release|Win32.ActiveCfg = Release|Win32
		{7796CF64-078A-0127-12B5-824CEF88E6DD}.Release|Win32.Build.0 = Release|Win32
		{7796CF64-078A-0127-12B5-824CEF88E6DD}.Debug|x64.ActiveCfg = Debug|x64
		{7796CF64-078A-0127-12B5-824CEF88E6DD}.Debug|x64.Build.0 = Debug|x64
		{7796CF64-078A-0127-12B5-824CEF88E6DD}.Release|x64.ActiveCfg = Release|x64
		{7796CF64-078A-0127-12B5-824CEF88E6DD}.Release|x64.Build.0 = Release|x64
		{ECD199CB-01F9-0467-07DF-0343A84F0826}.Debug|Win32.ActiveCfg = Debug|Win32
		{ECD199CB-01F9-0467-07DF-0343A84F0826}.Debug|Win32.Build.0 = Debug|Win32
		{ECD199CB-01F9-0467-07DF-0343A84F0826}.Release|Win32.ActiveCfg = Release|Win32
		{ECD199CB-01F9-0467-07DF-0343A84F0826}.Release|Win32.Build.0 = Release|Win32
		{ECD199CB-01F9-0467-07DF-0343A84F0826}.Debug|x64.ActiveCfg = Debug|x64
		{ECD199CB-01F9-0467-07DF-0343A84F0826}.Debug|x64.Build.0 = Debug|x64
		{ECD199CB-01F9-0467-07DF-0343A84F0826}.Release|x64.ActiveCfg = Release|x64
		{ECD199CB-01F9-0467-07DF-0343A84F0826}.Release|x64.Build.0 = Release|x64
		{A00655AF-0D95-02F8-09AE-35A2FA5EF95A}.Debug|Win32.ActiveCfg = Debug|Win32
		{A00655AF-0D95-02F8-09AE-35A2FA5EF95A}.Debug|Win32.Build.0 = Debug|Win32
		{A00655AF-0D95-02F8-09AE-35A2FA5EF95A}.Release|Win32.ActiveCfg = Release|Win32
		{A00655AF-0D95-02F8-09AE-35A2FA5EF95A}.Release|Win32.Build.0 = Release|Win32
		{A00655AF-0D95-02F8-09AE-35A2FA5EF95A}.Debug|x64.ActiveCfg = Debug|x64
		{A00655AF-0D95-02F8-09AE-35A2FA5EF95A}.Debug|x64.Build.0 = Debug|x64
		{A00655AF-0D95-02F8-09AE-35A2FA5EF95A}.Release|x64.ActiveCfg = Release|x64
		{A00655AF-0D95-02F8-09AE-35A2FA5EF95A}.Release|x64.Build.0 = Release|x64
		{44C0EFFD-0E98-10A7-07A8-C89D57D1F28C}.Debug|Win32.ActiveCfg = Debug|Win32
		{44C0EFFD-0E98-10A7-07A8-C89D57D1F28C}.Debug|Win32.Build.0 = Debug|Win32
		{44C0EFFD-0E98-10A7-07A8-C89D57D1F28C}.Release|Win32.ActiveCfg = Release|Win32
		{44C0EFFD-0E98-10A7-07A8-C89D57D1F28C}.Release|Win32.Build.0 = Release|Win32
		{44C0EFFD-0E98-10A7-07A8-C89D57D1F28C}.Debug|x64.ActiveCfg = Debug|x64
		{44C0EFFD-0E98-10A7-07A8-C89D57D1F28C}.Debug|x64.Build.0 = Debug|x64
		{44C0EFFD-0E98-10A7-07A8-C89D57D1F28C}.Release|x64.ActiveCfg = Release|x64
		{44C0EFFD-0E98-10A7-07A8-C89D57D1F28C}.Release|x64.Build.0 = Release|x64
		{8AFA10C2-11B7-186D-0EA1-5C2404409C70}.Debug|Win32.ActiveCfg = Debug|Win32
		{8AFA10C2-11B7-186D-0EA1-5C2404409C70}.Debug|Win32.Build.0 = Debug|Win32
		{8AFA10C2-11B7-186D-0EA1-5C2404409C70}.Release|Win32.ActiveCfg = Release|Win32
		{8AFA10C2-11B7-186D-0EA1-5C2404409C70}.Release|Win32.Build.0 = Release|Win32
		{8AFA10C2-11B7-186D-0EA1-5C2404409C70}.Debug|x64.ActiveCfg = Debug|x64
		{8AFA10C2-11B7-186D-0EA1-5C2404409C70}.Debug|x64.Build.0 = Debug|x64
		{8AFA10C2-11B7-186D-0EA1-5C2404409C70}.Release|x64.ActiveCfg = Release|x64
		{8AFA10C2-11B7-186D-0EA1-5C2404409C70}.Release|x64.Build.0 = Release|x64
	EndGlobalSection
	GlobalSection(SolutionProperties) = preSolution
		HideSolutionNode = FALSE
	EndGlobalSection
EndGlobal
