<?xml version="1.0" encoding="utf-8"?>
<Project ToolsVersion="4.0" xmlns="http://schemas.microsoft.com/developer/msbuild/2003">
  <ItemGroup>
    <Filter Include="Source files">
      <UniqueIdentifier>{A84B6E0F-1515-18EB-038B-DA602ADF8EDE}</UniqueIdentifier>
    </Filter>
    <Filter Include="Header files">
      <UniqueIdentifier>{1CA9E34D-02E5-132C-04AF-382EB4824948}</UniqueIdentifier>
    </Filter>
    <Filter Include="Source files\D3DHostTest">
      <UniqueIdentifier>{993607BA-0990-09DB-1013-90693AEC9708}</UniqueIdentifier>
    </Filter>
    <Filter Include="Header files\D3DHostTest">
      <UniqueIdentifier>{AFA0A505-1694-00B7-13DA-807BC73E8529}</UniqueIdentifier>
    </Filter>
  </ItemGroup>
  <ItemGroup>
    <ClCompile Include="..\..\..\src\D3DHostTest\D3DHostTest.cxx">
      <Filter>Source files\D3DHostTest</Filter>
    </ClCompile>
  </ItemGroup>
  <ItemGroup>
    <ClInclude Include="..\..\..\src\D3DHostTest\D3DHostTest.hxx">
      <Filter>Header files\D3DHostTest</Filter>
    </ClInclude>
  </ItemGroup>
  <ItemGroup>
    <ResourceCompile Include="TKD3DHostTest.rc" />
  </ItemGroup>
</Project>
