<?xml version="1.0" encoding="utf-8"?>
<Project ToolsVersion="4.0" xmlns="http://schemas.microsoft.com/developer/msbuild/2003">
  <ItemGroup>
    <Filter Include="Source files">
      <UniqueIdentifier>{B6251163-0716-143D-12BA-64FD7D3E3571}</UniqueIdentifier>
    </Filter>
    <Filter Include="Header files">
      <UniqueIdentifier>{269E40A5-13DC-0A0F-0F4E-D14FFFDB1642}</UniqueIdentifier>
    </Filter>
    <Filter Include="Source files\OpenGlTest">
      <UniqueIdentifier>{927CD604-01E4-12FB-10EA-9F21EC6C364D}</UniqueIdentifier>
    </Filter>
    <Filter Include="Header files\OpenGlTest">
      <UniqueIdentifier>{613A9634-0DA3-04AA-0A08-7C7CE7EC21F0}</UniqueIdentifier>
    </Filter>
  </ItemGroup>
  <ItemGroup>
    <ClCompile Include="..\..\..\src\OpenGlTest\OpenGlTest.cxx">
      <Filter>Source files\OpenGlTest</Filter>
    </ClCompile>
    <ClCompile Include="..\..\..\src\OpenGlTest\OpenGlTest_Commands.cxx">
      <Filter>Source files\OpenGlTest</Filter>
    </ClCompile>
  </ItemGroup>
  <ItemGroup>
    <ClInclude Include="..\..\..\src\OpenGlTest\OpenGlTest.hxx">
      <Filter>Header files\OpenGlTest</Filter>
    </ClInclude>
  </ItemGroup>
  <ItemGroup>
    <ResourceCompile Include="TKOpenGlTest.rc" />
  </ItemGroup>
</Project>
