<?xml version="1.0" encoding="utf-8"?>
<Project ToolsVersion="4.0" xmlns="http://schemas.microsoft.com/developer/msbuild/2003">
  <ItemGroup>
    <Filter Include="Source files">
      <UniqueIdentifier>{2B86E26A-1445-0C0F-08D5-71E225B5EE71}</UniqueIdentifier>
    </Filter>
    <Filter Include="Header files">
      <UniqueIdentifier>{394C777C-0A3A-0020-1516-8DF3756AB9E6}</UniqueIdentifier>
    </Filter>
    <Filter Include="Source files\TObjDRAW">
      <UniqueIdentifier>{D2BD3468-0DDC-022A-18F5-D455E452F878}</UniqueIdentifier>
    </Filter>
    <Filter Include="Header files\TObjDRAW">
      <UniqueIdentifier>{369CCF17-0B94-0265-14A5-6BF8678153BF}</UniqueIdentifier>
    </Filter>
  </ItemGroup>
  <ItemGroup>
    <ClCompile Include="..\..\..\src\TObjDRAW\TObjDRAW.cxx">
      <Filter>Source files\TObjDRAW</Filter>
    </ClCompile>
  </ItemGroup>
  <ItemGroup>
    <ClInclude Include="..\..\..\src\TObjDRAW\TObjDRAW.hxx">
      <Filter>Header files\TObjDRAW</Filter>
    </ClInclude>
  </ItemGroup>
  <ItemGroup>
    <ResourceCompile Include="TKTObjDRAW.rc" />
  </ItemGroup>
</Project>
