<?xml version="1.0" encoding="utf-8"?>
<Project ToolsVersion="4.0" xmlns="http://schemas.microsoft.com/developer/msbuild/2003">
  <ItemGroup>
    <Filter Include="Source files">
      <UniqueIdentifier>{08E2DB76-15FC-0FD3-179E-1D2DA29EEF75}</UniqueIdentifier>
    </Filter>
    <Filter Include="Header files">
      <UniqueIdentifier>{7AF3E002-0807-0E5F-0513-E679101632EE}</UniqueIdentifier>
    </Filter>
    <Filter Include="Source files\XmlXCAFDrivers">
      <UniqueIdentifier>{69CDC534-1715-12ED-0614-BB56752949DC}</UniqueIdentifier>
    </Filter>
    <Filter Include="Source files\XmlMXCAFDoc">
      <UniqueIdentifier>{B02BEFF1-032E-1115-0F0F-9391572B1D6A}</UniqueIdentifier>
    </Filter>
    <Filter Include="Header files\XmlXCAFDrivers">
      <UniqueIdentifier>{985ADC87-0A9F-06C2-0AEE-D76EEBB31D4C}</UniqueIdentifier>
    </Filter>
    <Filter Include="Header files\XmlMXCAFDoc">
      <UniqueIdentifier>{48A3EBE0-06B5-0E47-0239-FEFBF04E4B9C}</UniqueIdentifier>
    </Filter>
  </ItemGroup>
  <ItemGroup>
    <ClCompile Include="..\..\..\src\XmlXCAFDrivers\XmlXCAFDrivers.cxx">
      <Filter>Source files\XmlXCAFDrivers</Filter>
    </ClCompile>
    <ClCompile Include="..\..\..\src\XmlXCAFDrivers\XmlXCAFDrivers_DocumentRetrievalDriver.cxx">
      <Filter>Source files\XmlXCAFDrivers</Filter>
    </ClCompile>
    <ClCompile Include="..\..\..\src\XmlXCAFDrivers\XmlXCAFDrivers_DocumentStorageDriver.cxx">
      <Filter>Source files\XmlXCAFDrivers</Filter>
    </ClCompile>
    <ClCompile Include="..\..\..\src\XmlMXCAFDoc\XmlMXCAFDoc.cxx">
      <Filter>Source files\XmlMXCAFDoc</Filter>
    </ClCompile>
    <ClCompile Include="..\..\..\src\XmlMXCAFDoc\XmlMXCAFDoc_AssemblyItemRefDriver.cxx">
      <Filter>Source files\XmlMXCAFDoc</Filter>
    </ClCompile>
    <ClCompile Include="..\..\..\src\XmlMXCAFDoc\XmlMXCAFDoc_CentroidDriver.cxx">
      <Filter>Source files\XmlMXCAFDoc</Filter>
    </ClCompile>
    <ClCompile Include="..\..\..\src\XmlMXCAFDoc\XmlMXCAFDoc_ColorDriver.cxx">
      <Filter>Source files\XmlMXCAFDoc</Filter>
    </ClCompile>
    <ClCompile Include="..\..\..\src\XmlMXCAFDoc\XmlMXCAFDoc_DatumDriver.cxx">
      <Filter>Source files\XmlMXCAFDoc</Filter>
    </ClCompile>
    <ClCompile Include="..\..\..\src\XmlMXCAFDoc\XmlMXCAFDoc_DimTolDriver.cxx">
      <Filter>Source files\XmlMXCAFDoc</Filter>
    </ClCompile>
    <ClCompile Include="..\..\..\src\XmlMXCAFDoc\XmlMXCAFDoc_GraphNodeDriver.cxx">
      <Filter>Source files\XmlMXCAFDoc</Filter>
    </ClCompile>
    <ClCompile Include="..\..\..\src\XmlMXCAFDoc\XmlMXCAFDoc_LengthUnitDriver.cxx">
      <Filter>Source files\XmlMXCAFDoc</Filter>
    </ClCompile>
    <ClCompile Include="..\..\..\src\XmlMXCAFDoc\XmlMXCAFDoc_LocationDriver.cxx">
      <Filter>Source files\XmlMXCAFDoc</Filter>
    </ClCompile>
    <ClCompile Include="..\..\..\src\XmlMXCAFDoc\XmlMXCAFDoc_MaterialDriver.cxx">
      <Filter>Source files\XmlMXCAFDoc</Filter>
    </ClCompile>
    <ClCompile Include="..\..\..\src\XmlMXCAFDoc\XmlMXCAFDoc_NoteBinDataDriver.cxx">
      <Filter>Source files\XmlMXCAFDoc</Filter>
    </ClCompile>
    <ClCompile Include="..\..\..\src\XmlMXCAFDoc\XmlMXCAFDoc_NoteCommentDriver.cxx">
      <Filter>Source files\XmlMXCAFDoc</Filter>
    </ClCompile>
    <ClCompile Include="..\..\..\src\XmlMXCAFDoc\XmlMXCAFDoc_NoteDriver.cxx">
      <Filter>Source files\XmlMXCAFDoc</Filter>
    </ClCompile>
    <ClCompile Include="..\..\..\src\XmlMXCAFDoc\XmlMXCAFDoc_VisMaterialDriver.cxx">
      <Filter>Source files\XmlMXCAFDoc</Filter>
    </ClCompile>
    <ClCompile Include="..\..\..\src\XmlMXCAFDoc\XmlMXCAFDoc_VisMaterialToolDriver.cxx">
      <Filter>Source files\XmlMXCAFDoc</Filter>
    </ClCompile>
  </ItemGroup>
  <ItemGroup>
    <ClInclude Include="..\..\..\src\XmlXCAFDrivers\XmlXCAFDrivers.hxx">
      <Filter>Header files\XmlXCAFDrivers</Filter>
    </ClInclude>
    <ClInclude Include="..\..\..\src\XmlXCAFDrivers\XmlXCAFDrivers_DocumentRetrievalDriver.hxx">
      <Filter>Header files\XmlXCAFDrivers</Filter>
    </ClInclude>
    <ClInclude Include="..\..\..\src\XmlXCAFDrivers\XmlXCAFDrivers_DocumentStorageDriver.hxx">
      <Filter>Header files\XmlXCAFDrivers</Filter>
    </ClInclude>
    <ClInclude Include="..\..\..\src\XmlMXCAFDoc\XmlMXCAFDoc.hxx">
      <Filter>Header files\XmlMXCAFDoc</Filter>
    </ClInclude>
    <ClInclude Include="..\..\..\src\XmlMXCAFDoc\XmlMXCAFDoc_AssemblyItemRefDriver.hxx">
      <Filter>Header files\XmlMXCAFDoc</Filter>
    </ClInclude>
    <ClInclude Include="..\..\..\src\XmlMXCAFDoc\XmlMXCAFDoc_CentroidDriver.hxx">
      <Filter>Header files\XmlMXCAFDoc</Filter>
    </ClInclude>
    <ClInclude Include="..\..\..\src\XmlMXCAFDoc\XmlMXCAFDoc_ColorDriver.hxx">
      <Filter>Header files\XmlMXCAFDoc</Filter>
    </ClInclude>
    <ClInclude Include="..\..\..\src\XmlMXCAFDoc\XmlMXCAFDoc_DatumDriver.hxx">
      <Filter>Header files\XmlMXCAFDoc</Filter>
    </ClInclude>
    <ClInclude Include="..\..\..\src\XmlMXCAFDoc\XmlMXCAFDoc_DimTolDriver.hxx">
      <Filter>Header files\XmlMXCAFDoc</Filter>
    </ClInclude>
    <ClInclude Include="..\..\..\src\XmlMXCAFDoc\XmlMXCAFDoc_GraphNodeDriver.hxx">
      <Filter>Header files\XmlMXCAFDoc</Filter>
    </ClInclude>
    <ClInclude Include="..\..\..\src\XmlMXCAFDoc\XmlMXCAFDoc_LengthUnitDriver.hxx">
      <Filter>Header files\XmlMXCAFDoc</Filter>
    </ClInclude>
    <ClInclude Include="..\..\..\src\XmlMXCAFDoc\XmlMXCAFDoc_LocationDriver.hxx">
      <Filter>Header files\XmlMXCAFDoc</Filter>
    </ClInclude>
    <ClInclude Include="..\..\..\src\XmlMXCAFDoc\XmlMXCAFDoc_LocationDriver.lxx">
      <Filter>Header files\XmlMXCAFDoc</Filter>
    </ClInclude>
    <ClInclude Include="..\..\..\src\XmlMXCAFDoc\XmlMXCAFDoc_MaterialDriver.hxx">
      <Filter>Header files\XmlMXCAFDoc</Filter>
    </ClInclude>
    <ClInclude Include="..\..\..\src\XmlMXCAFDoc\XmlMXCAFDoc_NoteBinDataDriver.hxx">
      <Filter>Header files\XmlMXCAFDoc</Filter>
    </ClInclude>
    <ClInclude Include="..\..\..\src\XmlMXCAFDoc\XmlMXCAFDoc_NoteCommentDriver.hxx">
      <Filter>Header files\XmlMXCAFDoc</Filter>
    </ClInclude>
    <ClInclude Include="..\..\..\src\XmlMXCAFDoc\XmlMXCAFDoc_NoteDriver.hxx">
      <Filter>Header files\XmlMXCAFDoc</Filter>
    </ClInclude>
    <ClInclude Include="..\..\..\src\XmlMXCAFDoc\XmlMXCAFDoc_VisMaterialDriver.hxx">
      <Filter>Header files\XmlMXCAFDoc</Filter>
    </ClInclude>
    <ClInclude Include="..\..\..\src\XmlMXCAFDoc\XmlMXCAFDoc_VisMaterialToolDriver.hxx">
      <Filter>Header files\XmlMXCAFDoc</Filter>
    </ClInclude>
  </ItemGroup>
  <ItemGroup>
    <ResourceCompile Include="TKXmlXCAF.rc" />
  </ItemGroup>
</Project>
