Microsoft Visual Studio Solution File, Format Version 12.00
# Visual Studio 14
Project("{8BC9CEB8-8B4A-11D0-8D11-00A0C91BC942}") = "TKService", "TKService.vcxproj", "{77D52ED4-07C5-0FFF-0250-B460411B86BF}"
EndProject
Project("{8BC9CEB8-8B4A-11D0-8D11-00A0C91BC942}") = "TKV3d", "TKV3d.vcxproj", "{2B8A11C7-0350-0C7A-12F8-4BBF860B03E6}"
	ProjectSection(ProjectDependencies) = postProject
		{77D52ED4-07C5-0FFF-0250-B460411B86BF} = {77D52ED4-07C5-0FFF-0250-B460411B86BF}
	EndProjectSection
EndProject
Project("{8BC9CEB8-8B4A-11D0-8D11-00A0C91BC942}") = "TKOpenGl", "TKOpenGl.vcxproj", "{2D23D6D8-054E-00D9-045C-009E589BAF34}"
	ProjectSection(ProjectDependencies) = postProject
		{77D52ED4-07C5-0FFF-0250-B460411B86BF} = {77D52ED4-07C5-0FFF-0250-B460411B86BF}
	EndProjectSection
EndProject
Project("{8BC9CEB8-8B4A-11D0-8D11-00A0C91BC942}") = "TKMeshVS", "TKMeshVS.vcxproj", "{0B944353-0778-0F6A-0AC5-27715D83C69A}"
	ProjectSection(ProjectDependencies) = postProject
		{2B8A11C7-0350-0C7A-12F8-4BBF860B03E6} = {2B8A11C7-0350-0C7A-12F8-4BBF860B03E6}
		{77D52ED4-07C5-0FFF-0250-B460411B86BF} = {77D52ED4-07C5-0FFF-0250-B460411B86BF}
	EndProjectSection
EndProject
Project("{8BC9CEB8-8B4A-11D0-8D11-00A0C91BC942}") = "TKIVtk", "TKIVtk.vcxproj", "{63B71618-139A-16B9-0E29-ECA6ACB26837}"
	ProjectSection(ProjectDependencies) = postProject
		{77D52ED4-07C5-0FFF-0250-B460411B86BF} = {77D52ED4-07C5-0FFF-0250-B460411B86BF}
		{2B8A11C7-0350-0C7A-12F8-4BBF860B03E6} = {2B8A11C7-0350-0C7A-12F8-4BBF860B03E6}
	EndProjectSection
EndProject
Project("{8BC9CEB8-8B4A-11D0-8D11-00A0C91BC942}") = "TKD3DHost", "TKD3DHost.vcxproj", "{D80636C7-0137-0875-1204-AB4C8F2F7054}"
	ProjectSection(ProjectDependencies) = postProject
		{77D52ED4-07C5-0FFF-0250-B460411B86BF} = {77D52ED4-07C5-0FFF-0250-B460411B86BF}
		{2B8A11C7-0350-0C7A-12F8-4BBF860B03E6} = {2B8A11C7-0350-0C7A-12F8-4BBF860B03E6}
		{2D23D6D8-054E-00D9-045C-009E589BAF34} = {2D23D6D8-054E-00D9-045C-009E589BAF34}
	EndProjectSection
EndProject
Global
	GlobalSection(SolutionConfigurationPlatforms) = preSolution
		Debug|Win32 = Debug|Win32
		Release|Win32 = Release|Win32
		Debug|x64 = Debug|x64
		Release|x64 = Release|x64
	EndGlobalSection
	GlobalSection(ProjectConfigurationPlatforms) = postSolution
		{77D52ED4-07C5-0FFF-0250-B460411B86BF}.Debug|Win32.ActiveCfg = Debug|Win32
		{77D52ED4-07C5-0FFF-0250-B460411B86BF}.Debug|Win32.Build.0 = Debug|Win32
		{77D52ED4-07C5-0FFF-0250-B460411B86BF}.Release|Win32.ActiveCfg = Release|Win32
		{77D52ED4-07C5-0FFF-0250-B460411B86BF}.Release|Win32.Build.0 = Release|Win32
		{77D52ED4-07C5-0FFF-0250-B460411B86BF}.Debug|x64.ActiveCfg = Debug|x64
		{77D52ED4-07C5-0FFF-0250-B460411B86BF}.Debug|x64.Build.0 = Debug|x64
		{77D52ED4-07C5-0FFF-0250-B460411B86BF}.Release|x64.ActiveCfg = Release|x64
		{77D52ED4-07C5-0FFF-0250-B460411B86BF}.Release|x64.Build.0 = Release|x64
		{2B8A11C7-0350-0C7A-12F8-4BBF860B03E6}.Debug|Win32.ActiveCfg = Debug|Win32
		{2B8A11C7-0350-0C7A-12F8-4BBF860B03E6}.Debug|Win32.Build.0 = Debug|Win32
		{2B8A11C7-0350-0C7A-12F8-4BBF860B03E6}.Release|Win32.ActiveCfg = Release|Win32
		{2B8A11C7-0350-0C7A-12F8-4BBF860B03E6}.Release|Win32.Build.0 = Release|Win32
		{2B8A11C7-0350-0C7A-12F8-4BBF860B03E6}.Debug|x64.ActiveCfg = Debug|x64
		{2B8A11C7-0350-0C7A-12F8-4BBF860B03E6}.Debug|x64.Build.0 = Debug|x64
		{2B8A11C7-0350-0C7A-12F8-4BBF860B03E6}.Release|x64.ActiveCfg = Release|x64
		{2B8A11C7-0350-0C7A-12F8-4BBF860B03E6}.Release|x64.Build.0 = Release|x64
		{2D23D6D8-054E-00D9-045C-009E589BAF34}.Debug|Win32.ActiveCfg = Debug|Win32
		{2D23D6D8-054E-00D9-045C-009E589BAF34}.Debug|Win32.Build.0 = Debug|Win32
		{2D23D6D8-054E-00D9-045C-009E589BAF34}.Release|Win32.ActiveCfg = Release|Win32
		{2D23D6D8-054E-00D9-045C-009E589BAF34}.Release|Win32.Build.0 = Release|Win32
		{2D23D6D8-054E-00D9-045C-009E589BAF34}.Debug|x64.ActiveCfg = Debug|x64
		{2D23D6D8-054E-00D9-045C-009E589BAF34}.Debug|x64.Build.0 = Debug|x64
		{2D23D6D8-054E-00D9-045C-009E589BAF34}.Release|x64.ActiveCfg = Release|x64
		{2D23D6D8-054E-00D9-045C-009E589BAF34}.Release|x64.Build.0 = Release|x64
		{0B944353-0778-0F6A-0AC5-27715D83C69A}.Debug|Win32.ActiveCfg = Debug|Win32
		{0B944353-0778-0F6A-0AC5-27715D83C69A}.Debug|Win32.Build.0 = Debug|Win32
		{0B944353-0778-0F6A-0AC5-27715D83C69A}.Release|Win32.ActiveCfg = Release|Win32
		{0B944353-0778-0F6A-0AC5-27715D83C69A}.Release|Win32.Build.0 = Release|Win32
		{0B944353-0778-0F6A-0AC5-27715D83C69A}.Debug|x64.ActiveCfg = Debug|x64
		{0B944353-0778-0F6A-0AC5-27715D83C69A}.Debug|x64.Build.0 = Debug|x64
		{0B944353-0778-0F6A-0AC5-27715D83C69A}.Release|x64.ActiveCfg = Release|x64
		{0B944353-0778-0F6A-0AC5-27715D83C69A}.Release|x64.Build.0 = Release|x64
		{63B71618-139A-16B9-0E29-ECA6ACB26837}.Debug|Win32.ActiveCfg = Debug|Win32
		{63B71618-139A-16B9-0E29-ECA6ACB26837}.Debug|Win32.Build.0 = Debug|Win32
		{63B71618-139A-16B9-0E29-ECA6ACB26837}.Release|Win32.ActiveCfg = Release|Win32
		{63B71618-139A-16B9-0E29-ECA6ACB26837}.Release|Win32.Build.0 = Release|Win32
		{63B71618-139A-16B9-0E29-ECA6ACB26837}.Debug|x64.ActiveCfg = Debug|x64
		{63B71618-139A-16B9-0E29-ECA6ACB26837}.Debug|x64.Build.0 = Debug|x64
		{63B71618-139A-16B9-0E29-ECA6ACB26837}.Release|x64.ActiveCfg = Release|x64
		{63B71618-139A-16B9-0E29-ECA6ACB26837}.Release|x64.Build.0 = Release|x64
		{D80636C7-0137-0875-1204-AB4C8F2F7054}.Debug|Win32.ActiveCfg = Debug|Win32
		{D80636C7-0137-0875-1204-AB4C8F2F7054}.Debug|Win32.Build.0 = Debug|Win32
		{D80636C7-0137-0875-1204-AB4C8F2F7054}.Release|Win32.ActiveCfg = Release|Win32
		{D80636C7-0137-0875-1204-AB4C8F2F7054}.Release|Win32.Build.0 = Release|Win32
		{D80636C7-0137-0875-1204-AB4C8F2F7054}.Debug|x64.ActiveCfg = Debug|x64
		{D80636C7-0137-0875-1204-AB4C8F2F7054}.Debug|x64.Build.0 = Debug|x64
		{D80636C7-0137-0875-1204-AB4C8F2F7054}.Release|x64.ActiveCfg = Release|x64
		{D80636C7-0137-0875-1204-AB4C8F2F7054}.Release|x64.Build.0 = Release|x64
	EndGlobalSection
	GlobalSection(SolutionProperties) = preSolution
		HideSolutionNode = FALSE
	EndGlobalSection
EndGlobal
